
Microsoft Visual Studio Solution File, Format Version 12.00
# Visual Studio 15
VisualStudioVersion = 15.0.28010.2050
MinimumVisualStudioVersion = 10.0.40219.1
Project("{FAE04EC0-301F-11D3-BF4B-00C04F79EFBC}") = "TipoPaginaXF.Android", "TipoPaginaXF\TipoPaginaXF.Android\TipoPaginaXF.Android.csproj", "{DE1ABF86-64BB-48CA-BA27-BFBDD366CE1D}"
EndProject
Project("{FAE04EC0-301F-11D3-BF4B-00C04F79EFBC}") = "TipoPaginaXF.iOS", "TipoPaginaXF\TipoPaginaXF.iOS\TipoPaginaXF.iOS.csproj", "{75CA49CA-B9CA-43C1-AB1D-4D024FF2DA30}"
EndProject
Project("{FAE04EC0-301F-11D3-BF4B-00C04F79EFBC}") = "TipoPaginaXF.UWP", "TipoPaginaXF\TipoPaginaXF.UWP\TipoPaginaXF.UWP.csproj", "{7268BCC6-8459-4C7F-8CF8-619F2A67D999}"
EndProject
Project("{FAE04EC0-301F-11D3-BF4B-00C04F79EFBC}") = "TipoPaginaXF", "TipoPaginaXF\TipoPaginaXF\TipoPaginaXF.csproj", "{7E331A90-401D-40AF-87AE-F67DBA3888FF}"
EndProject
Global
	GlobalSection(SolutionConfigurationPlatforms) = preSolution
		Ad-Hoc|Any CPU = Ad-Hoc|Any CPU
		Ad-Hoc|ARM = Ad-Hoc|ARM
		Ad-Hoc|iPhone = Ad-Hoc|iPhone
		Ad-Hoc|iPhoneSimulator = Ad-Hoc|iPhoneSimulator
		Ad-Hoc|x64 = Ad-Hoc|x64
		Ad-Hoc|x86 = Ad-Hoc|x86
		AppStore|Any CPU = AppStore|Any CPU
		AppStore|ARM = AppStore|ARM
		AppStore|iPhone = AppStore|iPhone
		AppStore|iPhoneSimulator = AppStore|iPhoneSimulator
		AppStore|x64 = AppStore|x64
		AppStore|x86 = AppStore|x86
		Debug|Any CPU = Debug|Any CPU
		Debug|ARM = Debug|ARM
		Debug|iPhone = Debug|iPhone
		Debug|iPhoneSimulator = Debug|iPhoneSimulator
		Debug|x64 = Debug|x64
		Debug|x86 = Debug|x86
		Release|Any CPU = Release|Any CPU
		Release|ARM = Release|ARM
		Release|iPhone = Release|iPhone
		Release|iPhoneSimulator = Release|iPhoneSimulator
		Release|x64 = Release|x64
		Release|x86 = Release|x86
	EndGlobalSection
	GlobalSection(ProjectConfigurationPlatforms) = postSolution
		{DE1ABF86-64BB-48CA-BA27-BFBDD366CE1D}.Ad-Hoc|Any CPU.ActiveCfg = Release|Any CPU
		{DE1ABF86-64BB-48CA-BA27-BFBDD366CE1D}.Ad-Hoc|Any CPU.Build.0 = Release|Any CPU
		{DE1ABF86-64BB-48CA-BA27-BFBDD366CE1D}.Ad-Hoc|Any CPU.Deploy.0 = Release|Any CPU
		{DE1ABF86-64BB-48CA-BA27-BFBDD366CE1D}.Ad-Hoc|ARM.ActiveCfg = Release|Any CPU
		{DE1ABF86-64BB-48CA-BA27-BFBDD366CE1D}.Ad-Hoc|ARM.Build.0 = Release|Any CPU
		{DE1ABF86-64BB-48CA-BA27-BFBDD366CE1D}.Ad-Hoc|ARM.Deploy.0 = Release|Any CPU
		{DE1ABF86-64BB-48CA-BA27-BFBDD366CE1D}.Ad-Hoc|iPhone.ActiveCfg = Release|Any CPU
		{DE1ABF86-64BB-48CA-BA27-BFBDD366CE1D}.Ad-Hoc|iPhone.Build.0 = Release|Any CPU
		{DE1ABF86-64BB-48CA-BA27-BFBDD366CE1D}.Ad-Hoc|iPhone.Deploy.0 = Release|Any CPU
		{DE1ABF86-64BB-48CA-BA27-BFBDD366CE1D}.Ad-Hoc|iPhoneSimulator.ActiveCfg = Release|Any CPU
		{DE1ABF86-64BB-48CA-BA27-BFBDD366CE1D}.Ad-Hoc|iPhoneSimulator.Build.0 = Release|Any CPU
		{DE1ABF86-64BB-48CA-BA27-BFBDD366CE1D}.Ad-Hoc|iPhoneSimulator.Deploy.0 = Release|Any CPU
		{DE1ABF86-64BB-48CA-BA27-BFBDD366CE1D}.Ad-Hoc|x64.ActiveCfg = Release|Any CPU
		{DE1ABF86-64BB-48CA-BA27-BFBDD366CE1D}.Ad-Hoc|x64.Build.0 = Release|Any CPU
		{DE1ABF86-64BB-48CA-BA27-BFBDD366CE1D}.Ad-Hoc|x64.Deploy.0 = Release|Any CPU
		{DE1ABF86-64BB-48CA-BA27-BFBDD366CE1D}.Ad-Hoc|x86.ActiveCfg = Release|Any CPU
		{DE1ABF86-64BB-48CA-BA27-BFBDD366CE1D}.Ad-Hoc|x86.Build.0 = Release|Any CPU
		{DE1ABF86-64BB-48CA-BA27-BFBDD366CE1D}.Ad-Hoc|x86.Deploy.0 = Release|Any CPU
		{DE1ABF86-64BB-48CA-BA27-BFBDD366CE1D}.AppStore|Any CPU.ActiveCfg = Release|Any CPU
		{DE1ABF86-64BB-48CA-BA27-BFBDD366CE1D}.AppStore|Any CPU.Build.0 = Release|Any CPU
		{DE1ABF86-64BB-48CA-BA27-BFBDD366CE1D}.AppStore|Any CPU.Deploy.0 = Release|Any CPU
		{DE1ABF86-64BB-48CA-BA27-BFBDD366CE1D}.AppStore|ARM.ActiveCfg = Release|Any CPU
		{DE1ABF86-64BB-48CA-BA27-BFBDD366CE1D}.AppStore|ARM.Build.0 = Release|Any CPU
		{DE1ABF86-64BB-48CA-BA27-BFBDD366CE1D}.AppStore|ARM.Deploy.0 = Release|Any CPU
		{DE1ABF86-64BB-48CA-BA27-BFBDD366CE1D}.AppStore|iPhone.ActiveCfg = Release|Any CPU
		{DE1ABF86-64BB-48CA-BA27-BFBDD366CE1D}.AppStore|iPhone.Build.0 = Release|Any CPU
		{DE1ABF86-64BB-48CA-BA27-BFBDD366CE1D}.AppStore|iPhone.Deploy.0 = Release|Any CPU
		{DE1ABF86-64BB-48CA-BA27-BFBDD366CE1D}.AppStore|iPhoneSimulator.ActiveCfg = Release|Any CPU
		{DE1ABF86-64BB-48CA-BA27-BFBDD366CE1D}.AppStore|iPhoneSimulator.Build.0 = Release|Any CPU
		{DE1ABF86-64BB-48CA-BA27-BFBDD366CE1D}.AppStore|iPhoneSimulator.Deploy.0 = Release|Any CPU
		{DE1ABF86-64BB-48CA-BA27-BFBDD366CE1D}.AppStore|x64.ActiveCfg = Release|Any CPU
		{DE1ABF86-64BB-48CA-BA27-BFBDD366CE1D}.AppStore|x64.Build.0 = Release|Any CPU
		{DE1ABF86-64BB-48CA-BA27-BFBDD366CE1D}.AppStore|x64.Deploy.0 = Release|Any CPU
		{DE1ABF86-64BB-48CA-BA27-BFBDD366CE1D}.AppStore|x86.ActiveCfg = Release|Any CPU
		{DE1ABF86-64BB-48CA-BA27-BFBDD366CE1D}.AppStore|x86.Build.0 = Release|Any CPU
		{DE1ABF86-64BB-48CA-BA27-BFBDD366CE1D}.AppStore|x86.Deploy.0 = Release|Any CPU
		{DE1ABF86-64BB-48CA-BA27-BFBDD366CE1D}.Debug|Any CPU.ActiveCfg = Debug|Any CPU
		{DE1ABF86-64BB-48CA-BA27-BFBDD366CE1D}.Debug|Any CPU.Build.0 = Debug|Any CPU
		{DE1ABF86-64BB-48CA-BA27-BFBDD366CE1D}.Debug|Any CPU.Deploy.0 = Debug|Any CPU
		{DE1ABF86-64BB-48CA-BA27-BFBDD366CE1D}.Debug|ARM.ActiveCfg = Debug|Any CPU
		{DE1ABF86-64BB-48CA-BA27-BFBDD366CE1D}.Debug|ARM.Build.0 = Debug|Any CPU
		{DE1ABF86-64BB-48CA-BA27-BFBDD366CE1D}.Debug|ARM.Deploy.0 = Debug|Any CPU
		{DE1ABF86-64BB-48CA-BA27-BFBDD366CE1D}.Debug|iPhone.ActiveCfg = Debug|Any CPU
		{DE1ABF86-64BB-48CA-BA27-BFBDD366CE1D}.Debug|iPhone.Build.0 = Debug|Any CPU
		{DE1ABF86-64BB-48CA-BA27-BFBDD366CE1D}.Debug|iPhone.Deploy.0 = Debug|Any CPU
		{DE1ABF86-64BB-48CA-BA27-BFBDD366CE1D}.Debug|iPhoneSimulator.ActiveCfg = Debug|Any CPU
		{DE1ABF86-64BB-48CA-BA27-BFBDD366CE1D}.Debug|iPhoneSimulator.Build.0 = Debug|Any CPU
		{DE1ABF86-64BB-48CA-BA27-BFBDD366CE1D}.Debug|iPhoneSimulator.Deploy.0 = Debug|Any CPU
		{DE1ABF86-64BB-48CA-BA27-BFBDD366CE1D}.Debug|x64.ActiveCfg = Debug|Any CPU
		{DE1ABF86-64BB-48CA-BA27-BFBDD366CE1D}.Debug|x64.Build.0 = Debug|Any CPU
		{DE1ABF86-64BB-48CA-BA27-BFBDD366CE1D}.Debug|x64.Deploy.0 = Debug|Any CPU
		{DE1ABF86-64BB-48CA-BA27-BFBDD366CE1D}.Debug|x86.ActiveCfg = Debug|Any CPU
		{DE1ABF86-64BB-48CA-BA27-BFBDD366CE1D}.Debug|x86.Build.0 = Debug|Any CPU
		{DE1ABF86-64BB-48CA-BA27-BFBDD366CE1D}.Debug|x86.Deploy.0 = Debug|Any CPU
		{DE1ABF86-64BB-48CA-BA27-BFBDD366CE1D}.Release|Any CPU.ActiveCfg = Release|Any CPU
		{DE1ABF86-64BB-48CA-BA27-BFBDD366CE1D}.Release|Any CPU.Build.0 = Release|Any CPU
		{DE1ABF86-64BB-48CA-BA27-BFBDD366CE1D}.Release|Any CPU.Deploy.0 = Release|Any CPU
		{DE1ABF86-64BB-48CA-BA27-BFBDD366CE1D}.Release|ARM.ActiveCfg = Release|Any CPU
		{DE1ABF86-64BB-48CA-BA27-BFBDD366CE1D}.Release|ARM.Build.0 = Release|Any CPU
		{DE1ABF86-64BB-48CA-BA27-BFBDD366CE1D}.Release|ARM.Deploy.0 = Release|Any CPU
		{DE1ABF86-64BB-48CA-BA27-BFBDD366CE1D}.Release|iPhone.ActiveCfg = Release|Any CPU
		{DE1ABF86-64BB-48CA-BA27-BFBDD366CE1D}.Release|iPhone.Build.0 = Release|Any CPU
		{DE1ABF86-64BB-48CA-BA27-BFBDD366CE1D}.Release|iPhone.Deploy.0 = Release|Any CPU
		{DE1ABF86-64BB-48CA-BA27-BFBDD366CE1D}.Release|iPhoneSimulator.ActiveCfg = Release|Any CPU
		{DE1ABF86-64BB-48CA-BA27-BFBDD366CE1D}.Release|iPhoneSimulator.Build.0 = Release|Any CPU
		{DE1ABF86-64BB-48CA-BA27-BFBDD366CE1D}.Release|iPhoneSimulator.Deploy.0 = Release|Any CPU
		{DE1ABF86-64BB-48CA-BA27-BFBDD366CE1D}.Release|x64.ActiveCfg = Release|Any CPU
		{DE1ABF86-64BB-48CA-BA27-BFBDD366CE1D}.Release|x64.Build.0 = Release|Any CPU
		{DE1ABF86-64BB-48CA-BA27-BFBDD366CE1D}.Release|x64.Deploy.0 = Release|Any CPU
		{DE1ABF86-64BB-48CA-BA27-BFBDD366CE1D}.Release|x86.ActiveCfg = Release|Any CPU
		{DE1ABF86-64BB-48CA-BA27-BFBDD366CE1D}.Release|x86.Build.0 = Release|Any CPU
		{DE1ABF86-64BB-48CA-BA27-BFBDD366CE1D}.Release|x86.Deploy.0 = Release|Any CPU
		{75CA49CA-B9CA-43C1-AB1D-4D024FF2DA30}.Ad-Hoc|Any CPU.ActiveCfg = Ad-Hoc|iPhone
		{75CA49CA-B9CA-43C1-AB1D-4D024FF2DA30}.Ad-Hoc|Any CPU.Build.0 = Ad-Hoc|iPhone
		{75CA49CA-B9CA-43C1-AB1D-4D024FF2DA30}.Ad-Hoc|Any CPU.Deploy.0 = Ad-Hoc|iPhone
		{75CA49CA-B9CA-43C1-AB1D-4D024FF2DA30}.Ad-Hoc|ARM.ActiveCfg = Ad-Hoc|iPhone
		{75CA49CA-B9CA-43C1-AB1D-4D024FF2DA30}.Ad-Hoc|ARM.Build.0 = Ad-Hoc|iPhone
		{75CA49CA-B9CA-43C1-AB1D-4D024FF2DA30}.Ad-Hoc|ARM.Deploy.0 = Ad-Hoc|iPhone
		{75CA49CA-B9CA-43C1-AB1D-4D024FF2DA30}.Ad-Hoc|iPhone.ActiveCfg = Ad-Hoc|iPhone
		{75CA49CA-B9CA-43C1-AB1D-4D024FF2DA30}.Ad-Hoc|iPhone.Build.0 = Ad-Hoc|iPhone
		{75CA49CA-B9CA-43C1-AB1D-4D024FF2DA30}.Ad-Hoc|iPhone.Deploy.0 = Ad-Hoc|iPhone
		{75CA49CA-B9CA-43C1-AB1D-4D024FF2DA30}.Ad-Hoc|iPhoneSimulator.ActiveCfg = Ad-Hoc|iPhoneSimulator
		{75CA49CA-B9CA-43C1-AB1D-4D024FF2DA30}.Ad-Hoc|iPhoneSimulator.Build.0 = Ad-Hoc|iPhoneSimulator
		{75CA49CA-B9CA-43C1-AB1D-4D024FF2DA30}.Ad-Hoc|iPhoneSimulator.Deploy.0 = Ad-Hoc|iPhoneSimulator
		{75CA49CA-B9CA-43C1-AB1D-4D024FF2DA30}.Ad-Hoc|x64.ActiveCfg = Ad-Hoc|iPhone
		{75CA49CA-B9CA-43C1-AB1D-4D024FF2DA30}.Ad-Hoc|x64.Build.0 = Ad-Hoc|iPhone
		{75CA49CA-B9CA-43C1-AB1D-4D024FF2DA30}.Ad-Hoc|x64.Deploy.0 = Ad-Hoc|iPhone
		{75CA49CA-B9CA-43C1-AB1D-4D024FF2DA30}.Ad-Hoc|x86.ActiveCfg = Ad-Hoc|iPhone
		{75CA49CA-B9CA-43C1-AB1D-4D024FF2DA30}.Ad-Hoc|x86.Build.0 = Ad-Hoc|iPhone
		{75CA49CA-B9CA-43C1-AB1D-4D024FF2DA30}.Ad-Hoc|x86.Deploy.0 = Ad-Hoc|iPhone
		{75CA49CA-B9CA-43C1-AB1D-4D024FF2DA30}.AppStore|Any CPU.ActiveCfg = AppStore|iPhone
		{75CA49CA-B9CA-43C1-AB1D-4D024FF2DA30}.AppStore|Any CPU.Build.0 = AppStore|iPhone
		{75CA49CA-B9CA-43C1-AB1D-4D024FF2DA30}.AppStore|Any CPU.Deploy.0 = AppStore|iPhone
		{75CA49CA-B9CA-43C1-AB1D-4D024FF2DA30}.AppStore|ARM.ActiveCfg = AppStore|iPhone
		{75CA49CA-B9CA-43C1-AB1D-4D024FF2DA30}.AppStore|ARM.Build.0 = AppStore|iPhone
		{75CA49CA-B9CA-43C1-AB1D-4D024FF2DA30}.AppStore|ARM.Deploy.0 = AppStore|iPhone
		{75CA49CA-B9CA-43C1-AB1D-4D024FF2DA30}.AppStore|iPhone.ActiveCfg = AppStore|iPhone
		{75CA49CA-B9CA-43C1-AB1D-4D024FF2DA30}.AppStore|iPhone.Build.0 = AppStore|iPhone
		{75CA49CA-B9CA-43C1-AB1D-4D024FF2DA30}.AppStore|iPhone.Deploy.0 = AppStore|iPhone
		{75CA49CA-B9CA-43C1-AB1D-4D024FF2DA30}.AppStore|iPhoneSimulator.ActiveCfg = AppStore|iPhoneSimulator
		{75CA49CA-B9CA-43C1-AB1D-4D024FF2DA30}.AppStore|iPhoneSimulator.Build.0 = AppStore|iPhoneSimulator
		{75CA49CA-B9CA-43C1-AB1D-4D024FF2DA30}.AppStore|iPhoneSimulator.Deploy.0 = AppStore|iPhoneSimulator
		{75CA49CA-B9CA-43C1-AB1D-4D024FF2DA30}.AppStore|x64.ActiveCfg = AppStore|iPhone
		{75CA49CA-B9CA-43C1-AB1D-4D024FF2DA30}.AppStore|x64.Build.0 = AppStore|iPhone
		{75CA49CA-B9CA-43C1-AB1D-4D024FF2DA30}.AppStore|x64.Deploy.0 = AppStore|iPhone
		{75CA49CA-B9CA-43C1-AB1D-4D024FF2DA30}.AppStore|x86.ActiveCfg = AppStore|iPhone
		{75CA49CA-B9CA-43C1-AB1D-4D024FF2DA30}.AppStore|x86.Build.0 = AppStore|iPhone
		{75CA49CA-B9CA-43C1-AB1D-4D024FF2DA30}.AppStore|x86.Deploy.0 = AppStore|iPhone
		{75CA49CA-B9CA-43C1-AB1D-4D024FF2DA30}.Debug|Any CPU.ActiveCfg = Debug|iPhoneSimulator
		{75CA49CA-B9CA-43C1-AB1D-4D024FF2DA30}.Debug|Any CPU.Build.0 = Debug|iPhoneSimulator
		{75CA49CA-B9CA-43C1-AB1D-4D024FF2DA30}.Debug|Any CPU.Deploy.0 = Debug|iPhoneSimulator
		{75CA49CA-B9CA-43C1-AB1D-4D024FF2DA30}.Debug|ARM.ActiveCfg = Debug|iPhone
		{75CA49CA-B9CA-43C1-AB1D-4D024FF2DA30}.Debug|ARM.Build.0 = Debug|iPhone
		{75CA49CA-B9CA-43C1-AB1D-4D024FF2DA30}.Debug|ARM.Deploy.0 = Debug|iPhone
		{75CA49CA-B9CA-43C1-AB1D-4D024FF2DA30}.Debug|iPhone.ActiveCfg = Debug|iPhone
		{75CA49CA-B9CA-43C1-AB1D-4D024FF2DA30}.Debug|iPhone.Build.0 = Debug|iPhone
		{75CA49CA-B9CA-43C1-AB1D-4D024FF2DA30}.Debug|iPhone.Deploy.0 = Debug|iPhone
		{75CA49CA-B9CA-43C1-AB1D-4D024FF2DA30}.Debug|iPhoneSimulator.ActiveCfg = Debug|iPhoneSimulator
		{75CA49CA-B9CA-43C1-AB1D-4D024FF2DA30}.Debug|iPhoneSimulator.Build.0 = Debug|iPhoneSimulator
		{75CA49CA-B9CA-43C1-AB1D-4D024FF2DA30}.Debug|iPhoneSimulator.Deploy.0 = Debug|iPhoneSimulator
		{75CA49CA-B9CA-43C1-AB1D-4D024FF2DA30}.Debug|x64.ActiveCfg = Debug|iPhone
		{75CA49CA-B9CA-43C1-AB1D-4D024FF2DA30}.Debug|x64.Build.0 = Debug|iPhone
		{75CA49CA-B9CA-43C1-AB1D-4D024FF2DA30}.Debug|x64.Deploy.0 = Debug|iPhone
		{75CA49CA-B9CA-43C1-AB1D-4D024FF2DA30}.Debug|x86.ActiveCfg = Debug|iPhone
		{75CA49CA-B9CA-43C1-AB1D-4D024FF2DA30}.Debug|x86.Build.0 = Debug|iPhone
		{75CA49CA-B9CA-43C1-AB1D-4D024FF2DA30}.Debug|x86.Deploy.0 = Debug|iPhone
		{75CA49CA-B9CA-43C1-AB1D-4D024FF2DA30}.Release|Any CPU.ActiveCfg = Release|iPhone
		{75CA49CA-B9CA-43C1-AB1D-4D024FF2DA30}.Release|Any CPU.Build.0 = Release|iPhone
		{75CA49CA-B9CA-43C1-AB1D-4D024FF2DA30}.Release|Any CPU.Deploy.0 = Release|iPhone
		{75CA49CA-B9CA-43C1-AB1D-4D024FF2DA30}.Release|ARM.ActiveCfg = Release|iPhone
		{75CA49CA-B9CA-43C1-AB1D-4D024FF2DA30}.Release|ARM.Build.0 = Release|iPhone
		{75CA49CA-B9CA-43C1-AB1D-4D024FF2DA30}.Release|ARM.Deploy.0 = Release|iPhone
		{75CA49CA-B9CA-43C1-AB1D-4D024FF2DA30}.Release|iPhone.ActiveCfg = Release|iPhone
		{75CA49CA-B9CA-43C1-AB1D-4D024FF2DA30}.Release|iPhone.Build.0 = Release|iPhone
		{75CA49CA-B9CA-43C1-AB1D-4D024FF2DA30}.Release|iPhone.Deploy.0 = Release|iPhone
		{75CA49CA-B9CA-43C1-AB1D-4D024FF2DA30}.Release|iPhoneSimulator.ActiveCfg = Release|iPhoneSimulator
		{75CA49CA-B9CA-43C1-AB1D-4D024FF2DA30}.Release|iPhoneSimulator.Build.0 = Release|iPhoneSimulator
		{75CA49CA-B9CA-43C1-AB1D-4D024FF2DA30}.Release|iPhoneSimulator.Deploy.0 = Release|iPhoneSimulator
		{75CA49CA-B9CA-43C1-AB1D-4D024FF2DA30}.Release|x64.ActiveCfg = Release|iPhone
		{75CA49CA-B9CA-43C1-AB1D-4D024FF2DA30}.Release|x64.Build.0 = Release|iPhone
		{75CA49CA-B9CA-43C1-AB1D-4D024FF2DA30}.Release|x64.Deploy.0 = Release|iPhone
		{75CA49CA-B9CA-43C1-AB1D-4D024FF2DA30}.Release|x86.ActiveCfg = Release|iPhone
		{75CA49CA-B9CA-43C1-AB1D-4D024FF2DA30}.Release|x86.Build.0 = Release|iPhone
		{75CA49CA-B9CA-43C1-AB1D-4D024FF2DA30}.Release|x86.Deploy.0 = Release|iPhone
		{7268BCC6-8459-4C7F-8CF8-619F2A67D999}.Ad-Hoc|Any CPU.ActiveCfg = Release|x86
		{7268BCC6-8459-4C7F-8CF8-619F2A67D999}.Ad-Hoc|Any CPU.Build.0 = Release|x86
		{7268BCC6-8459-4C7F-8CF8-619F2A67D999}.Ad-Hoc|Any CPU.Deploy.0 = Release|x86
		{7268BCC6-8459-4C7F-8CF8-619F2A67D999}.Ad-Hoc|ARM.ActiveCfg = Release|ARM
		{7268BCC6-8459-4C7F-8CF8-619F2A67D999}.Ad-Hoc|ARM.Build.0 = Release|ARM
		{7268BCC6-8459-4C7F-8CF8-619F2A67D999}.Ad-Hoc|ARM.Deploy.0 = Release|ARM
		{7268BCC6-8459-4C7F-8CF8-619F2A67D999}.Ad-Hoc|iPhone.ActiveCfg = Release|x86
		{7268BCC6-8459-4C7F-8CF8-619F2A67D999}.Ad-Hoc|iPhone.Build.0 = Release|x86
		{7268BCC6-8459-4C7F-8CF8-619F2A67D999}.Ad-Hoc|iPhone.Deploy.0 = Release|x86
		{7268BCC6-8459-4C7F-8CF8-619F2A67D999}.Ad-Hoc|iPhoneSimulator.ActiveCfg = Release|x86
		{7268BCC6-8459-4C7F-8CF8-619F2A67D999}.Ad-Hoc|iPhoneSimulator.Build.0 = Release|x86
		{7268BCC6-8459-4C7F-8CF8-619F2A67D999}.Ad-Hoc|iPhoneSimulator.Deploy.0 = Release|x86
		{7268BCC6-8459-4C7F-8CF8-619F2A67D999}.Ad-Hoc|x64.ActiveCfg = Release|x64
		{7268BCC6-8459-4C7F-8CF8-619F2A67D999}.Ad-Hoc|x64.Build.0 = Release|x64
		{7268BCC6-8459-4C7F-8CF8-619F2A67D999}.Ad-Hoc|x64.Deploy.0 = Release|x64
		{7268BCC6-8459-4C7F-8CF8-619F2A67D999}.Ad-Hoc|x86.ActiveCfg = Release|x86
		{7268BCC6-8459-4C7F-8CF8-619F2A67D999}.Ad-Hoc|x86.Build.0 = Release|x86
		{7268BCC6-8459-4C7F-8CF8-619F2A67D999}.Ad-Hoc|x86.Deploy.0 = Release|x86
		{7268BCC6-8459-4C7F-8CF8-619F2A67D999}.AppStore|Any CPU.ActiveCfg = Release|x86
		{7268BCC6-8459-4C7F-8CF8-619F2A67D999}.AppStore|Any CPU.Build.0 = Release|x86
		{7268BCC6-8459-4C7F-8CF8-619F2A67D999}.AppStore|Any CPU.Deploy.0 = Release|x86
		{7268BCC6-8459-4C7F-8CF8-619F2A67D999}.AppStore|ARM.ActiveCfg = Release|ARM
		{7268BCC6-8459-4C7F-8CF8-619F2A67D999}.AppStore|ARM.Build.0 = Release|ARM
		{7268BCC6-8459-4C7F-8CF8-619F2A67D999}.AppStore|ARM.Deploy.0 = Release|ARM
		{7268BCC6-8459-4C7F-8CF8-619F2A67D999}.AppStore|iPhone.ActiveCfg = Release|x86
		{7268BCC6-8459-4C7F-8CF8-619F2A67D999}.AppStore|iPhone.Build.0 = Release|x86
		{7268BCC6-8459-4C7F-8CF8-619F2A67D999}.AppStore|iPhone.Deploy.0 = Release|x86
		{7268BCC6-8459-4C7F-8CF8-619F2A67D999}.AppStore|iPhoneSimulator.ActiveCfg = Release|x86
		{7268BCC6-8459-4C7F-8CF8-619F2A67D999}.AppStore|iPhoneSimulator.Build.0 = Release|x86
		{7268BCC6-8459-4C7F-8CF8-619F2A67D999}.AppStore|iPhoneSimulator.Deploy.0 = Release|x86
		{7268BCC6-8459-4C7F-8CF8-619F2A67D999}.AppStore|x64.ActiveCfg = Release|x64
		{7268BCC6-8459-4C7F-8CF8-619F2A67D999}.AppStore|x64.Build.0 = Release|x64
		{7268BCC6-8459-4C7F-8CF8-619F2A67D999}.AppStore|x64.Deploy.0 = Release|x64
		{7268BCC6-8459-4C7F-8CF8-619F2A67D999}.AppStore|x86.ActiveCfg = Release|x86
		{7268BCC6-8459-4C7F-8CF8-619F2A67D999}.AppStore|x86.Build.0 = Release|x86
		{7268BCC6-8459-4C7F-8CF8-619F2A67D999}.AppStore|x86.Deploy.0 = Release|x86
		{7268BCC6-8459-4C7F-8CF8-619F2A67D999}.Debug|Any CPU.ActiveCfg = Debug|x86
		{7268BCC6-8459-4C7F-8CF8-619F2A67D999}.Debug|Any CPU.Build.0 = Debug|x86
		{7268BCC6-8459-4C7F-8CF8-619F2A67D999}.Debug|Any CPU.Deploy.0 = Debug|x86
		{7268BCC6-8459-4C7F-8CF8-619F2A67D999}.Debug|ARM.ActiveCfg = Debug|ARM
		{7268BCC6-8459-4C7F-8CF8-619F2A67D999}.Debug|ARM.Build.0 = Debug|ARM
		{7268BCC6-8459-4C7F-8CF8-619F2A67D999}.Debug|ARM.Deploy.0 = Debug|ARM
		{7268BCC6-8459-4C7F-8CF8-619F2A67D999}.Debug|iPhone.ActiveCfg = Debug|x86
		{7268BCC6-8459-4C7F-8CF8-619F2A67D999}.Debug|iPhone.Build.0 = Debug|x86
		{7268BCC6-8459-4C7F-8CF8-619F2A67D999}.Debug|iPhone.Deploy.0 = Debug|x86
		{7268BCC6-8459-4C7F-8CF8-619F2A67D999}.Debug|iPhoneSimulator.ActiveCfg = Debug|x86
		{7268BCC6-8459-4C7F-8CF8-619F2A67D999}.Debug|iPhoneSimulator.Build.0 = Debug|x86
		{7268BCC6-8459-4C7F-8CF8-619F2A67D999}.Debug|iPhoneSimulator.Deploy.0 = Debug|x86
		{7268BCC6-8459-4C7F-8CF8-619F2A67D999}.Debug|x64.ActiveCfg = Debug|x64
		{7268BCC6-8459-4C7F-8CF8-619F2A67D999}.Debug|x64.Build.0 = Debug|x64
		{7268BCC6-8459-4C7F-8CF8-619F2A67D999}.Debug|x64.Deploy.0 = Debug|x64
		{7268BCC6-8459-4C7F-8CF8-619F2A67D999}.Debug|x86.ActiveCfg = Debug|x86
		{7268BCC6-8459-4C7F-8CF8-619F2A67D999}.Debug|x86.Build.0 = Debug|x86
		{7268BCC6-8459-4C7F-8CF8-619F2A67D999}.Debug|x86.Deploy.0 = Debug|x86
		{7268BCC6-8459-4C7F-8CF8-619F2A67D999}.Release|Any CPU.ActiveCfg = Release|x86
		{7268BCC6-8459-4C7F-8CF8-619F2A67D999}.Release|Any CPU.Build.0 = Release|x86
		{7268BCC6-8459-4C7F-8CF8-619F2A67D999}.Release|Any CPU.Deploy.0 = Release|x86
		{7268BCC6-8459-4C7F-8CF8-619F2A67D999}.Release|ARM.ActiveCfg = Release|ARM
		{7268BCC6-8459-4C7F-8CF8-619F2A67D999}.Release|ARM.Build.0 = Release|ARM
		{7268BCC6-8459-4C7F-8CF8-619F2A67D999}.Release|ARM.Deploy.0 = Release|ARM
		{7268BCC6-8459-4C7F-8CF8-619F2A67D999}.Release|iPhone.ActiveCfg = Release|x86
		{7268BCC6-8459-4C7F-8CF8-619F2A67D999}.Release|iPhone.Build.0 = Release|x86
		{7268BCC6-8459-4C7F-8CF8-619F2A67D999}.Release|iPhone.Deploy.0 = Release|x86
		{7268BCC6-8459-4C7F-8CF8-619F2A67D999}.Release|iPhoneSimulator.ActiveCfg = Release|x86
		{7268BCC6-8459-4C7F-8CF8-619F2A67D999}.Release|iPhoneSimulator.Build.0 = Release|x86
		{7268BCC6-8459-4C7F-8CF8-619F2A67D999}.Release|iPhoneSimulator.Deploy.0 = Release|x86
		{7268BCC6-8459-4C7F-8CF8-619F2A67D999}.Release|x64.ActiveCfg = Release|x64
		{7268BCC6-8459-4C7F-8CF8-619F2A67D999}.Release|x64.Build.0 = Release|x64
		{7268BCC6-8459-4C7F-8CF8-619F2A67D999}.Release|x64.Deploy.0 = Release|x64
		{7268BCC6-8459-4C7F-8CF8-619F2A67D999}.Release|x86.ActiveCfg = Release|x86
		{7268BCC6-8459-4C7F-8CF8-619F2A67D999}.Release|x86.Build.0 = Release|x86
		{7268BCC6-8459-4C7F-8CF8-619F2A67D999}.Release|x86.Deploy.0 = Release|x86
		{7E331A90-401D-40AF-87AE-F67DBA3888FF}.Ad-Hoc|Any CPU.ActiveCfg = Debug|Any CPU
		{7E331A90-401D-40AF-87AE-F67DBA3888FF}.Ad-Hoc|Any CPU.Build.0 = Debug|Any CPU
		{7E331A90-401D-40AF-87AE-F67DBA3888FF}.Ad-Hoc|Any CPU.Deploy.0 = Debug|Any CPU
		{7E331A90-401D-40AF-87AE-F67DBA3888FF}.Ad-Hoc|ARM.ActiveCfg = Debug|Any CPU
		{7E331A90-401D-40AF-87AE-F67DBA3888FF}.Ad-Hoc|ARM.Build.0 = Debug|Any CPU
		{7E331A90-401D-40AF-87AE-F67DBA3888FF}.Ad-Hoc|ARM.Deploy.0 = Debug|Any CPU
		{7E331A90-401D-40AF-87AE-F67DBA3888FF}.Ad-Hoc|iPhone.ActiveCfg = Debug|Any CPU
		{7E331A90-401D-40AF-87AE-F67DBA3888FF}.Ad-Hoc|iPhone.Build.0 = Debug|Any CPU
		{7E331A90-401D-40AF-87AE-F67DBA3888FF}.Ad-Hoc|iPhone.Deploy.0 = Debug|Any CPU
		{7E331A90-401D-40AF-87AE-F67DBA3888FF}.Ad-Hoc|iPhoneSimulator.ActiveCfg = Debug|Any CPU
		{7E331A90-401D-40AF-87AE-F67DBA3888FF}.Ad-Hoc|iPhoneSimulator.Build.0 = Debug|Any CPU
		{7E331A90-401D-40AF-87AE-F67DBA3888FF}.Ad-Hoc|iPhoneSimulator.Deploy.0 = Debug|Any CPU
		{7E331A90-401D-40AF-87AE-F67DBA3888FF}.Ad-Hoc|x64.ActiveCfg = Debug|Any CPU
		{7E331A90-401D-40AF-87AE-F67DBA3888FF}.Ad-Hoc|x64.Build.0 = Debug|Any CPU
		{7E331A90-401D-40AF-87AE-F67DBA3888FF}.Ad-Hoc|x64.Deploy.0 = Debug|Any CPU
		{7E331A90-401D-40AF-87AE-F67DBA3888FF}.Ad-Hoc|x86.ActiveCfg = Debug|Any CPU
		{7E331A90-401D-40AF-87AE-F67DBA3888FF}.Ad-Hoc|x86.Build.0 = Debug|Any CPU
		{7E331A90-401D-40AF-87AE-F67DBA3888FF}.Ad-Hoc|x86.Deploy.0 = Debug|Any CPU
		{7E331A90-401D-40AF-87AE-F67DBA3888FF}.AppStore|Any CPU.ActiveCfg = Debug|Any CPU
		{7E331A90-401D-40AF-87AE-F67DBA3888FF}.AppStore|Any CPU.Build.0 = Debug|Any CPU
		{7E331A90-401D-40AF-87AE-F67DBA3888FF}.AppStore|Any CPU.Deploy.0 = Debug|Any CPU
		{7E331A90-401D-40AF-87AE-F67DBA3888FF}.AppStore|ARM.ActiveCfg = Debug|Any CPU
		{7E331A90-401D-40AF-87AE-F67DBA3888FF}.AppStore|ARM.Build.0 = Debug|Any CPU
		{7E331A90-401D-40AF-87AE-F67DBA3888FF}.AppStore|ARM.Deploy.0 = Debug|Any CPU
		{7E331A90-401D-40AF-87AE-F67DBA3888FF}.AppStore|iPhone.ActiveCfg = Debug|Any CPU
		{7E331A90-401D-40AF-87AE-F67DBA3888FF}.AppStore|iPhone.Build.0 = Debug|Any CPU
		{7E331A90-401D-40AF-87AE-F67DBA3888FF}.AppStore|iPhone.Deploy.0 = Debug|Any CPU
		{7E331A90-401D-40AF-87AE-F67DBA3888FF}.AppStore|iPhoneSimulator.ActiveCfg = Debug|Any CPU
		{7E331A90-401D-40AF-87AE-F67DBA3888FF}.AppStore|iPhoneSimulator.Build.0 = Debug|Any CPU
		{7E331A90-401D-40AF-87AE-F67DBA3888FF}.AppStore|iPhoneSimulator.Deploy.0 = Debug|Any CPU
		{7E331A90-401D-40AF-87AE-F67DBA3888FF}.AppStore|x64.ActiveCfg = Debug|Any CPU
		{7E331A90-401D-40AF-87AE-F67DBA3888FF}.AppStore|x64.Build.0 = Debug|Any CPU
		{7E331A90-401D-40AF-87AE-F67DBA3888FF}.AppStore|x64.Deploy.0 = Debug|Any CPU
		{7E331A90-401D-40AF-87AE-F67DBA3888FF}.AppStore|x86.ActiveCfg = Debug|Any CPU
		{7E331A90-401D-40AF-87AE-F67DBA3888FF}.AppStore|x86.Build.0 = Debug|Any CPU
		{7E331A90-401D-40AF-87AE-F67DBA3888FF}.AppStore|x86.Deploy.0 = Debug|Any CPU
		{7E331A90-401D-40AF-87AE-F67DBA3888FF}.Debug|Any CPU.ActiveCfg = Debug|Any CPU
		{7E331A90-401D-40AF-87AE-F67DBA3888FF}.Debug|Any CPU.Build.0 = Debug|Any CPU
		{7E331A90-401D-40AF-87AE-F67DBA3888FF}.Debug|Any CPU.Deploy.0 = Debug|Any CPU
		{7E331A90-401D-40AF-87AE-F67DBA3888FF}.Debug|ARM.ActiveCfg = Debug|Any CPU
		{7E331A90-401D-40AF-87AE-F67DBA3888FF}.Debug|ARM.Build.0 = Debug|Any CPU
		{7E331A90-401D-40AF-87AE-F67DBA3888FF}.Debug|ARM.Deploy.0 = Debug|Any CPU
		{7E331A90-401D-40AF-87AE-F67DBA3888FF}.Debug|iPhone.ActiveCfg = Debug|Any CPU
		{7E331A90-401D-40AF-87AE-F67DBA3888FF}.Debug|iPhone.Build.0 = Debug|Any CPU
		{7E331A90-401D-40AF-87AE-F67DBA3888FF}.Debug|iPhone.Deploy.0 = Debug|Any CPU
		{7E331A90-401D-40AF-87AE-F67DBA3888FF}.Debug|iPhoneSimulator.ActiveCfg = Debug|Any CPU
		{7E331A90-401D-40AF-87AE-F67DBA3888FF}.Debug|iPhoneSimulator.Build.0 = Debug|Any CPU
		{7E331A90-401D-40AF-87AE-F67DBA3888FF}.Debug|iPhoneSimulator.Deploy.0 = Debug|Any CPU
		{7E331A90-401D-40AF-87AE-F67DBA3888FF}.Debug|x64.ActiveCfg = Debug|Any CPU
		{7E331A90-401D-40AF-87AE-F67DBA3888FF}.Debug|x64.Build.0 = Debug|Any CPU
		{7E331A90-401D-40AF-87AE-F67DBA3888FF}.Debug|x64.Deploy.0 = Debug|Any CPU
		{7E331A90-401D-40AF-87AE-F67DBA3888FF}.Debug|x86.ActiveCfg = Debug|Any CPU
		{7E331A90-401D-40AF-87AE-F67DBA3888FF}.Debug|x86.Build.0 = Debug|Any CPU
		{7E331A90-401D-40AF-87AE-F67DBA3888FF}.Debug|x86.Deploy.0 = Debug|Any CPU
		{7E331A90-401D-40AF-87AE-F67DBA3888FF}.Release|Any CPU.ActiveCfg = Release|Any CPU
		{7E331A90-401D-40AF-87AE-F67DBA3888FF}.Release|Any CPU.Build.0 = Release|Any CPU
		{7E331A90-401D-40AF-87AE-F67DBA3888FF}.Release|Any CPU.Deploy.0 = Release|Any CPU
		{7E331A90-401D-40AF-87AE-F67DBA3888FF}.Release|ARM.ActiveCfg = Release|Any CPU
		{7E331A90-401D-40AF-87AE-F67DBA3888FF}.Release|ARM.Build.0 = Release|Any CPU
		{7E331A90-401D-40AF-87AE-F67DBA3888FF}.Release|ARM.Deploy.0 = Release|Any CPU
		{7E331A90-401D-40AF-87AE-F67DBA3888FF}.Release|iPhone.ActiveCfg = Release|Any CPU
		{7E331A90-401D-40AF-87AE-F67DBA3888FF}.Release|iPhone.Build.0 = Release|Any CPU
		{7E331A90-401D-40AF-87AE-F67DBA3888FF}.Release|iPhone.Deploy.0 = Release|Any CPU
		{7E331A90-401D-40AF-87AE-F67DBA3888FF}.Release|iPhoneSimulator.ActiveCfg = Release|Any CPU
		{7E331A90-401D-40AF-87AE-F67DBA3888FF}.Release|iPhoneSimulator.Build.0 = Release|Any CPU
		{7E331A90-401D-40AF-87AE-F67DBA3888FF}.Release|iPhoneSimulator.Deploy.0 = Release|Any CPU
		{7E331A90-401D-40AF-87AE-F67DBA3888FF}.Release|x64.ActiveCfg = Release|Any CPU
		{7E331A90-401D-40AF-87AE-F67DBA3888FF}.Release|x64.Build.0 = Release|Any CPU
		{7E331A90-401D-40AF-87AE-F67DBA3888FF}.Release|x64.Deploy.0 = Release|Any CPU
		{7E331A90-401D-40AF-87AE-F67DBA3888FF}.Release|x86.ActiveCfg = Release|Any CPU
		{7E331A90-401D-40AF-87AE-F67DBA3888FF}.Release|x86.Build.0 = Release|Any CPU
		{7E331A90-401D-40AF-87AE-F67DBA3888FF}.Release|x86.Deploy.0 = Release|Any CPU
	EndGlobalSection
	GlobalSection(SolutionProperties) = preSolution
		HideSolutionNode = FALSE
	EndGlobalSection
	GlobalSection(ExtensibilityGlobals) = postSolution
		SolutionGuid = {B49BFCAD-02B2-4092-8BB6-C02626CB753F}
	EndGlobalSection
EndGlobal
