
Microsoft Visual Studio Solution File, Format Version 12.00
# Visual Studio 15
VisualStudioVersion = 15.0.28307.102
MinimumVisualStudioVersion = 10.0.40219.1
Project("{FAE04EC0-301F-11D3-BF4B-00C04F79EFBC}") = "App1_Cell.Android", "App1_Cell\App1_Cell.Android\App1_Cell.Android.csproj", "{9BBF9126-1136-4E05-8714-463E2474C2B5}"
EndProject
Project("{FAE04EC0-301F-11D3-BF4B-00C04F79EFBC}") = "App1_Cell.iOS", "App1_Cell\App1_Cell.iOS\App1_Cell.iOS.csproj", "{334FF605-0928-4AA7-B455-02CED540E612}"
EndProject
Project("{FAE04EC0-301F-11D3-BF4B-00C04F79EFBC}") = "App1_Cell.UWP", "App1_Cell\App1_Cell.UWP\App1_Cell.UWP.csproj", "{ACF04C8D-D2C5-43A8-9B9D-D58F131E99AC}"
EndProject
Project("{FAE04EC0-301F-11D3-BF4B-00C04F79EFBC}") = "App1_Cell", "App1_Cell\App1_Cell\App1_Cell.csproj", "{A67DBA2C-6564-464F-882F-0E3CBC4B98FD}"
EndProject
Global
	GlobalSection(SolutionConfigurationPlatforms) = preSolution
		Ad-Hoc|Any CPU = Ad-Hoc|Any CPU
		Ad-Hoc|ARM = Ad-Hoc|ARM
		Ad-Hoc|iPhone = Ad-Hoc|iPhone
		Ad-Hoc|iPhoneSimulator = Ad-Hoc|iPhoneSimulator
		Ad-Hoc|x64 = Ad-Hoc|x64
		Ad-Hoc|x86 = Ad-Hoc|x86
		AppStore|Any CPU = AppStore|Any CPU
		AppStore|ARM = AppStore|ARM
		AppStore|iPhone = AppStore|iPhone
		AppStore|iPhoneSimulator = AppStore|iPhoneSimulator
		AppStore|x64 = AppStore|x64
		AppStore|x86 = AppStore|x86
		Debug|Any CPU = Debug|Any CPU
		Debug|ARM = Debug|ARM
		Debug|iPhone = Debug|iPhone
		Debug|iPhoneSimulator = Debug|iPhoneSimulator
		Debug|x64 = Debug|x64
		Debug|x86 = Debug|x86
		Release|Any CPU = Release|Any CPU
		Release|ARM = Release|ARM
		Release|iPhone = Release|iPhone
		Release|iPhoneSimulator = Release|iPhoneSimulator
		Release|x64 = Release|x64
		Release|x86 = Release|x86
	EndGlobalSection
	GlobalSection(ProjectConfigurationPlatforms) = postSolution
		{9BBF9126-1136-4E05-8714-463E2474C2B5}.Ad-Hoc|Any CPU.ActiveCfg = Release|Any CPU
		{9BBF9126-1136-4E05-8714-463E2474C2B5}.Ad-Hoc|Any CPU.Build.0 = Release|Any CPU
		{9BBF9126-1136-4E05-8714-463E2474C2B5}.Ad-Hoc|Any CPU.Deploy.0 = Release|Any CPU
		{9BBF9126-1136-4E05-8714-463E2474C2B5}.Ad-Hoc|ARM.ActiveCfg = Release|Any CPU
		{9BBF9126-1136-4E05-8714-463E2474C2B5}.Ad-Hoc|ARM.Build.0 = Release|Any CPU
		{9BBF9126-1136-4E05-8714-463E2474C2B5}.Ad-Hoc|ARM.Deploy.0 = Release|Any CPU
		{9BBF9126-1136-4E05-8714-463E2474C2B5}.Ad-Hoc|iPhone.ActiveCfg = Release|Any CPU
		{9BBF9126-1136-4E05-8714-463E2474C2B5}.Ad-Hoc|iPhone.Build.0 = Release|Any CPU
		{9BBF9126-1136-4E05-8714-463E2474C2B5}.Ad-Hoc|iPhone.Deploy.0 = Release|Any CPU
		{9BBF9126-1136-4E05-8714-463E2474C2B5}.Ad-Hoc|iPhoneSimulator.ActiveCfg = Release|Any CPU
		{9BBF9126-1136-4E05-8714-463E2474C2B5}.Ad-Hoc|iPhoneSimulator.Build.0 = Release|Any CPU
		{9BBF9126-1136-4E05-8714-463E2474C2B5}.Ad-Hoc|iPhoneSimulator.Deploy.0 = Release|Any CPU
		{9BBF9126-1136-4E05-8714-463E2474C2B5}.Ad-Hoc|x64.ActiveCfg = Release|Any CPU
		{9BBF9126-1136-4E05-8714-463E2474C2B5}.Ad-Hoc|x64.Build.0 = Release|Any CPU
		{9BBF9126-1136-4E05-8714-463E2474C2B5}.Ad-Hoc|x64.Deploy.0 = Release|Any CPU
		{9BBF9126-1136-4E05-8714-463E2474C2B5}.Ad-Hoc|x86.ActiveCfg = Release|Any CPU
		{9BBF9126-1136-4E05-8714-463E2474C2B5}.Ad-Hoc|x86.Build.0 = Release|Any CPU
		{9BBF9126-1136-4E05-8714-463E2474C2B5}.Ad-Hoc|x86.Deploy.0 = Release|Any CPU
		{9BBF9126-1136-4E05-8714-463E2474C2B5}.AppStore|Any CPU.ActiveCfg = Release|Any CPU
		{9BBF9126-1136-4E05-8714-463E2474C2B5}.AppStore|Any CPU.Build.0 = Release|Any CPU
		{9BBF9126-1136-4E05-8714-463E2474C2B5}.AppStore|Any CPU.Deploy.0 = Release|Any CPU
		{9BBF9126-1136-4E05-8714-463E2474C2B5}.AppStore|ARM.ActiveCfg = Release|Any CPU
		{9BBF9126-1136-4E05-8714-463E2474C2B5}.AppStore|ARM.Build.0 = Release|Any CPU
		{9BBF9126-1136-4E05-8714-463E2474C2B5}.AppStore|ARM.Deploy.0 = Release|Any CPU
		{9BBF9126-1136-4E05-8714-463E2474C2B5}.AppStore|iPhone.ActiveCfg = Release|Any CPU
		{9BBF9126-1136-4E05-8714-463E2474C2B5}.AppStore|iPhone.Build.0 = Release|Any CPU
		{9BBF9126-1136-4E05-8714-463E2474C2B5}.AppStore|iPhone.Deploy.0 = Release|Any CPU
		{9BBF9126-1136-4E05-8714-463E2474C2B5}.AppStore|iPhoneSimulator.ActiveCfg = Release|Any CPU
		{9BBF9126-1136-4E05-8714-463E2474C2B5}.AppStore|iPhoneSimulator.Build.0 = Release|Any CPU
		{9BBF9126-1136-4E05-8714-463E2474C2B5}.AppStore|iPhoneSimulator.Deploy.0 = Release|Any CPU
		{9BBF9126-1136-4E05-8714-463E2474C2B5}.AppStore|x64.ActiveCfg = Release|Any CPU
		{9BBF9126-1136-4E05-8714-463E2474C2B5}.AppStore|x64.Build.0 = Release|Any CPU
		{9BBF9126-1136-4E05-8714-463E2474C2B5}.AppStore|x64.Deploy.0 = Release|Any CPU
		{9BBF9126-1136-4E05-8714-463E2474C2B5}.AppStore|x86.ActiveCfg = Release|Any CPU
		{9BBF9126-1136-4E05-8714-463E2474C2B5}.AppStore|x86.Build.0 = Release|Any CPU
		{9BBF9126-1136-4E05-8714-463E2474C2B5}.AppStore|x86.Deploy.0 = Release|Any CPU
		{9BBF9126-1136-4E05-8714-463E2474C2B5}.Debug|Any CPU.ActiveCfg = Debug|Any CPU
		{9BBF9126-1136-4E05-8714-463E2474C2B5}.Debug|Any CPU.Build.0 = Debug|Any CPU
		{9BBF9126-1136-4E05-8714-463E2474C2B5}.Debug|Any CPU.Deploy.0 = Debug|Any CPU
		{9BBF9126-1136-4E05-8714-463E2474C2B5}.Debug|ARM.ActiveCfg = Debug|Any CPU
		{9BBF9126-1136-4E05-8714-463E2474C2B5}.Debug|ARM.Build.0 = Debug|Any CPU
		{9BBF9126-1136-4E05-8714-463E2474C2B5}.Debug|ARM.Deploy.0 = Debug|Any CPU
		{9BBF9126-1136-4E05-8714-463E2474C2B5}.Debug|iPhone.ActiveCfg = Debug|Any CPU
		{9BBF9126-1136-4E05-8714-463E2474C2B5}.Debug|iPhone.Build.0 = Debug|Any CPU
		{9BBF9126-1136-4E05-8714-463E2474C2B5}.Debug|iPhone.Deploy.0 = Debug|Any CPU
		{9BBF9126-1136-4E05-8714-463E2474C2B5}.Debug|iPhoneSimulator.ActiveCfg = Debug|Any CPU
		{9BBF9126-1136-4E05-8714-463E2474C2B5}.Debug|iPhoneSimulator.Build.0 = Debug|Any CPU
		{9BBF9126-1136-4E05-8714-463E2474C2B5}.Debug|iPhoneSimulator.Deploy.0 = Debug|Any CPU
		{9BBF9126-1136-4E05-8714-463E2474C2B5}.Debug|x64.ActiveCfg = Debug|Any CPU
		{9BBF9126-1136-4E05-8714-463E2474C2B5}.Debug|x64.Build.0 = Debug|Any CPU
		{9BBF9126-1136-4E05-8714-463E2474C2B5}.Debug|x64.Deploy.0 = Debug|Any CPU
		{9BBF9126-1136-4E05-8714-463E2474C2B5}.Debug|x86.ActiveCfg = Debug|Any CPU
		{9BBF9126-1136-4E05-8714-463E2474C2B5}.Debug|x86.Build.0 = Debug|Any CPU
		{9BBF9126-1136-4E05-8714-463E2474C2B5}.Debug|x86.Deploy.0 = Debug|Any CPU
		{9BBF9126-1136-4E05-8714-463E2474C2B5}.Release|Any CPU.ActiveCfg = Release|Any CPU
		{9BBF9126-1136-4E05-8714-463E2474C2B5}.Release|Any CPU.Build.0 = Release|Any CPU
		{9BBF9126-1136-4E05-8714-463E2474C2B5}.Release|Any CPU.Deploy.0 = Release|Any CPU
		{9BBF9126-1136-4E05-8714-463E2474C2B5}.Release|ARM.ActiveCfg = Release|Any CPU
		{9BBF9126-1136-4E05-8714-463E2474C2B5}.Release|ARM.Build.0 = Release|Any CPU
		{9BBF9126-1136-4E05-8714-463E2474C2B5}.Release|ARM.Deploy.0 = Release|Any CPU
		{9BBF9126-1136-4E05-8714-463E2474C2B5}.Release|iPhone.ActiveCfg = Release|Any CPU
		{9BBF9126-1136-4E05-8714-463E2474C2B5}.Release|iPhone.Build.0 = Release|Any CPU
		{9BBF9126-1136-4E05-8714-463E2474C2B5}.Release|iPhone.Deploy.0 = Release|Any CPU
		{9BBF9126-1136-4E05-8714-463E2474C2B5}.Release|iPhoneSimulator.ActiveCfg = Release|Any CPU
		{9BBF9126-1136-4E05-8714-463E2474C2B5}.Release|iPhoneSimulator.Build.0 = Release|Any CPU
		{9BBF9126-1136-4E05-8714-463E2474C2B5}.Release|iPhoneSimulator.Deploy.0 = Release|Any CPU
		{9BBF9126-1136-4E05-8714-463E2474C2B5}.Release|x64.ActiveCfg = Release|Any CPU
		{9BBF9126-1136-4E05-8714-463E2474C2B5}.Release|x64.Build.0 = Release|Any CPU
		{9BBF9126-1136-4E05-8714-463E2474C2B5}.Release|x64.Deploy.0 = Release|Any CPU
		{9BBF9126-1136-4E05-8714-463E2474C2B5}.Release|x86.ActiveCfg = Release|Any CPU
		{9BBF9126-1136-4E05-8714-463E2474C2B5}.Release|x86.Build.0 = Release|Any CPU
		{9BBF9126-1136-4E05-8714-463E2474C2B5}.Release|x86.Deploy.0 = Release|Any CPU
		{334FF605-0928-4AA7-B455-02CED540E612}.Ad-Hoc|Any CPU.ActiveCfg = Ad-Hoc|iPhone
		{334FF605-0928-4AA7-B455-02CED540E612}.Ad-Hoc|Any CPU.Build.0 = Ad-Hoc|iPhone
		{334FF605-0928-4AA7-B455-02CED540E612}.Ad-Hoc|Any CPU.Deploy.0 = Ad-Hoc|iPhone
		{334FF605-0928-4AA7-B455-02CED540E612}.Ad-Hoc|ARM.ActiveCfg = Ad-Hoc|iPhone
		{334FF605-0928-4AA7-B455-02CED540E612}.Ad-Hoc|ARM.Build.0 = Ad-Hoc|iPhone
		{334FF605-0928-4AA7-B455-02CED540E612}.Ad-Hoc|ARM.Deploy.0 = Ad-Hoc|iPhone
		{334FF605-0928-4AA7-B455-02CED540E612}.Ad-Hoc|iPhone.ActiveCfg = Ad-Hoc|iPhone
		{334FF605-0928-4AA7-B455-02CED540E612}.Ad-Hoc|iPhone.Build.0 = Ad-Hoc|iPhone
		{334FF605-0928-4AA7-B455-02CED540E612}.Ad-Hoc|iPhone.Deploy.0 = Ad-Hoc|iPhone
		{334FF605-0928-4AA7-B455-02CED540E612}.Ad-Hoc|iPhoneSimulator.ActiveCfg = Ad-Hoc|iPhoneSimulator
		{334FF605-0928-4AA7-B455-02CED540E612}.Ad-Hoc|iPhoneSimulator.Build.0 = Ad-Hoc|iPhoneSimulator
		{334FF605-0928-4AA7-B455-02CED540E612}.Ad-Hoc|iPhoneSimulator.Deploy.0 = Ad-Hoc|iPhoneSimulator
		{334FF605-0928-4AA7-B455-02CED540E612}.Ad-Hoc|x64.ActiveCfg = Ad-Hoc|iPhone
		{334FF605-0928-4AA7-B455-02CED540E612}.Ad-Hoc|x64.Build.0 = Ad-Hoc|iPhone
		{334FF605-0928-4AA7-B455-02CED540E612}.Ad-Hoc|x64.Deploy.0 = Ad-Hoc|iPhone
		{334FF605-0928-4AA7-B455-02CED540E612}.Ad-Hoc|x86.ActiveCfg = Ad-Hoc|iPhone
		{334FF605-0928-4AA7-B455-02CED540E612}.Ad-Hoc|x86.Build.0 = Ad-Hoc|iPhone
		{334FF605-0928-4AA7-B455-02CED540E612}.Ad-Hoc|x86.Deploy.0 = Ad-Hoc|iPhone
		{334FF605-0928-4AA7-B455-02CED540E612}.AppStore|Any CPU.ActiveCfg = AppStore|iPhone
		{334FF605-0928-4AA7-B455-02CED540E612}.AppStore|Any CPU.Build.0 = AppStore|iPhone
		{334FF605-0928-4AA7-B455-02CED540E612}.AppStore|Any CPU.Deploy.0 = AppStore|iPhone
		{334FF605-0928-4AA7-B455-02CED540E612}.AppStore|ARM.ActiveCfg = AppStore|iPhone
		{334FF605-0928-4AA7-B455-02CED540E612}.AppStore|ARM.Build.0 = AppStore|iPhone
		{334FF605-0928-4AA7-B455-02CED540E612}.AppStore|ARM.Deploy.0 = AppStore|iPhone
		{334FF605-0928-4AA7-B455-02CED540E612}.AppStore|iPhone.ActiveCfg = AppStore|iPhone
		{334FF605-0928-4AA7-B455-02CED540E612}.AppStore|iPhone.Build.0 = AppStore|iPhone
		{334FF605-0928-4AA7-B455-02CED540E612}.AppStore|iPhone.Deploy.0 = AppStore|iPhone
		{334FF605-0928-4AA7-B455-02CED540E612}.AppStore|iPhoneSimulator.ActiveCfg = AppStore|iPhoneSimulator
		{334FF605-0928-4AA7-B455-02CED540E612}.AppStore|iPhoneSimulator.Build.0 = AppStore|iPhoneSimulator
		{334FF605-0928-4AA7-B455-02CED540E612}.AppStore|iPhoneSimulator.Deploy.0 = AppStore|iPhoneSimulator
		{334FF605-0928-4AA7-B455-02CED540E612}.AppStore|x64.ActiveCfg = AppStore|iPhone
		{334FF605-0928-4AA7-B455-02CED540E612}.AppStore|x64.Build.0 = AppStore|iPhone
		{334FF605-0928-4AA7-B455-02CED540E612}.AppStore|x64.Deploy.0 = AppStore|iPhone
		{334FF605-0928-4AA7-B455-02CED540E612}.AppStore|x86.ActiveCfg = AppStore|iPhone
		{334FF605-0928-4AA7-B455-02CED540E612}.AppStore|x86.Build.0 = AppStore|iPhone
		{334FF605-0928-4AA7-B455-02CED540E612}.AppStore|x86.Deploy.0 = AppStore|iPhone
		{334FF605-0928-4AA7-B455-02CED540E612}.Debug|Any CPU.ActiveCfg = Debug|iPhoneSimulator
		{334FF605-0928-4AA7-B455-02CED540E612}.Debug|Any CPU.Build.0 = Debug|iPhoneSimulator
		{334FF605-0928-4AA7-B455-02CED540E612}.Debug|Any CPU.Deploy.0 = Debug|iPhoneSimulator
		{334FF605-0928-4AA7-B455-02CED540E612}.Debug|ARM.ActiveCfg = Debug|iPhone
		{334FF605-0928-4AA7-B455-02CED540E612}.Debug|ARM.Build.0 = Debug|iPhone
		{334FF605-0928-4AA7-B455-02CED540E612}.Debug|ARM.Deploy.0 = Debug|iPhone
		{334FF605-0928-4AA7-B455-02CED540E612}.Debug|iPhone.ActiveCfg = Debug|iPhone
		{334FF605-0928-4AA7-B455-02CED540E612}.Debug|iPhone.Build.0 = Debug|iPhone
		{334FF605-0928-4AA7-B455-02CED540E612}.Debug|iPhone.Deploy.0 = Debug|iPhone
		{334FF605-0928-4AA7-B455-02CED540E612}.Debug|iPhoneSimulator.ActiveCfg = Debug|iPhoneSimulator
		{334FF605-0928-4AA7-B455-02CED540E612}.Debug|iPhoneSimulator.Build.0 = Debug|iPhoneSimulator
		{334FF605-0928-4AA7-B455-02CED540E612}.Debug|iPhoneSimulator.Deploy.0 = Debug|iPhoneSimulator
		{334FF605-0928-4AA7-B455-02CED540E612}.Debug|x64.ActiveCfg = Debug|iPhone
		{334FF605-0928-4AA7-B455-02CED540E612}.Debug|x64.Build.0 = Debug|iPhone
		{334FF605-0928-4AA7-B455-02CED540E612}.Debug|x64.Deploy.0 = Debug|iPhone
		{334FF605-0928-4AA7-B455-02CED540E612}.Debug|x86.ActiveCfg = Debug|iPhone
		{334FF605-0928-4AA7-B455-02CED540E612}.Debug|x86.Build.0 = Debug|iPhone
		{334FF605-0928-4AA7-B455-02CED540E612}.Debug|x86.Deploy.0 = Debug|iPhone
		{334FF605-0928-4AA7-B455-02CED540E612}.Release|Any CPU.ActiveCfg = Release|iPhone
		{334FF605-0928-4AA7-B455-02CED540E612}.Release|Any CPU.Build.0 = Release|iPhone
		{334FF605-0928-4AA7-B455-02CED540E612}.Release|Any CPU.Deploy.0 = Release|iPhone
		{334FF605-0928-4AA7-B455-02CED540E612}.Release|ARM.ActiveCfg = Release|iPhone
		{334FF605-0928-4AA7-B455-02CED540E612}.Release|ARM.Build.0 = Release|iPhone
		{334FF605-0928-4AA7-B455-02CED540E612}.Release|ARM.Deploy.0 = Release|iPhone
		{334FF605-0928-4AA7-B455-02CED540E612}.Release|iPhone.ActiveCfg = Release|iPhone
		{334FF605-0928-4AA7-B455-02CED540E612}.Release|iPhone.Build.0 = Release|iPhone
		{334FF605-0928-4AA7-B455-02CED540E612}.Release|iPhone.Deploy.0 = Release|iPhone
		{334FF605-0928-4AA7-B455-02CED540E612}.Release|iPhoneSimulator.ActiveCfg = Release|iPhoneSimulator
		{334FF605-0928-4AA7-B455-02CED540E612}.Release|iPhoneSimulator.Build.0 = Release|iPhoneSimulator
		{334FF605-0928-4AA7-B455-02CED540E612}.Release|iPhoneSimulator.Deploy.0 = Release|iPhoneSimulator
		{334FF605-0928-4AA7-B455-02CED540E612}.Release|x64.ActiveCfg = Release|iPhone
		{334FF605-0928-4AA7-B455-02CED540E612}.Release|x64.Build.0 = Release|iPhone
		{334FF605-0928-4AA7-B455-02CED540E612}.Release|x64.Deploy.0 = Release|iPhone
		{334FF605-0928-4AA7-B455-02CED540E612}.Release|x86.ActiveCfg = Release|iPhone
		{334FF605-0928-4AA7-B455-02CED540E612}.Release|x86.Build.0 = Release|iPhone
		{334FF605-0928-4AA7-B455-02CED540E612}.Release|x86.Deploy.0 = Release|iPhone
		{ACF04C8D-D2C5-43A8-9B9D-D58F131E99AC}.Ad-Hoc|Any CPU.ActiveCfg = Release|x86
		{ACF04C8D-D2C5-43A8-9B9D-D58F131E99AC}.Ad-Hoc|Any CPU.Build.0 = Release|x86
		{ACF04C8D-D2C5-43A8-9B9D-D58F131E99AC}.Ad-Hoc|Any CPU.Deploy.0 = Release|x86
		{ACF04C8D-D2C5-43A8-9B9D-D58F131E99AC}.Ad-Hoc|ARM.ActiveCfg = Release|ARM
		{ACF04C8D-D2C5-43A8-9B9D-D58F131E99AC}.Ad-Hoc|ARM.Build.0 = Release|ARM
		{ACF04C8D-D2C5-43A8-9B9D-D58F131E99AC}.Ad-Hoc|ARM.Deploy.0 = Release|ARM
		{ACF04C8D-D2C5-43A8-9B9D-D58F131E99AC}.Ad-Hoc|iPhone.ActiveCfg = Release|x86
		{ACF04C8D-D2C5-43A8-9B9D-D58F131E99AC}.Ad-Hoc|iPhone.Build.0 = Release|x86
		{ACF04C8D-D2C5-43A8-9B9D-D58F131E99AC}.Ad-Hoc|iPhone.Deploy.0 = Release|x86
		{ACF04C8D-D2C5-43A8-9B9D-D58F131E99AC}.Ad-Hoc|iPhoneSimulator.ActiveCfg = Release|x86
		{ACF04C8D-D2C5-43A8-9B9D-D58F131E99AC}.Ad-Hoc|iPhoneSimulator.Build.0 = Release|x86
		{ACF04C8D-D2C5-43A8-9B9D-D58F131E99AC}.Ad-Hoc|iPhoneSimulator.Deploy.0 = Release|x86
		{ACF04C8D-D2C5-43A8-9B9D-D58F131E99AC}.Ad-Hoc|x64.ActiveCfg = Release|x64
		{ACF04C8D-D2C5-43A8-9B9D-D58F131E99AC}.Ad-Hoc|x64.Build.0 = Release|x64
		{ACF04C8D-D2C5-43A8-9B9D-D58F131E99AC}.Ad-Hoc|x64.Deploy.0 = Release|x64
		{ACF04C8D-D2C5-43A8-9B9D-D58F131E99AC}.Ad-Hoc|x86.ActiveCfg = Release|x86
		{ACF04C8D-D2C5-43A8-9B9D-D58F131E99AC}.Ad-Hoc|x86.Build.0 = Release|x86
		{ACF04C8D-D2C5-43A8-9B9D-D58F131E99AC}.Ad-Hoc|x86.Deploy.0 = Release|x86
		{ACF04C8D-D2C5-43A8-9B9D-D58F131E99AC}.AppStore|Any CPU.ActiveCfg = Release|x86
		{ACF04C8D-D2C5-43A8-9B9D-D58F131E99AC}.AppStore|Any CPU.Build.0 = Release|x86
		{ACF04C8D-D2C5-43A8-9B9D-D58F131E99AC}.AppStore|Any CPU.Deploy.0 = Release|x86
		{ACF04C8D-D2C5-43A8-9B9D-D58F131E99AC}.AppStore|ARM.ActiveCfg = Release|ARM
		{ACF04C8D-D2C5-43A8-9B9D-D58F131E99AC}.AppStore|ARM.Build.0 = Release|ARM
		{ACF04C8D-D2C5-43A8-9B9D-D58F131E99AC}.AppStore|ARM.Deploy.0 = Release|ARM
		{ACF04C8D-D2C5-43A8-9B9D-D58F131E99AC}.AppStore|iPhone.ActiveCfg = Release|x86
		{ACF04C8D-D2C5-43A8-9B9D-D58F131E99AC}.AppStore|iPhone.Build.0 = Release|x86
		{ACF04C8D-D2C5-43A8-9B9D-D58F131E99AC}.AppStore|iPhone.Deploy.0 = Release|x86
		{ACF04C8D-D2C5-43A8-9B9D-D58F131E99AC}.AppStore|iPhoneSimulator.ActiveCfg = Release|x86
		{ACF04C8D-D2C5-43A8-9B9D-D58F131E99AC}.AppStore|iPhoneSimulator.Build.0 = Release|x86
		{ACF04C8D-D2C5-43A8-9B9D-D58F131E99AC}.AppStore|iPhoneSimulator.Deploy.0 = Release|x86
		{ACF04C8D-D2C5-43A8-9B9D-D58F131E99AC}.AppStore|x64.ActiveCfg = Release|x64
		{ACF04C8D-D2C5-43A8-9B9D-D58F131E99AC}.AppStore|x64.Build.0 = Release|x64
		{ACF04C8D-D2C5-43A8-9B9D-D58F131E99AC}.AppStore|x64.Deploy.0 = Release|x64
		{ACF04C8D-D2C5-43A8-9B9D-D58F131E99AC}.AppStore|x86.ActiveCfg = Release|x86
		{ACF04C8D-D2C5-43A8-9B9D-D58F131E99AC}.AppStore|x86.Build.0 = Release|x86
		{ACF04C8D-D2C5-43A8-9B9D-D58F131E99AC}.AppStore|x86.Deploy.0 = Release|x86
		{ACF04C8D-D2C5-43A8-9B9D-D58F131E99AC}.Debug|Any CPU.ActiveCfg = Debug|x86
		{ACF04C8D-D2C5-43A8-9B9D-D58F131E99AC}.Debug|Any CPU.Build.0 = Debug|x86
		{ACF04C8D-D2C5-43A8-9B9D-D58F131E99AC}.Debug|Any CPU.Deploy.0 = Debug|x86
		{ACF04C8D-D2C5-43A8-9B9D-D58F131E99AC}.Debug|ARM.ActiveCfg = Debug|ARM
		{ACF04C8D-D2C5-43A8-9B9D-D58F131E99AC}.Debug|ARM.Build.0 = Debug|ARM
		{ACF04C8D-D2C5-43A8-9B9D-D58F131E99AC}.Debug|ARM.Deploy.0 = Debug|ARM
		{ACF04C8D-D2C5-43A8-9B9D-D58F131E99AC}.Debug|iPhone.ActiveCfg = Debug|x86
		{ACF04C8D-D2C5-43A8-9B9D-D58F131E99AC}.Debug|iPhone.Build.0 = Debug|x86
		{ACF04C8D-D2C5-43A8-9B9D-D58F131E99AC}.Debug|iPhone.Deploy.0 = Debug|x86
		{ACF04C8D-D2C5-43A8-9B9D-D58F131E99AC}.Debug|iPhoneSimulator.ActiveCfg = Debug|x86
		{ACF04C8D-D2C5-43A8-9B9D-D58F131E99AC}.Debug|iPhoneSimulator.Build.0 = Debug|x86
		{ACF04C8D-D2C5-43A8-9B9D-D58F131E99AC}.Debug|iPhoneSimulator.Deploy.0 = Debug|x86
		{ACF04C8D-D2C5-43A8-9B9D-D58F131E99AC}.Debug|x64.ActiveCfg = Debug|x64
		{ACF04C8D-D2C5-43A8-9B9D-D58F131E99AC}.Debug|x64.Build.0 = Debug|x64
		{ACF04C8D-D2C5-43A8-9B9D-D58F131E99AC}.Debug|x64.Deploy.0 = Debug|x64
		{ACF04C8D-D2C5-43A8-9B9D-D58F131E99AC}.Debug|x86.ActiveCfg = Debug|x86
		{ACF04C8D-D2C5-43A8-9B9D-D58F131E99AC}.Debug|x86.Build.0 = Debug|x86
		{ACF04C8D-D2C5-43A8-9B9D-D58F131E99AC}.Debug|x86.Deploy.0 = Debug|x86
		{ACF04C8D-D2C5-43A8-9B9D-D58F131E99AC}.Release|Any CPU.ActiveCfg = Release|x86
		{ACF04C8D-D2C5-43A8-9B9D-D58F131E99AC}.Release|Any CPU.Build.0 = Release|x86
		{ACF04C8D-D2C5-43A8-9B9D-D58F131E99AC}.Release|Any CPU.Deploy.0 = Release|x86
		{ACF04C8D-D2C5-43A8-9B9D-D58F131E99AC}.Release|ARM.ActiveCfg = Release|ARM
		{ACF04C8D-D2C5-43A8-9B9D-D58F131E99AC}.Release|ARM.Build.0 = Release|ARM
		{ACF04C8D-D2C5-43A8-9B9D-D58F131E99AC}.Release|ARM.Deploy.0 = Release|ARM
		{ACF04C8D-D2C5-43A8-9B9D-D58F131E99AC}.Release|iPhone.ActiveCfg = Release|x86
		{ACF04C8D-D2C5-43A8-9B9D-D58F131E99AC}.Release|iPhone.Build.0 = Release|x86
		{ACF04C8D-D2C5-43A8-9B9D-D58F131E99AC}.Release|iPhone.Deploy.0 = Release|x86
		{ACF04C8D-D2C5-43A8-9B9D-D58F131E99AC}.Release|iPhoneSimulator.ActiveCfg = Release|x86
		{ACF04C8D-D2C5-43A8-9B9D-D58F131E99AC}.Release|iPhoneSimulator.Build.0 = Release|x86
		{ACF04C8D-D2C5-43A8-9B9D-D58F131E99AC}.Release|iPhoneSimulator.Deploy.0 = Release|x86
		{ACF04C8D-D2C5-43A8-9B9D-D58F131E99AC}.Release|x64.ActiveCfg = Release|x64
		{ACF04C8D-D2C5-43A8-9B9D-D58F131E99AC}.Release|x64.Build.0 = Release|x64
		{ACF04C8D-D2C5-43A8-9B9D-D58F131E99AC}.Release|x64.Deploy.0 = Release|x64
		{ACF04C8D-D2C5-43A8-9B9D-D58F131E99AC}.Release|x86.ActiveCfg = Release|x86
		{ACF04C8D-D2C5-43A8-9B9D-D58F131E99AC}.Release|x86.Build.0 = Release|x86
		{ACF04C8D-D2C5-43A8-9B9D-D58F131E99AC}.Release|x86.Deploy.0 = Release|x86
		{A67DBA2C-6564-464F-882F-0E3CBC4B98FD}.Ad-Hoc|Any CPU.ActiveCfg = Debug|Any CPU
		{A67DBA2C-6564-464F-882F-0E3CBC4B98FD}.Ad-Hoc|Any CPU.Build.0 = Debug|Any CPU
		{A67DBA2C-6564-464F-882F-0E3CBC4B98FD}.Ad-Hoc|Any CPU.Deploy.0 = Debug|Any CPU
		{A67DBA2C-6564-464F-882F-0E3CBC4B98FD}.Ad-Hoc|ARM.ActiveCfg = Debug|Any CPU
		{A67DBA2C-6564-464F-882F-0E3CBC4B98FD}.Ad-Hoc|ARM.Build.0 = Debug|Any CPU
		{A67DBA2C-6564-464F-882F-0E3CBC4B98FD}.Ad-Hoc|ARM.Deploy.0 = Debug|Any CPU
		{A67DBA2C-6564-464F-882F-0E3CBC4B98FD}.Ad-Hoc|iPhone.ActiveCfg = Debug|Any CPU
		{A67DBA2C-6564-464F-882F-0E3CBC4B98FD}.Ad-Hoc|iPhone.Build.0 = Debug|Any CPU
		{A67DBA2C-6564-464F-882F-0E3CBC4B98FD}.Ad-Hoc|iPhone.Deploy.0 = Debug|Any CPU
		{A67DBA2C-6564-464F-882F-0E3CBC4B98FD}.Ad-Hoc|iPhoneSimulator.ActiveCfg = Debug|Any CPU
		{A67DBA2C-6564-464F-882F-0E3CBC4B98FD}.Ad-Hoc|iPhoneSimulator.Build.0 = Debug|Any CPU
		{A67DBA2C-6564-464F-882F-0E3CBC4B98FD}.Ad-Hoc|iPhoneSimulator.Deploy.0 = Debug|Any CPU
		{A67DBA2C-6564-464F-882F-0E3CBC4B98FD}.Ad-Hoc|x64.ActiveCfg = Debug|Any CPU
		{A67DBA2C-6564-464F-882F-0E3CBC4B98FD}.Ad-Hoc|x64.Build.0 = Debug|Any CPU
		{A67DBA2C-6564-464F-882F-0E3CBC4B98FD}.Ad-Hoc|x64.Deploy.0 = Debug|Any CPU
		{A67DBA2C-6564-464F-882F-0E3CBC4B98FD}.Ad-Hoc|x86.ActiveCfg = Debug|Any CPU
		{A67DBA2C-6564-464F-882F-0E3CBC4B98FD}.Ad-Hoc|x86.Build.0 = Debug|Any CPU
		{A67DBA2C-6564-464F-882F-0E3CBC4B98FD}.Ad-Hoc|x86.Deploy.0 = Debug|Any CPU
		{A67DBA2C-6564-464F-882F-0E3CBC4B98FD}.AppStore|Any CPU.ActiveCfg = Debug|Any CPU
		{A67DBA2C-6564-464F-882F-0E3CBC4B98FD}.AppStore|Any CPU.Build.0 = Debug|Any CPU
		{A67DBA2C-6564-464F-882F-0E3CBC4B98FD}.AppStore|Any CPU.Deploy.0 = Debug|Any CPU
		{A67DBA2C-6564-464F-882F-0E3CBC4B98FD}.AppStore|ARM.ActiveCfg = Debug|Any CPU
		{A67DBA2C-6564-464F-882F-0E3CBC4B98FD}.AppStore|ARM.Build.0 = Debug|Any CPU
		{A67DBA2C-6564-464F-882F-0E3CBC4B98FD}.AppStore|ARM.Deploy.0 = Debug|Any CPU
		{A67DBA2C-6564-464F-882F-0E3CBC4B98FD}.AppStore|iPhone.ActiveCfg = Debug|Any CPU
		{A67DBA2C-6564-464F-882F-0E3CBC4B98FD}.AppStore|iPhone.Build.0 = Debug|Any CPU
		{A67DBA2C-6564-464F-882F-0E3CBC4B98FD}.AppStore|iPhone.Deploy.0 = Debug|Any CPU
		{A67DBA2C-6564-464F-882F-0E3CBC4B98FD}.AppStore|iPhoneSimulator.ActiveCfg = Debug|Any CPU
		{A67DBA2C-6564-464F-882F-0E3CBC4B98FD}.AppStore|iPhoneSimulator.Build.0 = Debug|Any CPU
		{A67DBA2C-6564-464F-882F-0E3CBC4B98FD}.AppStore|iPhoneSimulator.Deploy.0 = Debug|Any CPU
		{A67DBA2C-6564-464F-882F-0E3CBC4B98FD}.AppStore|x64.ActiveCfg = Debug|Any CPU
		{A67DBA2C-6564-464F-882F-0E3CBC4B98FD}.AppStore|x64.Build.0 = Debug|Any CPU
		{A67DBA2C-6564-464F-882F-0E3CBC4B98FD}.AppStore|x64.Deploy.0 = Debug|Any CPU
		{A67DBA2C-6564-464F-882F-0E3CBC4B98FD}.AppStore|x86.ActiveCfg = Debug|Any CPU
		{A67DBA2C-6564-464F-882F-0E3CBC4B98FD}.AppStore|x86.Build.0 = Debug|Any CPU
		{A67DBA2C-6564-464F-882F-0E3CBC4B98FD}.AppStore|x86.Deploy.0 = Debug|Any CPU
		{A67DBA2C-6564-464F-882F-0E3CBC4B98FD}.Debug|Any CPU.ActiveCfg = Debug|Any CPU
		{A67DBA2C-6564-464F-882F-0E3CBC4B98FD}.Debug|Any CPU.Build.0 = Debug|Any CPU
		{A67DBA2C-6564-464F-882F-0E3CBC4B98FD}.Debug|Any CPU.Deploy.0 = Debug|Any CPU
		{A67DBA2C-6564-464F-882F-0E3CBC4B98FD}.Debug|ARM.ActiveCfg = Debug|Any CPU
		{A67DBA2C-6564-464F-882F-0E3CBC4B98FD}.Debug|ARM.Build.0 = Debug|Any CPU
		{A67DBA2C-6564-464F-882F-0E3CBC4B98FD}.Debug|ARM.Deploy.0 = Debug|Any CPU
		{A67DBA2C-6564-464F-882F-0E3CBC4B98FD}.Debug|iPhone.ActiveCfg = Debug|Any CPU
		{A67DBA2C-6564-464F-882F-0E3CBC4B98FD}.Debug|iPhone.Build.0 = Debug|Any CPU
		{A67DBA2C-6564-464F-882F-0E3CBC4B98FD}.Debug|iPhone.Deploy.0 = Debug|Any CPU
		{A67DBA2C-6564-464F-882F-0E3CBC4B98FD}.Debug|iPhoneSimulator.ActiveCfg = Debug|Any CPU
		{A67DBA2C-6564-464F-882F-0E3CBC4B98FD}.Debug|iPhoneSimulator.Build.0 = Debug|Any CPU
		{A67DBA2C-6564-464F-882F-0E3CBC4B98FD}.Debug|iPhoneSimulator.Deploy.0 = Debug|Any CPU
		{A67DBA2C-6564-464F-882F-0E3CBC4B98FD}.Debug|x64.ActiveCfg = Debug|Any CPU
		{A67DBA2C-6564-464F-882F-0E3CBC4B98FD}.Debug|x64.Build.0 = Debug|Any CPU
		{A67DBA2C-6564-464F-882F-0E3CBC4B98FD}.Debug|x64.Deploy.0 = Debug|Any CPU
		{A67DBA2C-6564-464F-882F-0E3CBC4B98FD}.Debug|x86.ActiveCfg = Debug|Any CPU
		{A67DBA2C-6564-464F-882F-0E3CBC4B98FD}.Debug|x86.Build.0 = Debug|Any CPU
		{A67DBA2C-6564-464F-882F-0E3CBC4B98FD}.Debug|x86.Deploy.0 = Debug|Any CPU
		{A67DBA2C-6564-464F-882F-0E3CBC4B98FD}.Release|Any CPU.ActiveCfg = Release|Any CPU
		{A67DBA2C-6564-464F-882F-0E3CBC4B98FD}.Release|Any CPU.Build.0 = Release|Any CPU
		{A67DBA2C-6564-464F-882F-0E3CBC4B98FD}.Release|Any CPU.Deploy.0 = Release|Any CPU
		{A67DBA2C-6564-464F-882F-0E3CBC4B98FD}.Release|ARM.ActiveCfg = Release|Any CPU
		{A67DBA2C-6564-464F-882F-0E3CBC4B98FD}.Release|ARM.Build.0 = Release|Any CPU
		{A67DBA2C-6564-464F-882F-0E3CBC4B98FD}.Release|ARM.Deploy.0 = Release|Any CPU
		{A67DBA2C-6564-464F-882F-0E3CBC4B98FD}.Release|iPhone.ActiveCfg = Release|Any CPU
		{A67DBA2C-6564-464F-882F-0E3CBC4B98FD}.Release|iPhone.Build.0 = Release|Any CPU
		{A67DBA2C-6564-464F-882F-0E3CBC4B98FD}.Release|iPhone.Deploy.0 = Release|Any CPU
		{A67DBA2C-6564-464F-882F-0E3CBC4B98FD}.Release|iPhoneSimulator.ActiveCfg = Release|Any CPU
		{A67DBA2C-6564-464F-882F-0E3CBC4B98FD}.Release|iPhoneSimulator.Build.0 = Release|Any CPU
		{A67DBA2C-6564-464F-882F-0E3CBC4B98FD}.Release|iPhoneSimulator.Deploy.0 = Release|Any CPU
		{A67DBA2C-6564-464F-882F-0E3CBC4B98FD}.Release|x64.ActiveCfg = Release|Any CPU
		{A67DBA2C-6564-464F-882F-0E3CBC4B98FD}.Release|x64.Build.0 = Release|Any CPU
		{A67DBA2C-6564-464F-882F-0E3CBC4B98FD}.Release|x64.Deploy.0 = Release|Any CPU
		{A67DBA2C-6564-464F-882F-0E3CBC4B98FD}.Release|x86.ActiveCfg = Release|Any CPU
		{A67DBA2C-6564-464F-882F-0E3CBC4B98FD}.Release|x86.Build.0 = Release|Any CPU
		{A67DBA2C-6564-464F-882F-0E3CBC4B98FD}.Release|x86.Deploy.0 = Release|Any CPU
	EndGlobalSection
	GlobalSection(SolutionProperties) = preSolution
		HideSolutionNode = FALSE
	EndGlobalSection
	GlobalSection(ExtensibilityGlobals) = postSolution
		SolutionGuid = {EC893E17-D01B-4668-BDFC-6E7C2F9B25BA}
	EndGlobalSection
EndGlobal
