
Microsoft Visual Studio Solution File, Format Version 12.00
# Visual Studio 15
VisualStudioVersion = 15.0.28307.102
MinimumVisualStudioVersion = 10.0.40219.1
Project("{FAE04EC0-301F-11D3-BF4B-00C04F79EFBC}") = "App1_Estilo.Android", "App1_Estilo\App1_Estilo.Android\App1_Estilo.Android.csproj", "{4CBB02FA-4D56-4576-8A4A-3873B362BCF9}"
EndProject
Project("{FAE04EC0-301F-11D3-BF4B-00C04F79EFBC}") = "App1_Estilo.iOS", "App1_Estilo\App1_Estilo.iOS\App1_Estilo.iOS.csproj", "{E1E8B683-1613-4068-AFDD-B202532D8F05}"
EndProject
Project("{FAE04EC0-301F-11D3-BF4B-00C04F79EFBC}") = "App1_Estilo.UWP", "App1_Estilo\App1_Estilo.UWP\App1_Estilo.UWP.csproj", "{CFA85DFA-73CF-4C9C-84A3-F83B2FE228AF}"
EndProject
Project("{FAE04EC0-301F-11D3-BF4B-00C04F79EFBC}") = "App1_Estilo", "App1_Estilo\App1_Estilo\App1_Estilo.csproj", "{B56A7E24-ACB0-4D88-ABCD-D1EE399D138E}"
EndProject
Global
	GlobalSection(SolutionConfigurationPlatforms) = preSolution
		Ad-Hoc|Any CPU = Ad-Hoc|Any CPU
		Ad-Hoc|ARM = Ad-Hoc|ARM
		Ad-Hoc|iPhone = Ad-Hoc|iPhone
		Ad-Hoc|iPhoneSimulator = Ad-Hoc|iPhoneSimulator
		Ad-Hoc|x64 = Ad-Hoc|x64
		Ad-Hoc|x86 = Ad-Hoc|x86
		AppStore|Any CPU = AppStore|Any CPU
		AppStore|ARM = AppStore|ARM
		AppStore|iPhone = AppStore|iPhone
		AppStore|iPhoneSimulator = AppStore|iPhoneSimulator
		AppStore|x64 = AppStore|x64
		AppStore|x86 = AppStore|x86
		Debug|Any CPU = Debug|Any CPU
		Debug|ARM = Debug|ARM
		Debug|iPhone = Debug|iPhone
		Debug|iPhoneSimulator = Debug|iPhoneSimulator
		Debug|x64 = Debug|x64
		Debug|x86 = Debug|x86
		Release|Any CPU = Release|Any CPU
		Release|ARM = Release|ARM
		Release|iPhone = Release|iPhone
		Release|iPhoneSimulator = Release|iPhoneSimulator
		Release|x64 = Release|x64
		Release|x86 = Release|x86
	EndGlobalSection
	GlobalSection(ProjectConfigurationPlatforms) = postSolution
		{4CBB02FA-4D56-4576-8A4A-3873B362BCF9}.Ad-Hoc|Any CPU.ActiveCfg = Release|Any CPU
		{4CBB02FA-4D56-4576-8A4A-3873B362BCF9}.Ad-Hoc|Any CPU.Build.0 = Release|Any CPU
		{4CBB02FA-4D56-4576-8A4A-3873B362BCF9}.Ad-Hoc|Any CPU.Deploy.0 = Release|Any CPU
		{4CBB02FA-4D56-4576-8A4A-3873B362BCF9}.Ad-Hoc|ARM.ActiveCfg = Release|Any CPU
		{4CBB02FA-4D56-4576-8A4A-3873B362BCF9}.Ad-Hoc|ARM.Build.0 = Release|Any CPU
		{4CBB02FA-4D56-4576-8A4A-3873B362BCF9}.Ad-Hoc|ARM.Deploy.0 = Release|Any CPU
		{4CBB02FA-4D56-4576-8A4A-3873B362BCF9}.Ad-Hoc|iPhone.ActiveCfg = Release|Any CPU
		{4CBB02FA-4D56-4576-8A4A-3873B362BCF9}.Ad-Hoc|iPhone.Build.0 = Release|Any CPU
		{4CBB02FA-4D56-4576-8A4A-3873B362BCF9}.Ad-Hoc|iPhone.Deploy.0 = Release|Any CPU
		{4CBB02FA-4D56-4576-8A4A-3873B362BCF9}.Ad-Hoc|iPhoneSimulator.ActiveCfg = Release|Any CPU
		{4CBB02FA-4D56-4576-8A4A-3873B362BCF9}.Ad-Hoc|iPhoneSimulator.Build.0 = Release|Any CPU
		{4CBB02FA-4D56-4576-8A4A-3873B362BCF9}.Ad-Hoc|iPhoneSimulator.Deploy.0 = Release|Any CPU
		{4CBB02FA-4D56-4576-8A4A-3873B362BCF9}.Ad-Hoc|x64.ActiveCfg = Release|Any CPU
		{4CBB02FA-4D56-4576-8A4A-3873B362BCF9}.Ad-Hoc|x64.Build.0 = Release|Any CPU
		{4CBB02FA-4D56-4576-8A4A-3873B362BCF9}.Ad-Hoc|x64.Deploy.0 = Release|Any CPU
		{4CBB02FA-4D56-4576-8A4A-3873B362BCF9}.Ad-Hoc|x86.ActiveCfg = Release|Any CPU
		{4CBB02FA-4D56-4576-8A4A-3873B362BCF9}.Ad-Hoc|x86.Build.0 = Release|Any CPU
		{4CBB02FA-4D56-4576-8A4A-3873B362BCF9}.Ad-Hoc|x86.Deploy.0 = Release|Any CPU
		{4CBB02FA-4D56-4576-8A4A-3873B362BCF9}.AppStore|Any CPU.ActiveCfg = Release|Any CPU
		{4CBB02FA-4D56-4576-8A4A-3873B362BCF9}.AppStore|Any CPU.Build.0 = Release|Any CPU
		{4CBB02FA-4D56-4576-8A4A-3873B362BCF9}.AppStore|Any CPU.Deploy.0 = Release|Any CPU
		{4CBB02FA-4D56-4576-8A4A-3873B362BCF9}.AppStore|ARM.ActiveCfg = Release|Any CPU
		{4CBB02FA-4D56-4576-8A4A-3873B362BCF9}.AppStore|ARM.Build.0 = Release|Any CPU
		{4CBB02FA-4D56-4576-8A4A-3873B362BCF9}.AppStore|ARM.Deploy.0 = Release|Any CPU
		{4CBB02FA-4D56-4576-8A4A-3873B362BCF9}.AppStore|iPhone.ActiveCfg = Release|Any CPU
		{4CBB02FA-4D56-4576-8A4A-3873B362BCF9}.AppStore|iPhone.Build.0 = Release|Any CPU
		{4CBB02FA-4D56-4576-8A4A-3873B362BCF9}.AppStore|iPhone.Deploy.0 = Release|Any CPU
		{4CBB02FA-4D56-4576-8A4A-3873B362BCF9}.AppStore|iPhoneSimulator.ActiveCfg = Release|Any CPU
		{4CBB02FA-4D56-4576-8A4A-3873B362BCF9}.AppStore|iPhoneSimulator.Build.0 = Release|Any CPU
		{4CBB02FA-4D56-4576-8A4A-3873B362BCF9}.AppStore|iPhoneSimulator.Deploy.0 = Release|Any CPU
		{4CBB02FA-4D56-4576-8A4A-3873B362BCF9}.AppStore|x64.ActiveCfg = Release|Any CPU
		{4CBB02FA-4D56-4576-8A4A-3873B362BCF9}.AppStore|x64.Build.0 = Release|Any CPU
		{4CBB02FA-4D56-4576-8A4A-3873B362BCF9}.AppStore|x64.Deploy.0 = Release|Any CPU
		{4CBB02FA-4D56-4576-8A4A-3873B362BCF9}.AppStore|x86.ActiveCfg = Release|Any CPU
		{4CBB02FA-4D56-4576-8A4A-3873B362BCF9}.AppStore|x86.Build.0 = Release|Any CPU
		{4CBB02FA-4D56-4576-8A4A-3873B362BCF9}.AppStore|x86.Deploy.0 = Release|Any CPU
		{4CBB02FA-4D56-4576-8A4A-3873B362BCF9}.Debug|Any CPU.ActiveCfg = Debug|Any CPU
		{4CBB02FA-4D56-4576-8A4A-3873B362BCF9}.Debug|Any CPU.Build.0 = Debug|Any CPU
		{4CBB02FA-4D56-4576-8A4A-3873B362BCF9}.Debug|Any CPU.Deploy.0 = Debug|Any CPU
		{4CBB02FA-4D56-4576-8A4A-3873B362BCF9}.Debug|ARM.ActiveCfg = Debug|Any CPU
		{4CBB02FA-4D56-4576-8A4A-3873B362BCF9}.Debug|ARM.Build.0 = Debug|Any CPU
		{4CBB02FA-4D56-4576-8A4A-3873B362BCF9}.Debug|ARM.Deploy.0 = Debug|Any CPU
		{4CBB02FA-4D56-4576-8A4A-3873B362BCF9}.Debug|iPhone.ActiveCfg = Debug|Any CPU
		{4CBB02FA-4D56-4576-8A4A-3873B362BCF9}.Debug|iPhone.Build.0 = Debug|Any CPU
		{4CBB02FA-4D56-4576-8A4A-3873B362BCF9}.Debug|iPhone.Deploy.0 = Debug|Any CPU
		{4CBB02FA-4D56-4576-8A4A-3873B362BCF9}.Debug|iPhoneSimulator.ActiveCfg = Debug|Any CPU
		{4CBB02FA-4D56-4576-8A4A-3873B362BCF9}.Debug|iPhoneSimulator.Build.0 = Debug|Any CPU
		{4CBB02FA-4D56-4576-8A4A-3873B362BCF9}.Debug|iPhoneSimulator.Deploy.0 = Debug|Any CPU
		{4CBB02FA-4D56-4576-8A4A-3873B362BCF9}.Debug|x64.ActiveCfg = Debug|Any CPU
		{4CBB02FA-4D56-4576-8A4A-3873B362BCF9}.Debug|x64.Build.0 = Debug|Any CPU
		{4CBB02FA-4D56-4576-8A4A-3873B362BCF9}.Debug|x64.Deploy.0 = Debug|Any CPU
		{4CBB02FA-4D56-4576-8A4A-3873B362BCF9}.Debug|x86.ActiveCfg = Debug|Any CPU
		{4CBB02FA-4D56-4576-8A4A-3873B362BCF9}.Debug|x86.Build.0 = Debug|Any CPU
		{4CBB02FA-4D56-4576-8A4A-3873B362BCF9}.Debug|x86.Deploy.0 = Debug|Any CPU
		{4CBB02FA-4D56-4576-8A4A-3873B362BCF9}.Release|Any CPU.ActiveCfg = Release|Any CPU
		{4CBB02FA-4D56-4576-8A4A-3873B362BCF9}.Release|Any CPU.Build.0 = Release|Any CPU
		{4CBB02FA-4D56-4576-8A4A-3873B362BCF9}.Release|Any CPU.Deploy.0 = Release|Any CPU
		{4CBB02FA-4D56-4576-8A4A-3873B362BCF9}.Release|ARM.ActiveCfg = Release|Any CPU
		{4CBB02FA-4D56-4576-8A4A-3873B362BCF9}.Release|ARM.Build.0 = Release|Any CPU
		{4CBB02FA-4D56-4576-8A4A-3873B362BCF9}.Release|ARM.Deploy.0 = Release|Any CPU
		{4CBB02FA-4D56-4576-8A4A-3873B362BCF9}.Release|iPhone.ActiveCfg = Release|Any CPU
		{4CBB02FA-4D56-4576-8A4A-3873B362BCF9}.Release|iPhone.Build.0 = Release|Any CPU
		{4CBB02FA-4D56-4576-8A4A-3873B362BCF9}.Release|iPhone.Deploy.0 = Release|Any CPU
		{4CBB02FA-4D56-4576-8A4A-3873B362BCF9}.Release|iPhoneSimulator.ActiveCfg = Release|Any CPU
		{4CBB02FA-4D56-4576-8A4A-3873B362BCF9}.Release|iPhoneSimulator.Build.0 = Release|Any CPU
		{4CBB02FA-4D56-4576-8A4A-3873B362BCF9}.Release|iPhoneSimulator.Deploy.0 = Release|Any CPU
		{4CBB02FA-4D56-4576-8A4A-3873B362BCF9}.Release|x64.ActiveCfg = Release|Any CPU
		{4CBB02FA-4D56-4576-8A4A-3873B362BCF9}.Release|x64.Build.0 = Release|Any CPU
		{4CBB02FA-4D56-4576-8A4A-3873B362BCF9}.Release|x64.Deploy.0 = Release|Any CPU
		{4CBB02FA-4D56-4576-8A4A-3873B362BCF9}.Release|x86.ActiveCfg = Release|Any CPU
		{4CBB02FA-4D56-4576-8A4A-3873B362BCF9}.Release|x86.Build.0 = Release|Any CPU
		{4CBB02FA-4D56-4576-8A4A-3873B362BCF9}.Release|x86.Deploy.0 = Release|Any CPU
		{E1E8B683-1613-4068-AFDD-B202532D8F05}.Ad-Hoc|Any CPU.ActiveCfg = Ad-Hoc|iPhone
		{E1E8B683-1613-4068-AFDD-B202532D8F05}.Ad-Hoc|Any CPU.Build.0 = Ad-Hoc|iPhone
		{E1E8B683-1613-4068-AFDD-B202532D8F05}.Ad-Hoc|Any CPU.Deploy.0 = Ad-Hoc|iPhone
		{E1E8B683-1613-4068-AFDD-B202532D8F05}.Ad-Hoc|ARM.ActiveCfg = Ad-Hoc|iPhone
		{E1E8B683-1613-4068-AFDD-B202532D8F05}.Ad-Hoc|ARM.Build.0 = Ad-Hoc|iPhone
		{E1E8B683-1613-4068-AFDD-B202532D8F05}.Ad-Hoc|ARM.Deploy.0 = Ad-Hoc|iPhone
		{E1E8B683-1613-4068-AFDD-B202532D8F05}.Ad-Hoc|iPhone.ActiveCfg = Ad-Hoc|iPhone
		{E1E8B683-1613-4068-AFDD-B202532D8F05}.Ad-Hoc|iPhone.Build.0 = Ad-Hoc|iPhone
		{E1E8B683-1613-4068-AFDD-B202532D8F05}.Ad-Hoc|iPhone.Deploy.0 = Ad-Hoc|iPhone
		{E1E8B683-1613-4068-AFDD-B202532D8F05}.Ad-Hoc|iPhoneSimulator.ActiveCfg = Ad-Hoc|iPhoneSimulator
		{E1E8B683-1613-4068-AFDD-B202532D8F05}.Ad-Hoc|iPhoneSimulator.Build.0 = Ad-Hoc|iPhoneSimulator
		{E1E8B683-1613-4068-AFDD-B202532D8F05}.Ad-Hoc|iPhoneSimulator.Deploy.0 = Ad-Hoc|iPhoneSimulator
		{E1E8B683-1613-4068-AFDD-B202532D8F05}.Ad-Hoc|x64.ActiveCfg = Ad-Hoc|iPhone
		{E1E8B683-1613-4068-AFDD-B202532D8F05}.Ad-Hoc|x64.Build.0 = Ad-Hoc|iPhone
		{E1E8B683-1613-4068-AFDD-B202532D8F05}.Ad-Hoc|x64.Deploy.0 = Ad-Hoc|iPhone
		{E1E8B683-1613-4068-AFDD-B202532D8F05}.Ad-Hoc|x86.ActiveCfg = Ad-Hoc|iPhone
		{E1E8B683-1613-4068-AFDD-B202532D8F05}.Ad-Hoc|x86.Build.0 = Ad-Hoc|iPhone
		{E1E8B683-1613-4068-AFDD-B202532D8F05}.Ad-Hoc|x86.Deploy.0 = Ad-Hoc|iPhone
		{E1E8B683-1613-4068-AFDD-B202532D8F05}.AppStore|Any CPU.ActiveCfg = AppStore|iPhone
		{E1E8B683-1613-4068-AFDD-B202532D8F05}.AppStore|Any CPU.Build.0 = AppStore|iPhone
		{E1E8B683-1613-4068-AFDD-B202532D8F05}.AppStore|Any CPU.Deploy.0 = AppStore|iPhone
		{E1E8B683-1613-4068-AFDD-B202532D8F05}.AppStore|ARM.ActiveCfg = AppStore|iPhone
		{E1E8B683-1613-4068-AFDD-B202532D8F05}.AppStore|ARM.Build.0 = AppStore|iPhone
		{E1E8B683-1613-4068-AFDD-B202532D8F05}.AppStore|ARM.Deploy.0 = AppStore|iPhone
		{E1E8B683-1613-4068-AFDD-B202532D8F05}.AppStore|iPhone.ActiveCfg = AppStore|iPhone
		{E1E8B683-1613-4068-AFDD-B202532D8F05}.AppStore|iPhone.Build.0 = AppStore|iPhone
		{E1E8B683-1613-4068-AFDD-B202532D8F05}.AppStore|iPhone.Deploy.0 = AppStore|iPhone
		{E1E8B683-1613-4068-AFDD-B202532D8F05}.AppStore|iPhoneSimulator.ActiveCfg = AppStore|iPhoneSimulator
		{E1E8B683-1613-4068-AFDD-B202532D8F05}.AppStore|iPhoneSimulator.Build.0 = AppStore|iPhoneSimulator
		{E1E8B683-1613-4068-AFDD-B202532D8F05}.AppStore|iPhoneSimulator.Deploy.0 = AppStore|iPhoneSimulator
		{E1E8B683-1613-4068-AFDD-B202532D8F05}.AppStore|x64.ActiveCfg = AppStore|iPhone
		{E1E8B683-1613-4068-AFDD-B202532D8F05}.AppStore|x64.Build.0 = AppStore|iPhone
		{E1E8B683-1613-4068-AFDD-B202532D8F05}.AppStore|x64.Deploy.0 = AppStore|iPhone
		{E1E8B683-1613-4068-AFDD-B202532D8F05}.AppStore|x86.ActiveCfg = AppStore|iPhone
		{E1E8B683-1613-4068-AFDD-B202532D8F05}.AppStore|x86.Build.0 = AppStore|iPhone
		{E1E8B683-1613-4068-AFDD-B202532D8F05}.AppStore|x86.Deploy.0 = AppStore|iPhone
		{E1E8B683-1613-4068-AFDD-B202532D8F05}.Debug|Any CPU.ActiveCfg = Debug|iPhoneSimulator
		{E1E8B683-1613-4068-AFDD-B202532D8F05}.Debug|Any CPU.Build.0 = Debug|iPhoneSimulator
		{E1E8B683-1613-4068-AFDD-B202532D8F05}.Debug|Any CPU.Deploy.0 = Debug|iPhoneSimulator
		{E1E8B683-1613-4068-AFDD-B202532D8F05}.Debug|ARM.ActiveCfg = Debug|iPhone
		{E1E8B683-1613-4068-AFDD-B202532D8F05}.Debug|ARM.Build.0 = Debug|iPhone
		{E1E8B683-1613-4068-AFDD-B202532D8F05}.Debug|ARM.Deploy.0 = Debug|iPhone
		{E1E8B683-1613-4068-AFDD-B202532D8F05}.Debug|iPhone.ActiveCfg = Debug|iPhone
		{E1E8B683-1613-4068-AFDD-B202532D8F05}.Debug|iPhone.Build.0 = Debug|iPhone
		{E1E8B683-1613-4068-AFDD-B202532D8F05}.Debug|iPhone.Deploy.0 = Debug|iPhone
		{E1E8B683-1613-4068-AFDD-B202532D8F05}.Debug|iPhoneSimulator.ActiveCfg = Debug|iPhoneSimulator
		{E1E8B683-1613-4068-AFDD-B202532D8F05}.Debug|iPhoneSimulator.Build.0 = Debug|iPhoneSimulator
		{E1E8B683-1613-4068-AFDD-B202532D8F05}.Debug|iPhoneSimulator.Deploy.0 = Debug|iPhoneSimulator
		{E1E8B683-1613-4068-AFDD-B202532D8F05}.Debug|x64.ActiveCfg = Debug|iPhone
		{E1E8B683-1613-4068-AFDD-B202532D8F05}.Debug|x64.Build.0 = Debug|iPhone
		{E1E8B683-1613-4068-AFDD-B202532D8F05}.Debug|x64.Deploy.0 = Debug|iPhone
		{E1E8B683-1613-4068-AFDD-B202532D8F05}.Debug|x86.ActiveCfg = Debug|iPhone
		{E1E8B683-1613-4068-AFDD-B202532D8F05}.Debug|x86.Build.0 = Debug|iPhone
		{E1E8B683-1613-4068-AFDD-B202532D8F05}.Debug|x86.Deploy.0 = Debug|iPhone
		{E1E8B683-1613-4068-AFDD-B202532D8F05}.Release|Any CPU.ActiveCfg = Release|iPhone
		{E1E8B683-1613-4068-AFDD-B202532D8F05}.Release|Any CPU.Build.0 = Release|iPhone
		{E1E8B683-1613-4068-AFDD-B202532D8F05}.Release|Any CPU.Deploy.0 = Release|iPhone
		{E1E8B683-1613-4068-AFDD-B202532D8F05}.Release|ARM.ActiveCfg = Release|iPhone
		{E1E8B683-1613-4068-AFDD-B202532D8F05}.Release|ARM.Build.0 = Release|iPhone
		{E1E8B683-1613-4068-AFDD-B202532D8F05}.Release|ARM.Deploy.0 = Release|iPhone
		{E1E8B683-1613-4068-AFDD-B202532D8F05}.Release|iPhone.ActiveCfg = Release|iPhone
		{E1E8B683-1613-4068-AFDD-B202532D8F05}.Release|iPhone.Build.0 = Release|iPhone
		{E1E8B683-1613-4068-AFDD-B202532D8F05}.Release|iPhone.Deploy.0 = Release|iPhone
		{E1E8B683-1613-4068-AFDD-B202532D8F05}.Release|iPhoneSimulator.ActiveCfg = Release|iPhoneSimulator
		{E1E8B683-1613-4068-AFDD-B202532D8F05}.Release|iPhoneSimulator.Build.0 = Release|iPhoneSimulator
		{E1E8B683-1613-4068-AFDD-B202532D8F05}.Release|iPhoneSimulator.Deploy.0 = Release|iPhoneSimulator
		{E1E8B683-1613-4068-AFDD-B202532D8F05}.Release|x64.ActiveCfg = Release|iPhone
		{E1E8B683-1613-4068-AFDD-B202532D8F05}.Release|x64.Build.0 = Release|iPhone
		{E1E8B683-1613-4068-AFDD-B202532D8F05}.Release|x64.Deploy.0 = Release|iPhone
		{E1E8B683-1613-4068-AFDD-B202532D8F05}.Release|x86.ActiveCfg = Release|iPhone
		{E1E8B683-1613-4068-AFDD-B202532D8F05}.Release|x86.Build.0 = Release|iPhone
		{E1E8B683-1613-4068-AFDD-B202532D8F05}.Release|x86.Deploy.0 = Release|iPhone
		{CFA85DFA-73CF-4C9C-84A3-F83B2FE228AF}.Ad-Hoc|Any CPU.ActiveCfg = Release|x86
		{CFA85DFA-73CF-4C9C-84A3-F83B2FE228AF}.Ad-Hoc|Any CPU.Build.0 = Release|x86
		{CFA85DFA-73CF-4C9C-84A3-F83B2FE228AF}.Ad-Hoc|Any CPU.Deploy.0 = Release|x86
		{CFA85DFA-73CF-4C9C-84A3-F83B2FE228AF}.Ad-Hoc|ARM.ActiveCfg = Release|ARM
		{CFA85DFA-73CF-4C9C-84A3-F83B2FE228AF}.Ad-Hoc|ARM.Build.0 = Release|ARM
		{CFA85DFA-73CF-4C9C-84A3-F83B2FE228AF}.Ad-Hoc|ARM.Deploy.0 = Release|ARM
		{CFA85DFA-73CF-4C9C-84A3-F83B2FE228AF}.Ad-Hoc|iPhone.ActiveCfg = Release|x86
		{CFA85DFA-73CF-4C9C-84A3-F83B2FE228AF}.Ad-Hoc|iPhone.Build.0 = Release|x86
		{CFA85DFA-73CF-4C9C-84A3-F83B2FE228AF}.Ad-Hoc|iPhone.Deploy.0 = Release|x86
		{CFA85DFA-73CF-4C9C-84A3-F83B2FE228AF}.Ad-Hoc|iPhoneSimulator.ActiveCfg = Release|x86
		{CFA85DFA-73CF-4C9C-84A3-F83B2FE228AF}.Ad-Hoc|iPhoneSimulator.Build.0 = Release|x86
		{CFA85DFA-73CF-4C9C-84A3-F83B2FE228AF}.Ad-Hoc|iPhoneSimulator.Deploy.0 = Release|x86
		{CFA85DFA-73CF-4C9C-84A3-F83B2FE228AF}.Ad-Hoc|x64.ActiveCfg = Release|x64
		{CFA85DFA-73CF-4C9C-84A3-F83B2FE228AF}.Ad-Hoc|x64.Build.0 = Release|x64
		{CFA85DFA-73CF-4C9C-84A3-F83B2FE228AF}.Ad-Hoc|x64.Deploy.0 = Release|x64
		{CFA85DFA-73CF-4C9C-84A3-F83B2FE228AF}.Ad-Hoc|x86.ActiveCfg = Release|x86
		{CFA85DFA-73CF-4C9C-84A3-F83B2FE228AF}.Ad-Hoc|x86.Build.0 = Release|x86
		{CFA85DFA-73CF-4C9C-84A3-F83B2FE228AF}.Ad-Hoc|x86.Deploy.0 = Release|x86
		{CFA85DFA-73CF-4C9C-84A3-F83B2FE228AF}.AppStore|Any CPU.ActiveCfg = Release|x86
		{CFA85DFA-73CF-4C9C-84A3-F83B2FE228AF}.AppStore|Any CPU.Build.0 = Release|x86
		{CFA85DFA-73CF-4C9C-84A3-F83B2FE228AF}.AppStore|Any CPU.Deploy.0 = Release|x86
		{CFA85DFA-73CF-4C9C-84A3-F83B2FE228AF}.AppStore|ARM.ActiveCfg = Release|ARM
		{CFA85DFA-73CF-4C9C-84A3-F83B2FE228AF}.AppStore|ARM.Build.0 = Release|ARM
		{CFA85DFA-73CF-4C9C-84A3-F83B2FE228AF}.AppStore|ARM.Deploy.0 = Release|ARM
		{CFA85DFA-73CF-4C9C-84A3-F83B2FE228AF}.AppStore|iPhone.ActiveCfg = Release|x86
		{CFA85DFA-73CF-4C9C-84A3-F83B2FE228AF}.AppStore|iPhone.Build.0 = Release|x86
		{CFA85DFA-73CF-4C9C-84A3-F83B2FE228AF}.AppStore|iPhone.Deploy.0 = Release|x86
		{CFA85DFA-73CF-4C9C-84A3-F83B2FE228AF}.AppStore|iPhoneSimulator.ActiveCfg = Release|x86
		{CFA85DFA-73CF-4C9C-84A3-F83B2FE228AF}.AppStore|iPhoneSimulator.Build.0 = Release|x86
		{CFA85DFA-73CF-4C9C-84A3-F83B2FE228AF}.AppStore|iPhoneSimulator.Deploy.0 = Release|x86
		{CFA85DFA-73CF-4C9C-84A3-F83B2FE228AF}.AppStore|x64.ActiveCfg = Release|x64
		{CFA85DFA-73CF-4C9C-84A3-F83B2FE228AF}.AppStore|x64.Build.0 = Release|x64
		{CFA85DFA-73CF-4C9C-84A3-F83B2FE228AF}.AppStore|x64.Deploy.0 = Release|x64
		{CFA85DFA-73CF-4C9C-84A3-F83B2FE228AF}.AppStore|x86.ActiveCfg = Release|x86
		{CFA85DFA-73CF-4C9C-84A3-F83B2FE228AF}.AppStore|x86.Build.0 = Release|x86
		{CFA85DFA-73CF-4C9C-84A3-F83B2FE228AF}.AppStore|x86.Deploy.0 = Release|x86
		{CFA85DFA-73CF-4C9C-84A3-F83B2FE228AF}.Debug|Any CPU.ActiveCfg = Debug|x86
		{CFA85DFA-73CF-4C9C-84A3-F83B2FE228AF}.Debug|Any CPU.Build.0 = Debug|x86
		{CFA85DFA-73CF-4C9C-84A3-F83B2FE228AF}.Debug|Any CPU.Deploy.0 = Debug|x86
		{CFA85DFA-73CF-4C9C-84A3-F83B2FE228AF}.Debug|ARM.ActiveCfg = Debug|ARM
		{CFA85DFA-73CF-4C9C-84A3-F83B2FE228AF}.Debug|ARM.Build.0 = Debug|ARM
		{CFA85DFA-73CF-4C9C-84A3-F83B2FE228AF}.Debug|ARM.Deploy.0 = Debug|ARM
		{CFA85DFA-73CF-4C9C-84A3-F83B2FE228AF}.Debug|iPhone.ActiveCfg = Debug|x86
		{CFA85DFA-73CF-4C9C-84A3-F83B2FE228AF}.Debug|iPhone.Build.0 = Debug|x86
		{CFA85DFA-73CF-4C9C-84A3-F83B2FE228AF}.Debug|iPhone.Deploy.0 = Debug|x86
		{CFA85DFA-73CF-4C9C-84A3-F83B2FE228AF}.Debug|iPhoneSimulator.ActiveCfg = Debug|x86
		{CFA85DFA-73CF-4C9C-84A3-F83B2FE228AF}.Debug|iPhoneSimulator.Build.0 = Debug|x86
		{CFA85DFA-73CF-4C9C-84A3-F83B2FE228AF}.Debug|iPhoneSimulator.Deploy.0 = Debug|x86
		{CFA85DFA-73CF-4C9C-84A3-F83B2FE228AF}.Debug|x64.ActiveCfg = Debug|x64
		{CFA85DFA-73CF-4C9C-84A3-F83B2FE228AF}.Debug|x64.Build.0 = Debug|x64
		{CFA85DFA-73CF-4C9C-84A3-F83B2FE228AF}.Debug|x64.Deploy.0 = Debug|x64
		{CFA85DFA-73CF-4C9C-84A3-F83B2FE228AF}.Debug|x86.ActiveCfg = Debug|x86
		{CFA85DFA-73CF-4C9C-84A3-F83B2FE228AF}.Debug|x86.Build.0 = Debug|x86
		{CFA85DFA-73CF-4C9C-84A3-F83B2FE228AF}.Debug|x86.Deploy.0 = Debug|x86
		{CFA85DFA-73CF-4C9C-84A3-F83B2FE228AF}.Release|Any CPU.ActiveCfg = Release|x86
		{CFA85DFA-73CF-4C9C-84A3-F83B2FE228AF}.Release|Any CPU.Build.0 = Release|x86
		{CFA85DFA-73CF-4C9C-84A3-F83B2FE228AF}.Release|Any CPU.Deploy.0 = Release|x86
		{CFA85DFA-73CF-4C9C-84A3-F83B2FE228AF}.Release|ARM.ActiveCfg = Release|ARM
		{CFA85DFA-73CF-4C9C-84A3-F83B2FE228AF}.Release|ARM.Build.0 = Release|ARM
		{CFA85DFA-73CF-4C9C-84A3-F83B2FE228AF}.Release|ARM.Deploy.0 = Release|ARM
		{CFA85DFA-73CF-4C9C-84A3-F83B2FE228AF}.Release|iPhone.ActiveCfg = Release|x86
		{CFA85DFA-73CF-4C9C-84A3-F83B2FE228AF}.Release|iPhone.Build.0 = Release|x86
		{CFA85DFA-73CF-4C9C-84A3-F83B2FE228AF}.Release|iPhone.Deploy.0 = Release|x86
		{CFA85DFA-73CF-4C9C-84A3-F83B2FE228AF}.Release|iPhoneSimulator.ActiveCfg = Release|x86
		{CFA85DFA-73CF-4C9C-84A3-F83B2FE228AF}.Release|iPhoneSimulator.Build.0 = Release|x86
		{CFA85DFA-73CF-4C9C-84A3-F83B2FE228AF}.Release|iPhoneSimulator.Deploy.0 = Release|x86
		{CFA85DFA-73CF-4C9C-84A3-F83B2FE228AF}.Release|x64.ActiveCfg = Release|x64
		{CFA85DFA-73CF-4C9C-84A3-F83B2FE228AF}.Release|x64.Build.0 = Release|x64
		{CFA85DFA-73CF-4C9C-84A3-F83B2FE228AF}.Release|x64.Deploy.0 = Release|x64
		{CFA85DFA-73CF-4C9C-84A3-F83B2FE228AF}.Release|x86.ActiveCfg = Release|x86
		{CFA85DFA-73CF-4C9C-84A3-F83B2FE228AF}.Release|x86.Build.0 = Release|x86
		{CFA85DFA-73CF-4C9C-84A3-F83B2FE228AF}.Release|x86.Deploy.0 = Release|x86
		{B56A7E24-ACB0-4D88-ABCD-D1EE399D138E}.Ad-Hoc|Any CPU.ActiveCfg = Debug|Any CPU
		{B56A7E24-ACB0-4D88-ABCD-D1EE399D138E}.Ad-Hoc|Any CPU.Build.0 = Debug|Any CPU
		{B56A7E24-ACB0-4D88-ABCD-D1EE399D138E}.Ad-Hoc|Any CPU.Deploy.0 = Debug|Any CPU
		{B56A7E24-ACB0-4D88-ABCD-D1EE399D138E}.Ad-Hoc|ARM.ActiveCfg = Debug|Any CPU
		{B56A7E24-ACB0-4D88-ABCD-D1EE399D138E}.Ad-Hoc|ARM.Build.0 = Debug|Any CPU
		{B56A7E24-ACB0-4D88-ABCD-D1EE399D138E}.Ad-Hoc|ARM.Deploy.0 = Debug|Any CPU
		{B56A7E24-ACB0-4D88-ABCD-D1EE399D138E}.Ad-Hoc|iPhone.ActiveCfg = Debug|Any CPU
		{B56A7E24-ACB0-4D88-ABCD-D1EE399D138E}.Ad-Hoc|iPhone.Build.0 = Debug|Any CPU
		{B56A7E24-ACB0-4D88-ABCD-D1EE399D138E}.Ad-Hoc|iPhone.Deploy.0 = Debug|Any CPU
		{B56A7E24-ACB0-4D88-ABCD-D1EE399D138E}.Ad-Hoc|iPhoneSimulator.ActiveCfg = Debug|Any CPU
		{B56A7E24-ACB0-4D88-ABCD-D1EE399D138E}.Ad-Hoc|iPhoneSimulator.Build.0 = Debug|Any CPU
		{B56A7E24-ACB0-4D88-ABCD-D1EE399D138E}.Ad-Hoc|iPhoneSimulator.Deploy.0 = Debug|Any CPU
		{B56A7E24-ACB0-4D88-ABCD-D1EE399D138E}.Ad-Hoc|x64.ActiveCfg = Debug|Any CPU
		{B56A7E24-ACB0-4D88-ABCD-D1EE399D138E}.Ad-Hoc|x64.Build.0 = Debug|Any CPU
		{B56A7E24-ACB0-4D88-ABCD-D1EE399D138E}.Ad-Hoc|x64.Deploy.0 = Debug|Any CPU
		{B56A7E24-ACB0-4D88-ABCD-D1EE399D138E}.Ad-Hoc|x86.ActiveCfg = Debug|Any CPU
		{B56A7E24-ACB0-4D88-ABCD-D1EE399D138E}.Ad-Hoc|x86.Build.0 = Debug|Any CPU
		{B56A7E24-ACB0-4D88-ABCD-D1EE399D138E}.Ad-Hoc|x86.Deploy.0 = Debug|Any CPU
		{B56A7E24-ACB0-4D88-ABCD-D1EE399D138E}.AppStore|Any CPU.ActiveCfg = Debug|Any CPU
		{B56A7E24-ACB0-4D88-ABCD-D1EE399D138E}.AppStore|Any CPU.Build.0 = Debug|Any CPU
		{B56A7E24-ACB0-4D88-ABCD-D1EE399D138E}.AppStore|Any CPU.Deploy.0 = Debug|Any CPU
		{B56A7E24-ACB0-4D88-ABCD-D1EE399D138E}.AppStore|ARM.ActiveCfg = Debug|Any CPU
		{B56A7E24-ACB0-4D88-ABCD-D1EE399D138E}.AppStore|ARM.Build.0 = Debug|Any CPU
		{B56A7E24-ACB0-4D88-ABCD-D1EE399D138E}.AppStore|ARM.Deploy.0 = Debug|Any CPU
		{B56A7E24-ACB0-4D88-ABCD-D1EE399D138E}.AppStore|iPhone.ActiveCfg = Debug|Any CPU
		{B56A7E24-ACB0-4D88-ABCD-D1EE399D138E}.AppStore|iPhone.Build.0 = Debug|Any CPU
		{B56A7E24-ACB0-4D88-ABCD-D1EE399D138E}.AppStore|iPhone.Deploy.0 = Debug|Any CPU
		{B56A7E24-ACB0-4D88-ABCD-D1EE399D138E}.AppStore|iPhoneSimulator.ActiveCfg = Debug|Any CPU
		{B56A7E24-ACB0-4D88-ABCD-D1EE399D138E}.AppStore|iPhoneSimulator.Build.0 = Debug|Any CPU
		{B56A7E24-ACB0-4D88-ABCD-D1EE399D138E}.AppStore|iPhoneSimulator.Deploy.0 = Debug|Any CPU
		{B56A7E24-ACB0-4D88-ABCD-D1EE399D138E}.AppStore|x64.ActiveCfg = Debug|Any CPU
		{B56A7E24-ACB0-4D88-ABCD-D1EE399D138E}.AppStore|x64.Build.0 = Debug|Any CPU
		{B56A7E24-ACB0-4D88-ABCD-D1EE399D138E}.AppStore|x64.Deploy.0 = Debug|Any CPU
		{B56A7E24-ACB0-4D88-ABCD-D1EE399D138E}.AppStore|x86.ActiveCfg = Debug|Any CPU
		{B56A7E24-ACB0-4D88-ABCD-D1EE399D138E}.AppStore|x86.Build.0 = Debug|Any CPU
		{B56A7E24-ACB0-4D88-ABCD-D1EE399D138E}.AppStore|x86.Deploy.0 = Debug|Any CPU
		{B56A7E24-ACB0-4D88-ABCD-D1EE399D138E}.Debug|Any CPU.ActiveCfg = Debug|Any CPU
		{B56A7E24-ACB0-4D88-ABCD-D1EE399D138E}.Debug|Any CPU.Build.0 = Debug|Any CPU
		{B56A7E24-ACB0-4D88-ABCD-D1EE399D138E}.Debug|Any CPU.Deploy.0 = Debug|Any CPU
		{B56A7E24-ACB0-4D88-ABCD-D1EE399D138E}.Debug|ARM.ActiveCfg = Debug|Any CPU
		{B56A7E24-ACB0-4D88-ABCD-D1EE399D138E}.Debug|ARM.Build.0 = Debug|Any CPU
		{B56A7E24-ACB0-4D88-ABCD-D1EE399D138E}.Debug|ARM.Deploy.0 = Debug|Any CPU
		{B56A7E24-ACB0-4D88-ABCD-D1EE399D138E}.Debug|iPhone.ActiveCfg = Debug|Any CPU
		{B56A7E24-ACB0-4D88-ABCD-D1EE399D138E}.Debug|iPhone.Build.0 = Debug|Any CPU
		{B56A7E24-ACB0-4D88-ABCD-D1EE399D138E}.Debug|iPhone.Deploy.0 = Debug|Any CPU
		{B56A7E24-ACB0-4D88-ABCD-D1EE399D138E}.Debug|iPhoneSimulator.ActiveCfg = Debug|Any CPU
		{B56A7E24-ACB0-4D88-ABCD-D1EE399D138E}.Debug|iPhoneSimulator.Build.0 = Debug|Any CPU
		{B56A7E24-ACB0-4D88-ABCD-D1EE399D138E}.Debug|iPhoneSimulator.Deploy.0 = Debug|Any CPU
		{B56A7E24-ACB0-4D88-ABCD-D1EE399D138E}.Debug|x64.ActiveCfg = Debug|Any CPU
		{B56A7E24-ACB0-4D88-ABCD-D1EE399D138E}.Debug|x64.Build.0 = Debug|Any CPU
		{B56A7E24-ACB0-4D88-ABCD-D1EE399D138E}.Debug|x64.Deploy.0 = Debug|Any CPU
		{B56A7E24-ACB0-4D88-ABCD-D1EE399D138E}.Debug|x86.ActiveCfg = Debug|Any CPU
		{B56A7E24-ACB0-4D88-ABCD-D1EE399D138E}.Debug|x86.Build.0 = Debug|Any CPU
		{B56A7E24-ACB0-4D88-ABCD-D1EE399D138E}.Debug|x86.Deploy.0 = Debug|Any CPU
		{B56A7E24-ACB0-4D88-ABCD-D1EE399D138E}.Release|Any CPU.ActiveCfg = Release|Any CPU
		{B56A7E24-ACB0-4D88-ABCD-D1EE399D138E}.Release|Any CPU.Build.0 = Release|Any CPU
		{B56A7E24-ACB0-4D88-ABCD-D1EE399D138E}.Release|Any CPU.Deploy.0 = Release|Any CPU
		{B56A7E24-ACB0-4D88-ABCD-D1EE399D138E}.Release|ARM.ActiveCfg = Release|Any CPU
		{B56A7E24-ACB0-4D88-ABCD-D1EE399D138E}.Release|ARM.Build.0 = Release|Any CPU
		{B56A7E24-ACB0-4D88-ABCD-D1EE399D138E}.Release|ARM.Deploy.0 = Release|Any CPU
		{B56A7E24-ACB0-4D88-ABCD-D1EE399D138E}.Release|iPhone.ActiveCfg = Release|Any CPU
		{B56A7E24-ACB0-4D88-ABCD-D1EE399D138E}.Release|iPhone.Build.0 = Release|Any CPU
		{B56A7E24-ACB0-4D88-ABCD-D1EE399D138E}.Release|iPhone.Deploy.0 = Release|Any CPU
		{B56A7E24-ACB0-4D88-ABCD-D1EE399D138E}.Release|iPhoneSimulator.ActiveCfg = Release|Any CPU
		{B56A7E24-ACB0-4D88-ABCD-D1EE399D138E}.Release|iPhoneSimulator.Build.0 = Release|Any CPU
		{B56A7E24-ACB0-4D88-ABCD-D1EE399D138E}.Release|iPhoneSimulator.Deploy.0 = Release|Any CPU
		{B56A7E24-ACB0-4D88-ABCD-D1EE399D138E}.Release|x64.ActiveCfg = Release|Any CPU
		{B56A7E24-ACB0-4D88-ABCD-D1EE399D138E}.Release|x64.Build.0 = Release|Any CPU
		{B56A7E24-ACB0-4D88-ABCD-D1EE399D138E}.Release|x64.Deploy.0 = Release|Any CPU
		{B56A7E24-ACB0-4D88-ABCD-D1EE399D138E}.Release|x86.ActiveCfg = Release|Any CPU
		{B56A7E24-ACB0-4D88-ABCD-D1EE399D138E}.Release|x86.Build.0 = Release|Any CPU
		{B56A7E24-ACB0-4D88-ABCD-D1EE399D138E}.Release|x86.Deploy.0 = Release|Any CPU
	EndGlobalSection
	GlobalSection(SolutionProperties) = preSolution
		HideSolutionNode = FALSE
	EndGlobalSection
	GlobalSection(ExtensibilityGlobals) = postSolution
		SolutionGuid = {4B5AE1FB-DDE5-4E1E-94E1-62478F4EB025}
	EndGlobalSection
EndGlobal
