
Microsoft Visual Studio Solution File, Format Version 12.00
# Visual Studio 15
VisualStudioVersion = 15.0.28010.2050
MinimumVisualStudioVersion = 10.0.40219.1
Project("{FAE04EC0-301F-11D3-BF4B-00C04F79EFBC}") = "ConsultarCep.Android", "ConsultarCep\ConsultarCep.Android\ConsultarCep.Android.csproj", "{CBCF3FB9-C533-4346-A122-F87CF2340436}"
EndProject
Project("{FAE04EC0-301F-11D3-BF4B-00C04F79EFBC}") = "ConsultarCep.iOS", "ConsultarCep\ConsultarCep.iOS\ConsultarCep.iOS.csproj", "{5D5090BA-3565-43A1-B3A4-891EF84A5E15}"
EndProject
Project("{FAE04EC0-301F-11D3-BF4B-00C04F79EFBC}") = "ConsultarCep.UWP", "ConsultarCep\ConsultarCep.UWP\ConsultarCep.UWP.csproj", "{763FE539-137E-4FB0-BA28-8878F2DA01BE}"
EndProject
Project("{FAE04EC0-301F-11D3-BF4B-00C04F79EFBC}") = "ConsultarCep", "ConsultarCep\ConsultarCep\ConsultarCep.csproj", "{849F0E3B-8393-427A-87D1-AA431CD999F4}"
EndProject
Global
	GlobalSection(SolutionConfigurationPlatforms) = preSolution
		Ad-Hoc|Any CPU = Ad-Hoc|Any CPU
		Ad-Hoc|ARM = Ad-Hoc|ARM
		Ad-Hoc|iPhone = Ad-Hoc|iPhone
		Ad-Hoc|iPhoneSimulator = Ad-Hoc|iPhoneSimulator
		Ad-Hoc|x64 = Ad-Hoc|x64
		Ad-Hoc|x86 = Ad-Hoc|x86
		AppStore|Any CPU = AppStore|Any CPU
		AppStore|ARM = AppStore|ARM
		AppStore|iPhone = AppStore|iPhone
		AppStore|iPhoneSimulator = AppStore|iPhoneSimulator
		AppStore|x64 = AppStore|x64
		AppStore|x86 = AppStore|x86
		Debug|Any CPU = Debug|Any CPU
		Debug|ARM = Debug|ARM
		Debug|iPhone = Debug|iPhone
		Debug|iPhoneSimulator = Debug|iPhoneSimulator
		Debug|x64 = Debug|x64
		Debug|x86 = Debug|x86
		Release|Any CPU = Release|Any CPU
		Release|ARM = Release|ARM
		Release|iPhone = Release|iPhone
		Release|iPhoneSimulator = Release|iPhoneSimulator
		Release|x64 = Release|x64
		Release|x86 = Release|x86
	EndGlobalSection
	GlobalSection(ProjectConfigurationPlatforms) = postSolution
		{CBCF3FB9-C533-4346-A122-F87CF2340436}.Ad-Hoc|Any CPU.ActiveCfg = Release|Any CPU
		{CBCF3FB9-C533-4346-A122-F87CF2340436}.Ad-Hoc|Any CPU.Build.0 = Release|Any CPU
		{CBCF3FB9-C533-4346-A122-F87CF2340436}.Ad-Hoc|Any CPU.Deploy.0 = Release|Any CPU
		{CBCF3FB9-C533-4346-A122-F87CF2340436}.Ad-Hoc|ARM.ActiveCfg = Release|Any CPU
		{CBCF3FB9-C533-4346-A122-F87CF2340436}.Ad-Hoc|ARM.Build.0 = Release|Any CPU
		{CBCF3FB9-C533-4346-A122-F87CF2340436}.Ad-Hoc|ARM.Deploy.0 = Release|Any CPU
		{CBCF3FB9-C533-4346-A122-F87CF2340436}.Ad-Hoc|iPhone.ActiveCfg = Release|Any CPU
		{CBCF3FB9-C533-4346-A122-F87CF2340436}.Ad-Hoc|iPhone.Build.0 = Release|Any CPU
		{CBCF3FB9-C533-4346-A122-F87CF2340436}.Ad-Hoc|iPhone.Deploy.0 = Release|Any CPU
		{CBCF3FB9-C533-4346-A122-F87CF2340436}.Ad-Hoc|iPhoneSimulator.ActiveCfg = Release|Any CPU
		{CBCF3FB9-C533-4346-A122-F87CF2340436}.Ad-Hoc|iPhoneSimulator.Build.0 = Release|Any CPU
		{CBCF3FB9-C533-4346-A122-F87CF2340436}.Ad-Hoc|iPhoneSimulator.Deploy.0 = Release|Any CPU
		{CBCF3FB9-C533-4346-A122-F87CF2340436}.Ad-Hoc|x64.ActiveCfg = Release|Any CPU
		{CBCF3FB9-C533-4346-A122-F87CF2340436}.Ad-Hoc|x64.Build.0 = Release|Any CPU
		{CBCF3FB9-C533-4346-A122-F87CF2340436}.Ad-Hoc|x64.Deploy.0 = Release|Any CPU
		{CBCF3FB9-C533-4346-A122-F87CF2340436}.Ad-Hoc|x86.ActiveCfg = Release|Any CPU
		{CBCF3FB9-C533-4346-A122-F87CF2340436}.Ad-Hoc|x86.Build.0 = Release|Any CPU
		{CBCF3FB9-C533-4346-A122-F87CF2340436}.Ad-Hoc|x86.Deploy.0 = Release|Any CPU
		{CBCF3FB9-C533-4346-A122-F87CF2340436}.AppStore|Any CPU.ActiveCfg = Release|Any CPU
		{CBCF3FB9-C533-4346-A122-F87CF2340436}.AppStore|Any CPU.Build.0 = Release|Any CPU
		{CBCF3FB9-C533-4346-A122-F87CF2340436}.AppStore|Any CPU.Deploy.0 = Release|Any CPU
		{CBCF3FB9-C533-4346-A122-F87CF2340436}.AppStore|ARM.ActiveCfg = Release|Any CPU
		{CBCF3FB9-C533-4346-A122-F87CF2340436}.AppStore|ARM.Build.0 = Release|Any CPU
		{CBCF3FB9-C533-4346-A122-F87CF2340436}.AppStore|ARM.Deploy.0 = Release|Any CPU
		{CBCF3FB9-C533-4346-A122-F87CF2340436}.AppStore|iPhone.ActiveCfg = Release|Any CPU
		{CBCF3FB9-C533-4346-A122-F87CF2340436}.AppStore|iPhone.Build.0 = Release|Any CPU
		{CBCF3FB9-C533-4346-A122-F87CF2340436}.AppStore|iPhone.Deploy.0 = Release|Any CPU
		{CBCF3FB9-C533-4346-A122-F87CF2340436}.AppStore|iPhoneSimulator.ActiveCfg = Release|Any CPU
		{CBCF3FB9-C533-4346-A122-F87CF2340436}.AppStore|iPhoneSimulator.Build.0 = Release|Any CPU
		{CBCF3FB9-C533-4346-A122-F87CF2340436}.AppStore|iPhoneSimulator.Deploy.0 = Release|Any CPU
		{CBCF3FB9-C533-4346-A122-F87CF2340436}.AppStore|x64.ActiveCfg = Release|Any CPU
		{CBCF3FB9-C533-4346-A122-F87CF2340436}.AppStore|x64.Build.0 = Release|Any CPU
		{CBCF3FB9-C533-4346-A122-F87CF2340436}.AppStore|x64.Deploy.0 = Release|Any CPU
		{CBCF3FB9-C533-4346-A122-F87CF2340436}.AppStore|x86.ActiveCfg = Release|Any CPU
		{CBCF3FB9-C533-4346-A122-F87CF2340436}.AppStore|x86.Build.0 = Release|Any CPU
		{CBCF3FB9-C533-4346-A122-F87CF2340436}.AppStore|x86.Deploy.0 = Release|Any CPU
		{CBCF3FB9-C533-4346-A122-F87CF2340436}.Debug|Any CPU.ActiveCfg = Debug|Any CPU
		{CBCF3FB9-C533-4346-A122-F87CF2340436}.Debug|Any CPU.Build.0 = Debug|Any CPU
		{CBCF3FB9-C533-4346-A122-F87CF2340436}.Debug|Any CPU.Deploy.0 = Debug|Any CPU
		{CBCF3FB9-C533-4346-A122-F87CF2340436}.Debug|ARM.ActiveCfg = Debug|Any CPU
		{CBCF3FB9-C533-4346-A122-F87CF2340436}.Debug|ARM.Build.0 = Debug|Any CPU
		{CBCF3FB9-C533-4346-A122-F87CF2340436}.Debug|ARM.Deploy.0 = Debug|Any CPU
		{CBCF3FB9-C533-4346-A122-F87CF2340436}.Debug|iPhone.ActiveCfg = Debug|Any CPU
		{CBCF3FB9-C533-4346-A122-F87CF2340436}.Debug|iPhone.Build.0 = Debug|Any CPU
		{CBCF3FB9-C533-4346-A122-F87CF2340436}.Debug|iPhone.Deploy.0 = Debug|Any CPU
		{CBCF3FB9-C533-4346-A122-F87CF2340436}.Debug|iPhoneSimulator.ActiveCfg = Debug|Any CPU
		{CBCF3FB9-C533-4346-A122-F87CF2340436}.Debug|iPhoneSimulator.Build.0 = Debug|Any CPU
		{CBCF3FB9-C533-4346-A122-F87CF2340436}.Debug|iPhoneSimulator.Deploy.0 = Debug|Any CPU
		{CBCF3FB9-C533-4346-A122-F87CF2340436}.Debug|x64.ActiveCfg = Debug|Any CPU
		{CBCF3FB9-C533-4346-A122-F87CF2340436}.Debug|x64.Build.0 = Debug|Any CPU
		{CBCF3FB9-C533-4346-A122-F87CF2340436}.Debug|x64.Deploy.0 = Debug|Any CPU
		{CBCF3FB9-C533-4346-A122-F87CF2340436}.Debug|x86.ActiveCfg = Debug|Any CPU
		{CBCF3FB9-C533-4346-A122-F87CF2340436}.Debug|x86.Build.0 = Debug|Any CPU
		{CBCF3FB9-C533-4346-A122-F87CF2340436}.Debug|x86.Deploy.0 = Debug|Any CPU
		{CBCF3FB9-C533-4346-A122-F87CF2340436}.Release|Any CPU.ActiveCfg = Release|Any CPU
		{CBCF3FB9-C533-4346-A122-F87CF2340436}.Release|Any CPU.Build.0 = Release|Any CPU
		{CBCF3FB9-C533-4346-A122-F87CF2340436}.Release|Any CPU.Deploy.0 = Release|Any CPU
		{CBCF3FB9-C533-4346-A122-F87CF2340436}.Release|ARM.ActiveCfg = Release|Any CPU
		{CBCF3FB9-C533-4346-A122-F87CF2340436}.Release|ARM.Build.0 = Release|Any CPU
		{CBCF3FB9-C533-4346-A122-F87CF2340436}.Release|ARM.Deploy.0 = Release|Any CPU
		{CBCF3FB9-C533-4346-A122-F87CF2340436}.Release|iPhone.ActiveCfg = Release|Any CPU
		{CBCF3FB9-C533-4346-A122-F87CF2340436}.Release|iPhone.Build.0 = Release|Any CPU
		{CBCF3FB9-C533-4346-A122-F87CF2340436}.Release|iPhone.Deploy.0 = Release|Any CPU
		{CBCF3FB9-C533-4346-A122-F87CF2340436}.Release|iPhoneSimulator.ActiveCfg = Release|Any CPU
		{CBCF3FB9-C533-4346-A122-F87CF2340436}.Release|iPhoneSimulator.Build.0 = Release|Any CPU
		{CBCF3FB9-C533-4346-A122-F87CF2340436}.Release|iPhoneSimulator.Deploy.0 = Release|Any CPU
		{CBCF3FB9-C533-4346-A122-F87CF2340436}.Release|x64.ActiveCfg = Release|Any CPU
		{CBCF3FB9-C533-4346-A122-F87CF2340436}.Release|x64.Build.0 = Release|Any CPU
		{CBCF3FB9-C533-4346-A122-F87CF2340436}.Release|x64.Deploy.0 = Release|Any CPU
		{CBCF3FB9-C533-4346-A122-F87CF2340436}.Release|x86.ActiveCfg = Release|Any CPU
		{CBCF3FB9-C533-4346-A122-F87CF2340436}.Release|x86.Build.0 = Release|Any CPU
		{CBCF3FB9-C533-4346-A122-F87CF2340436}.Release|x86.Deploy.0 = Release|Any CPU
		{5D5090BA-3565-43A1-B3A4-891EF84A5E15}.Ad-Hoc|Any CPU.ActiveCfg = Ad-Hoc|iPhone
		{5D5090BA-3565-43A1-B3A4-891EF84A5E15}.Ad-Hoc|Any CPU.Build.0 = Ad-Hoc|iPhone
		{5D5090BA-3565-43A1-B3A4-891EF84A5E15}.Ad-Hoc|Any CPU.Deploy.0 = Ad-Hoc|iPhone
		{5D5090BA-3565-43A1-B3A4-891EF84A5E15}.Ad-Hoc|ARM.ActiveCfg = Ad-Hoc|iPhone
		{5D5090BA-3565-43A1-B3A4-891EF84A5E15}.Ad-Hoc|ARM.Build.0 = Ad-Hoc|iPhone
		{5D5090BA-3565-43A1-B3A4-891EF84A5E15}.Ad-Hoc|ARM.Deploy.0 = Ad-Hoc|iPhone
		{5D5090BA-3565-43A1-B3A4-891EF84A5E15}.Ad-Hoc|iPhone.ActiveCfg = Ad-Hoc|iPhone
		{5D5090BA-3565-43A1-B3A4-891EF84A5E15}.Ad-Hoc|iPhone.Build.0 = Ad-Hoc|iPhone
		{5D5090BA-3565-43A1-B3A4-891EF84A5E15}.Ad-Hoc|iPhone.Deploy.0 = Ad-Hoc|iPhone
		{5D5090BA-3565-43A1-B3A4-891EF84A5E15}.Ad-Hoc|iPhoneSimulator.ActiveCfg = Ad-Hoc|iPhoneSimulator
		{5D5090BA-3565-43A1-B3A4-891EF84A5E15}.Ad-Hoc|iPhoneSimulator.Build.0 = Ad-Hoc|iPhoneSimulator
		{5D5090BA-3565-43A1-B3A4-891EF84A5E15}.Ad-Hoc|iPhoneSimulator.Deploy.0 = Ad-Hoc|iPhoneSimulator
		{5D5090BA-3565-43A1-B3A4-891EF84A5E15}.Ad-Hoc|x64.ActiveCfg = Ad-Hoc|iPhone
		{5D5090BA-3565-43A1-B3A4-891EF84A5E15}.Ad-Hoc|x64.Build.0 = Ad-Hoc|iPhone
		{5D5090BA-3565-43A1-B3A4-891EF84A5E15}.Ad-Hoc|x64.Deploy.0 = Ad-Hoc|iPhone
		{5D5090BA-3565-43A1-B3A4-891EF84A5E15}.Ad-Hoc|x86.ActiveCfg = Ad-Hoc|iPhone
		{5D5090BA-3565-43A1-B3A4-891EF84A5E15}.Ad-Hoc|x86.Build.0 = Ad-Hoc|iPhone
		{5D5090BA-3565-43A1-B3A4-891EF84A5E15}.Ad-Hoc|x86.Deploy.0 = Ad-Hoc|iPhone
		{5D5090BA-3565-43A1-B3A4-891EF84A5E15}.AppStore|Any CPU.ActiveCfg = AppStore|iPhone
		{5D5090BA-3565-43A1-B3A4-891EF84A5E15}.AppStore|Any CPU.Build.0 = AppStore|iPhone
		{5D5090BA-3565-43A1-B3A4-891EF84A5E15}.AppStore|Any CPU.Deploy.0 = AppStore|iPhone
		{5D5090BA-3565-43A1-B3A4-891EF84A5E15}.AppStore|ARM.ActiveCfg = AppStore|iPhone
		{5D5090BA-3565-43A1-B3A4-891EF84A5E15}.AppStore|ARM.Build.0 = AppStore|iPhone
		{5D5090BA-3565-43A1-B3A4-891EF84A5E15}.AppStore|ARM.Deploy.0 = AppStore|iPhone
		{5D5090BA-3565-43A1-B3A4-891EF84A5E15}.AppStore|iPhone.ActiveCfg = AppStore|iPhone
		{5D5090BA-3565-43A1-B3A4-891EF84A5E15}.AppStore|iPhone.Build.0 = AppStore|iPhone
		{5D5090BA-3565-43A1-B3A4-891EF84A5E15}.AppStore|iPhone.Deploy.0 = AppStore|iPhone
		{5D5090BA-3565-43A1-B3A4-891EF84A5E15}.AppStore|iPhoneSimulator.ActiveCfg = AppStore|iPhoneSimulator
		{5D5090BA-3565-43A1-B3A4-891EF84A5E15}.AppStore|iPhoneSimulator.Build.0 = AppStore|iPhoneSimulator
		{5D5090BA-3565-43A1-B3A4-891EF84A5E15}.AppStore|iPhoneSimulator.Deploy.0 = AppStore|iPhoneSimulator
		{5D5090BA-3565-43A1-B3A4-891EF84A5E15}.AppStore|x64.ActiveCfg = AppStore|iPhone
		{5D5090BA-3565-43A1-B3A4-891EF84A5E15}.AppStore|x64.Build.0 = AppStore|iPhone
		{5D5090BA-3565-43A1-B3A4-891EF84A5E15}.AppStore|x64.Deploy.0 = AppStore|iPhone
		{5D5090BA-3565-43A1-B3A4-891EF84A5E15}.AppStore|x86.ActiveCfg = AppStore|iPhone
		{5D5090BA-3565-43A1-B3A4-891EF84A5E15}.AppStore|x86.Build.0 = AppStore|iPhone
		{5D5090BA-3565-43A1-B3A4-891EF84A5E15}.AppStore|x86.Deploy.0 = AppStore|iPhone
		{5D5090BA-3565-43A1-B3A4-891EF84A5E15}.Debug|Any CPU.ActiveCfg = Debug|iPhoneSimulator
		{5D5090BA-3565-43A1-B3A4-891EF84A5E15}.Debug|Any CPU.Build.0 = Debug|iPhoneSimulator
		{5D5090BA-3565-43A1-B3A4-891EF84A5E15}.Debug|Any CPU.Deploy.0 = Debug|iPhoneSimulator
		{5D5090BA-3565-43A1-B3A4-891EF84A5E15}.Debug|ARM.ActiveCfg = Debug|iPhone
		{5D5090BA-3565-43A1-B3A4-891EF84A5E15}.Debug|ARM.Build.0 = Debug|iPhone
		{5D5090BA-3565-43A1-B3A4-891EF84A5E15}.Debug|ARM.Deploy.0 = Debug|iPhone
		{5D5090BA-3565-43A1-B3A4-891EF84A5E15}.Debug|iPhone.ActiveCfg = Debug|iPhone
		{5D5090BA-3565-43A1-B3A4-891EF84A5E15}.Debug|iPhone.Build.0 = Debug|iPhone
		{5D5090BA-3565-43A1-B3A4-891EF84A5E15}.Debug|iPhone.Deploy.0 = Debug|iPhone
		{5D5090BA-3565-43A1-B3A4-891EF84A5E15}.Debug|iPhoneSimulator.ActiveCfg = Debug|iPhoneSimulator
		{5D5090BA-3565-43A1-B3A4-891EF84A5E15}.Debug|iPhoneSimulator.Build.0 = Debug|iPhoneSimulator
		{5D5090BA-3565-43A1-B3A4-891EF84A5E15}.Debug|iPhoneSimulator.Deploy.0 = Debug|iPhoneSimulator
		{5D5090BA-3565-43A1-B3A4-891EF84A5E15}.Debug|x64.ActiveCfg = Debug|iPhone
		{5D5090BA-3565-43A1-B3A4-891EF84A5E15}.Debug|x64.Build.0 = Debug|iPhone
		{5D5090BA-3565-43A1-B3A4-891EF84A5E15}.Debug|x64.Deploy.0 = Debug|iPhone
		{5D5090BA-3565-43A1-B3A4-891EF84A5E15}.Debug|x86.ActiveCfg = Debug|iPhone
		{5D5090BA-3565-43A1-B3A4-891EF84A5E15}.Debug|x86.Build.0 = Debug|iPhone
		{5D5090BA-3565-43A1-B3A4-891EF84A5E15}.Debug|x86.Deploy.0 = Debug|iPhone
		{5D5090BA-3565-43A1-B3A4-891EF84A5E15}.Release|Any CPU.ActiveCfg = Release|iPhone
		{5D5090BA-3565-43A1-B3A4-891EF84A5E15}.Release|Any CPU.Build.0 = Release|iPhone
		{5D5090BA-3565-43A1-B3A4-891EF84A5E15}.Release|Any CPU.Deploy.0 = Release|iPhone
		{5D5090BA-3565-43A1-B3A4-891EF84A5E15}.Release|ARM.ActiveCfg = Release|iPhone
		{5D5090BA-3565-43A1-B3A4-891EF84A5E15}.Release|ARM.Build.0 = Release|iPhone
		{5D5090BA-3565-43A1-B3A4-891EF84A5E15}.Release|ARM.Deploy.0 = Release|iPhone
		{5D5090BA-3565-43A1-B3A4-891EF84A5E15}.Release|iPhone.ActiveCfg = Release|iPhone
		{5D5090BA-3565-43A1-B3A4-891EF84A5E15}.Release|iPhone.Build.0 = Release|iPhone
		{5D5090BA-3565-43A1-B3A4-891EF84A5E15}.Release|iPhone.Deploy.0 = Release|iPhone
		{5D5090BA-3565-43A1-B3A4-891EF84A5E15}.Release|iPhoneSimulator.ActiveCfg = Release|iPhoneSimulator
		{5D5090BA-3565-43A1-B3A4-891EF84A5E15}.Release|iPhoneSimulator.Build.0 = Release|iPhoneSimulator
		{5D5090BA-3565-43A1-B3A4-891EF84A5E15}.Release|iPhoneSimulator.Deploy.0 = Release|iPhoneSimulator
		{5D5090BA-3565-43A1-B3A4-891EF84A5E15}.Release|x64.ActiveCfg = Release|iPhone
		{5D5090BA-3565-43A1-B3A4-891EF84A5E15}.Release|x64.Build.0 = Release|iPhone
		{5D5090BA-3565-43A1-B3A4-891EF84A5E15}.Release|x64.Deploy.0 = Release|iPhone
		{5D5090BA-3565-43A1-B3A4-891EF84A5E15}.Release|x86.ActiveCfg = Release|iPhone
		{5D5090BA-3565-43A1-B3A4-891EF84A5E15}.Release|x86.Build.0 = Release|iPhone
		{5D5090BA-3565-43A1-B3A4-891EF84A5E15}.Release|x86.Deploy.0 = Release|iPhone
		{763FE539-137E-4FB0-BA28-8878F2DA01BE}.Ad-Hoc|Any CPU.ActiveCfg = Release|x86
		{763FE539-137E-4FB0-BA28-8878F2DA01BE}.Ad-Hoc|Any CPU.Build.0 = Release|x86
		{763FE539-137E-4FB0-BA28-8878F2DA01BE}.Ad-Hoc|Any CPU.Deploy.0 = Release|x86
		{763FE539-137E-4FB0-BA28-8878F2DA01BE}.Ad-Hoc|ARM.ActiveCfg = Release|ARM
		{763FE539-137E-4FB0-BA28-8878F2DA01BE}.Ad-Hoc|ARM.Build.0 = Release|ARM
		{763FE539-137E-4FB0-BA28-8878F2DA01BE}.Ad-Hoc|ARM.Deploy.0 = Release|ARM
		{763FE539-137E-4FB0-BA28-8878F2DA01BE}.Ad-Hoc|iPhone.ActiveCfg = Release|x86
		{763FE539-137E-4FB0-BA28-8878F2DA01BE}.Ad-Hoc|iPhone.Build.0 = Release|x86
		{763FE539-137E-4FB0-BA28-8878F2DA01BE}.Ad-Hoc|iPhone.Deploy.0 = Release|x86
		{763FE539-137E-4FB0-BA28-8878F2DA01BE}.Ad-Hoc|iPhoneSimulator.ActiveCfg = Release|x86
		{763FE539-137E-4FB0-BA28-8878F2DA01BE}.Ad-Hoc|iPhoneSimulator.Build.0 = Release|x86
		{763FE539-137E-4FB0-BA28-8878F2DA01BE}.Ad-Hoc|iPhoneSimulator.Deploy.0 = Release|x86
		{763FE539-137E-4FB0-BA28-8878F2DA01BE}.Ad-Hoc|x64.ActiveCfg = Release|x64
		{763FE539-137E-4FB0-BA28-8878F2DA01BE}.Ad-Hoc|x64.Build.0 = Release|x64
		{763FE539-137E-4FB0-BA28-8878F2DA01BE}.Ad-Hoc|x64.Deploy.0 = Release|x64
		{763FE539-137E-4FB0-BA28-8878F2DA01BE}.Ad-Hoc|x86.ActiveCfg = Release|x86
		{763FE539-137E-4FB0-BA28-8878F2DA01BE}.Ad-Hoc|x86.Build.0 = Release|x86
		{763FE539-137E-4FB0-BA28-8878F2DA01BE}.Ad-Hoc|x86.Deploy.0 = Release|x86
		{763FE539-137E-4FB0-BA28-8878F2DA01BE}.AppStore|Any CPU.ActiveCfg = Release|x86
		{763FE539-137E-4FB0-BA28-8878F2DA01BE}.AppStore|Any CPU.Build.0 = Release|x86
		{763FE539-137E-4FB0-BA28-8878F2DA01BE}.AppStore|Any CPU.Deploy.0 = Release|x86
		{763FE539-137E-4FB0-BA28-8878F2DA01BE}.AppStore|ARM.ActiveCfg = Release|ARM
		{763FE539-137E-4FB0-BA28-8878F2DA01BE}.AppStore|ARM.Build.0 = Release|ARM
		{763FE539-137E-4FB0-BA28-8878F2DA01BE}.AppStore|ARM.Deploy.0 = Release|ARM
		{763FE539-137E-4FB0-BA28-8878F2DA01BE}.AppStore|iPhone.ActiveCfg = Release|x86
		{763FE539-137E-4FB0-BA28-8878F2DA01BE}.AppStore|iPhone.Build.0 = Release|x86
		{763FE539-137E-4FB0-BA28-8878F2DA01BE}.AppStore|iPhone.Deploy.0 = Release|x86
		{763FE539-137E-4FB0-BA28-8878F2DA01BE}.AppStore|iPhoneSimulator.ActiveCfg = Release|x86
		{763FE539-137E-4FB0-BA28-8878F2DA01BE}.AppStore|iPhoneSimulator.Build.0 = Release|x86
		{763FE539-137E-4FB0-BA28-8878F2DA01BE}.AppStore|iPhoneSimulator.Deploy.0 = Release|x86
		{763FE539-137E-4FB0-BA28-8878F2DA01BE}.AppStore|x64.ActiveCfg = Release|x64
		{763FE539-137E-4FB0-BA28-8878F2DA01BE}.AppStore|x64.Build.0 = Release|x64
		{763FE539-137E-4FB0-BA28-8878F2DA01BE}.AppStore|x64.Deploy.0 = Release|x64
		{763FE539-137E-4FB0-BA28-8878F2DA01BE}.AppStore|x86.ActiveCfg = Release|x86
		{763FE539-137E-4FB0-BA28-8878F2DA01BE}.AppStore|x86.Build.0 = Release|x86
		{763FE539-137E-4FB0-BA28-8878F2DA01BE}.AppStore|x86.Deploy.0 = Release|x86
		{763FE539-137E-4FB0-BA28-8878F2DA01BE}.Debug|Any CPU.ActiveCfg = Debug|x86
		{763FE539-137E-4FB0-BA28-8878F2DA01BE}.Debug|Any CPU.Build.0 = Debug|x86
		{763FE539-137E-4FB0-BA28-8878F2DA01BE}.Debug|Any CPU.Deploy.0 = Debug|x86
		{763FE539-137E-4FB0-BA28-8878F2DA01BE}.Debug|ARM.ActiveCfg = Debug|ARM
		{763FE539-137E-4FB0-BA28-8878F2DA01BE}.Debug|ARM.Build.0 = Debug|ARM
		{763FE539-137E-4FB0-BA28-8878F2DA01BE}.Debug|ARM.Deploy.0 = Debug|ARM
		{763FE539-137E-4FB0-BA28-8878F2DA01BE}.Debug|iPhone.ActiveCfg = Debug|x86
		{763FE539-137E-4FB0-BA28-8878F2DA01BE}.Debug|iPhone.Build.0 = Debug|x86
		{763FE539-137E-4FB0-BA28-8878F2DA01BE}.Debug|iPhone.Deploy.0 = Debug|x86
		{763FE539-137E-4FB0-BA28-8878F2DA01BE}.Debug|iPhoneSimulator.ActiveCfg = Debug|x86
		{763FE539-137E-4FB0-BA28-8878F2DA01BE}.Debug|iPhoneSimulator.Build.0 = Debug|x86
		{763FE539-137E-4FB0-BA28-8878F2DA01BE}.Debug|iPhoneSimulator.Deploy.0 = Debug|x86
		{763FE539-137E-4FB0-BA28-8878F2DA01BE}.Debug|x64.ActiveCfg = Debug|x64
		{763FE539-137E-4FB0-BA28-8878F2DA01BE}.Debug|x64.Build.0 = Debug|x64
		{763FE539-137E-4FB0-BA28-8878F2DA01BE}.Debug|x64.Deploy.0 = Debug|x64
		{763FE539-137E-4FB0-BA28-8878F2DA01BE}.Debug|x86.ActiveCfg = Debug|x86
		{763FE539-137E-4FB0-BA28-8878F2DA01BE}.Debug|x86.Build.0 = Debug|x86
		{763FE539-137E-4FB0-BA28-8878F2DA01BE}.Debug|x86.Deploy.0 = Debug|x86
		{763FE539-137E-4FB0-BA28-8878F2DA01BE}.Release|Any CPU.ActiveCfg = Release|x86
		{763FE539-137E-4FB0-BA28-8878F2DA01BE}.Release|Any CPU.Build.0 = Release|x86
		{763FE539-137E-4FB0-BA28-8878F2DA01BE}.Release|Any CPU.Deploy.0 = Release|x86
		{763FE539-137E-4FB0-BA28-8878F2DA01BE}.Release|ARM.ActiveCfg = Release|ARM
		{763FE539-137E-4FB0-BA28-8878F2DA01BE}.Release|ARM.Build.0 = Release|ARM
		{763FE539-137E-4FB0-BA28-8878F2DA01BE}.Release|ARM.Deploy.0 = Release|ARM
		{763FE539-137E-4FB0-BA28-8878F2DA01BE}.Release|iPhone.ActiveCfg = Release|x86
		{763FE539-137E-4FB0-BA28-8878F2DA01BE}.Release|iPhone.Build.0 = Release|x86
		{763FE539-137E-4FB0-BA28-8878F2DA01BE}.Release|iPhone.Deploy.0 = Release|x86
		{763FE539-137E-4FB0-BA28-8878F2DA01BE}.Release|iPhoneSimulator.ActiveCfg = Release|x86
		{763FE539-137E-4FB0-BA28-8878F2DA01BE}.Release|iPhoneSimulator.Build.0 = Release|x86
		{763FE539-137E-4FB0-BA28-8878F2DA01BE}.Release|iPhoneSimulator.Deploy.0 = Release|x86
		{763FE539-137E-4FB0-BA28-8878F2DA01BE}.Release|x64.ActiveCfg = Release|x64
		{763FE539-137E-4FB0-BA28-8878F2DA01BE}.Release|x64.Build.0 = Release|x64
		{763FE539-137E-4FB0-BA28-8878F2DA01BE}.Release|x64.Deploy.0 = Release|x64
		{763FE539-137E-4FB0-BA28-8878F2DA01BE}.Release|x86.ActiveCfg = Release|x86
		{763FE539-137E-4FB0-BA28-8878F2DA01BE}.Release|x86.Build.0 = Release|x86
		{763FE539-137E-4FB0-BA28-8878F2DA01BE}.Release|x86.Deploy.0 = Release|x86
		{849F0E3B-8393-427A-87D1-AA431CD999F4}.Ad-Hoc|Any CPU.ActiveCfg = Debug|Any CPU
		{849F0E3B-8393-427A-87D1-AA431CD999F4}.Ad-Hoc|Any CPU.Build.0 = Debug|Any CPU
		{849F0E3B-8393-427A-87D1-AA431CD999F4}.Ad-Hoc|Any CPU.Deploy.0 = Debug|Any CPU
		{849F0E3B-8393-427A-87D1-AA431CD999F4}.Ad-Hoc|ARM.ActiveCfg = Debug|Any CPU
		{849F0E3B-8393-427A-87D1-AA431CD999F4}.Ad-Hoc|ARM.Build.0 = Debug|Any CPU
		{849F0E3B-8393-427A-87D1-AA431CD999F4}.Ad-Hoc|ARM.Deploy.0 = Debug|Any CPU
		{849F0E3B-8393-427A-87D1-AA431CD999F4}.Ad-Hoc|iPhone.ActiveCfg = Debug|Any CPU
		{849F0E3B-8393-427A-87D1-AA431CD999F4}.Ad-Hoc|iPhone.Build.0 = Debug|Any CPU
		{849F0E3B-8393-427A-87D1-AA431CD999F4}.Ad-Hoc|iPhone.Deploy.0 = Debug|Any CPU
		{849F0E3B-8393-427A-87D1-AA431CD999F4}.Ad-Hoc|iPhoneSimulator.ActiveCfg = Debug|Any CPU
		{849F0E3B-8393-427A-87D1-AA431CD999F4}.Ad-Hoc|iPhoneSimulator.Build.0 = Debug|Any CPU
		{849F0E3B-8393-427A-87D1-AA431CD999F4}.Ad-Hoc|iPhoneSimulator.Deploy.0 = Debug|Any CPU
		{849F0E3B-8393-427A-87D1-AA431CD999F4}.Ad-Hoc|x64.ActiveCfg = Debug|Any CPU
		{849F0E3B-8393-427A-87D1-AA431CD999F4}.Ad-Hoc|x64.Build.0 = Debug|Any CPU
		{849F0E3B-8393-427A-87D1-AA431CD999F4}.Ad-Hoc|x64.Deploy.0 = Debug|Any CPU
		{849F0E3B-8393-427A-87D1-AA431CD999F4}.Ad-Hoc|x86.ActiveCfg = Debug|Any CPU
		{849F0E3B-8393-427A-87D1-AA431CD999F4}.Ad-Hoc|x86.Build.0 = Debug|Any CPU
		{849F0E3B-8393-427A-87D1-AA431CD999F4}.Ad-Hoc|x86.Deploy.0 = Debug|Any CPU
		{849F0E3B-8393-427A-87D1-AA431CD999F4}.AppStore|Any CPU.ActiveCfg = Debug|Any CPU
		{849F0E3B-8393-427A-87D1-AA431CD999F4}.AppStore|Any CPU.Build.0 = Debug|Any CPU
		{849F0E3B-8393-427A-87D1-AA431CD999F4}.AppStore|Any CPU.Deploy.0 = Debug|Any CPU
		{849F0E3B-8393-427A-87D1-AA431CD999F4}.AppStore|ARM.ActiveCfg = Debug|Any CPU
		{849F0E3B-8393-427A-87D1-AA431CD999F4}.AppStore|ARM.Build.0 = Debug|Any CPU
		{849F0E3B-8393-427A-87D1-AA431CD999F4}.AppStore|ARM.Deploy.0 = Debug|Any CPU
		{849F0E3B-8393-427A-87D1-AA431CD999F4}.AppStore|iPhone.ActiveCfg = Debug|Any CPU
		{849F0E3B-8393-427A-87D1-AA431CD999F4}.AppStore|iPhone.Build.0 = Debug|Any CPU
		{849F0E3B-8393-427A-87D1-AA431CD999F4}.AppStore|iPhone.Deploy.0 = Debug|Any CPU
		{849F0E3B-8393-427A-87D1-AA431CD999F4}.AppStore|iPhoneSimulator.ActiveCfg = Debug|Any CPU
		{849F0E3B-8393-427A-87D1-AA431CD999F4}.AppStore|iPhoneSimulator.Build.0 = Debug|Any CPU
		{849F0E3B-8393-427A-87D1-AA431CD999F4}.AppStore|iPhoneSimulator.Deploy.0 = Debug|Any CPU
		{849F0E3B-8393-427A-87D1-AA431CD999F4}.AppStore|x64.ActiveCfg = Debug|Any CPU
		{849F0E3B-8393-427A-87D1-AA431CD999F4}.AppStore|x64.Build.0 = Debug|Any CPU
		{849F0E3B-8393-427A-87D1-AA431CD999F4}.AppStore|x64.Deploy.0 = Debug|Any CPU
		{849F0E3B-8393-427A-87D1-AA431CD999F4}.AppStore|x86.ActiveCfg = Debug|Any CPU
		{849F0E3B-8393-427A-87D1-AA431CD999F4}.AppStore|x86.Build.0 = Debug|Any CPU
		{849F0E3B-8393-427A-87D1-AA431CD999F4}.AppStore|x86.Deploy.0 = Debug|Any CPU
		{849F0E3B-8393-427A-87D1-AA431CD999F4}.Debug|Any CPU.ActiveCfg = Debug|Any CPU
		{849F0E3B-8393-427A-87D1-AA431CD999F4}.Debug|Any CPU.Build.0 = Debug|Any CPU
		{849F0E3B-8393-427A-87D1-AA431CD999F4}.Debug|Any CPU.Deploy.0 = Debug|Any CPU
		{849F0E3B-8393-427A-87D1-AA431CD999F4}.Debug|ARM.ActiveCfg = Debug|Any CPU
		{849F0E3B-8393-427A-87D1-AA431CD999F4}.Debug|ARM.Build.0 = Debug|Any CPU
		{849F0E3B-8393-427A-87D1-AA431CD999F4}.Debug|ARM.Deploy.0 = Debug|Any CPU
		{849F0E3B-8393-427A-87D1-AA431CD999F4}.Debug|iPhone.ActiveCfg = Debug|Any CPU
		{849F0E3B-8393-427A-87D1-AA431CD999F4}.Debug|iPhone.Build.0 = Debug|Any CPU
		{849F0E3B-8393-427A-87D1-AA431CD999F4}.Debug|iPhone.Deploy.0 = Debug|Any CPU
		{849F0E3B-8393-427A-87D1-AA431CD999F4}.Debug|iPhoneSimulator.ActiveCfg = Debug|Any CPU
		{849F0E3B-8393-427A-87D1-AA431CD999F4}.Debug|iPhoneSimulator.Build.0 = Debug|Any CPU
		{849F0E3B-8393-427A-87D1-AA431CD999F4}.Debug|iPhoneSimulator.Deploy.0 = Debug|Any CPU
		{849F0E3B-8393-427A-87D1-AA431CD999F4}.Debug|x64.ActiveCfg = Debug|Any CPU
		{849F0E3B-8393-427A-87D1-AA431CD999F4}.Debug|x64.Build.0 = Debug|Any CPU
		{849F0E3B-8393-427A-87D1-AA431CD999F4}.Debug|x64.Deploy.0 = Debug|Any CPU
		{849F0E3B-8393-427A-87D1-AA431CD999F4}.Debug|x86.ActiveCfg = Debug|Any CPU
		{849F0E3B-8393-427A-87D1-AA431CD999F4}.Debug|x86.Build.0 = Debug|Any CPU
		{849F0E3B-8393-427A-87D1-AA431CD999F4}.Debug|x86.Deploy.0 = Debug|Any CPU
		{849F0E3B-8393-427A-87D1-AA431CD999F4}.Release|Any CPU.ActiveCfg = Release|Any CPU
		{849F0E3B-8393-427A-87D1-AA431CD999F4}.Release|Any CPU.Build.0 = Release|Any CPU
		{849F0E3B-8393-427A-87D1-AA431CD999F4}.Release|Any CPU.Deploy.0 = Release|Any CPU
		{849F0E3B-8393-427A-87D1-AA431CD999F4}.Release|ARM.ActiveCfg = Release|Any CPU
		{849F0E3B-8393-427A-87D1-AA431CD999F4}.Release|ARM.Build.0 = Release|Any CPU
		{849F0E3B-8393-427A-87D1-AA431CD999F4}.Release|ARM.Deploy.0 = Release|Any CPU
		{849F0E3B-8393-427A-87D1-AA431CD999F4}.Release|iPhone.ActiveCfg = Release|Any CPU
		{849F0E3B-8393-427A-87D1-AA431CD999F4}.Release|iPhone.Build.0 = Release|Any CPU
		{849F0E3B-8393-427A-87D1-AA431CD999F4}.Release|iPhone.Deploy.0 = Release|Any CPU
		{849F0E3B-8393-427A-87D1-AA431CD999F4}.Release|iPhoneSimulator.ActiveCfg = Release|Any CPU
		{849F0E3B-8393-427A-87D1-AA431CD999F4}.Release|iPhoneSimulator.Build.0 = Release|Any CPU
		{849F0E3B-8393-427A-87D1-AA431CD999F4}.Release|iPhoneSimulator.Deploy.0 = Release|Any CPU
		{849F0E3B-8393-427A-87D1-AA431CD999F4}.Release|x64.ActiveCfg = Release|Any CPU
		{849F0E3B-8393-427A-87D1-AA431CD999F4}.Release|x64.Build.0 = Release|Any CPU
		{849F0E3B-8393-427A-87D1-AA431CD999F4}.Release|x64.Deploy.0 = Release|Any CPU
		{849F0E3B-8393-427A-87D1-AA431CD999F4}.Release|x86.ActiveCfg = Release|Any CPU
		{849F0E3B-8393-427A-87D1-AA431CD999F4}.Release|x86.Build.0 = Release|Any CPU
		{849F0E3B-8393-427A-87D1-AA431CD999F4}.Release|x86.Deploy.0 = Release|Any CPU
	EndGlobalSection
	GlobalSection(SolutionProperties) = preSolution
		HideSolutionNode = FALSE
	EndGlobalSection
	GlobalSection(ExtensibilityGlobals) = postSolution
		SolutionGuid = {B9E2CE90-FB23-4977-B4DF-31D8837C9649}
	EndGlobalSection
EndGlobal
