
Microsoft Visual Studio Solution File, Format Version 12.00
# Visual Studio 15
VisualStudioVersion = 15.0.28010.2050
MinimumVisualStudioVersion = 10.0.40219.1
Project("{FAE04EC0-301F-11D3-BF4B-00C04F79EFBC}") = "LayoutXF.Android", "LayoutXF\LayoutXF.Android\LayoutXF.Android.csproj", "{576F535B-6426-4774-8C63-B38BC79B939D}"
EndProject
Project("{FAE04EC0-301F-11D3-BF4B-00C04F79EFBC}") = "LayoutXF.iOS", "LayoutXF\LayoutXF.iOS\LayoutXF.iOS.csproj", "{221143A0-429A-4230-B703-A6D8FC8E03DE}"
EndProject
Project("{FAE04EC0-301F-11D3-BF4B-00C04F79EFBC}") = "LayoutXF.UWP", "LayoutXF\LayoutXF.UWP\LayoutXF.UWP.csproj", "{BBDEA3E7-EE39-44ED-BAF8-FEDA5F73F745}"
EndProject
Project("{FAE04EC0-301F-11D3-BF4B-00C04F79EFBC}") = "LayoutXF", "LayoutXF\LayoutXF\LayoutXF.csproj", "{BAFF9502-8D6C-4124-8B50-6E3B2CC808C4}"
EndProject
Global
	GlobalSection(SolutionConfigurationPlatforms) = preSolution
		Ad-Hoc|Any CPU = Ad-Hoc|Any CPU
		Ad-Hoc|ARM = Ad-Hoc|ARM
		Ad-Hoc|iPhone = Ad-Hoc|iPhone
		Ad-Hoc|iPhoneSimulator = Ad-Hoc|iPhoneSimulator
		Ad-Hoc|x64 = Ad-Hoc|x64
		Ad-Hoc|x86 = Ad-Hoc|x86
		AppStore|Any CPU = AppStore|Any CPU
		AppStore|ARM = AppStore|ARM
		AppStore|iPhone = AppStore|iPhone
		AppStore|iPhoneSimulator = AppStore|iPhoneSimulator
		AppStore|x64 = AppStore|x64
		AppStore|x86 = AppStore|x86
		Debug|Any CPU = Debug|Any CPU
		Debug|ARM = Debug|ARM
		Debug|iPhone = Debug|iPhone
		Debug|iPhoneSimulator = Debug|iPhoneSimulator
		Debug|x64 = Debug|x64
		Debug|x86 = Debug|x86
		Release|Any CPU = Release|Any CPU
		Release|ARM = Release|ARM
		Release|iPhone = Release|iPhone
		Release|iPhoneSimulator = Release|iPhoneSimulator
		Release|x64 = Release|x64
		Release|x86 = Release|x86
	EndGlobalSection
	GlobalSection(ProjectConfigurationPlatforms) = postSolution
		{576F535B-6426-4774-8C63-B38BC79B939D}.Ad-Hoc|Any CPU.ActiveCfg = Release|Any CPU
		{576F535B-6426-4774-8C63-B38BC79B939D}.Ad-Hoc|Any CPU.Build.0 = Release|Any CPU
		{576F535B-6426-4774-8C63-B38BC79B939D}.Ad-Hoc|Any CPU.Deploy.0 = Release|Any CPU
		{576F535B-6426-4774-8C63-B38BC79B939D}.Ad-Hoc|ARM.ActiveCfg = Release|Any CPU
		{576F535B-6426-4774-8C63-B38BC79B939D}.Ad-Hoc|ARM.Build.0 = Release|Any CPU
		{576F535B-6426-4774-8C63-B38BC79B939D}.Ad-Hoc|ARM.Deploy.0 = Release|Any CPU
		{576F535B-6426-4774-8C63-B38BC79B939D}.Ad-Hoc|iPhone.ActiveCfg = Release|Any CPU
		{576F535B-6426-4774-8C63-B38BC79B939D}.Ad-Hoc|iPhone.Build.0 = Release|Any CPU
		{576F535B-6426-4774-8C63-B38BC79B939D}.Ad-Hoc|iPhone.Deploy.0 = Release|Any CPU
		{576F535B-6426-4774-8C63-B38BC79B939D}.Ad-Hoc|iPhoneSimulator.ActiveCfg = Release|Any CPU
		{576F535B-6426-4774-8C63-B38BC79B939D}.Ad-Hoc|iPhoneSimulator.Build.0 = Release|Any CPU
		{576F535B-6426-4774-8C63-B38BC79B939D}.Ad-Hoc|iPhoneSimulator.Deploy.0 = Release|Any CPU
		{576F535B-6426-4774-8C63-B38BC79B939D}.Ad-Hoc|x64.ActiveCfg = Release|Any CPU
		{576F535B-6426-4774-8C63-B38BC79B939D}.Ad-Hoc|x64.Build.0 = Release|Any CPU
		{576F535B-6426-4774-8C63-B38BC79B939D}.Ad-Hoc|x64.Deploy.0 = Release|Any CPU
		{576F535B-6426-4774-8C63-B38BC79B939D}.Ad-Hoc|x86.ActiveCfg = Release|Any CPU
		{576F535B-6426-4774-8C63-B38BC79B939D}.Ad-Hoc|x86.Build.0 = Release|Any CPU
		{576F535B-6426-4774-8C63-B38BC79B939D}.Ad-Hoc|x86.Deploy.0 = Release|Any CPU
		{576F535B-6426-4774-8C63-B38BC79B939D}.AppStore|Any CPU.ActiveCfg = Release|Any CPU
		{576F535B-6426-4774-8C63-B38BC79B939D}.AppStore|Any CPU.Build.0 = Release|Any CPU
		{576F535B-6426-4774-8C63-B38BC79B939D}.AppStore|Any CPU.Deploy.0 = Release|Any CPU
		{576F535B-6426-4774-8C63-B38BC79B939D}.AppStore|ARM.ActiveCfg = Release|Any CPU
		{576F535B-6426-4774-8C63-B38BC79B939D}.AppStore|ARM.Build.0 = Release|Any CPU
		{576F535B-6426-4774-8C63-B38BC79B939D}.AppStore|ARM.Deploy.0 = Release|Any CPU
		{576F535B-6426-4774-8C63-B38BC79B939D}.AppStore|iPhone.ActiveCfg = Release|Any CPU
		{576F535B-6426-4774-8C63-B38BC79B939D}.AppStore|iPhone.Build.0 = Release|Any CPU
		{576F535B-6426-4774-8C63-B38BC79B939D}.AppStore|iPhone.Deploy.0 = Release|Any CPU
		{576F535B-6426-4774-8C63-B38BC79B939D}.AppStore|iPhoneSimulator.ActiveCfg = Release|Any CPU
		{576F535B-6426-4774-8C63-B38BC79B939D}.AppStore|iPhoneSimulator.Build.0 = Release|Any CPU
		{576F535B-6426-4774-8C63-B38BC79B939D}.AppStore|iPhoneSimulator.Deploy.0 = Release|Any CPU
		{576F535B-6426-4774-8C63-B38BC79B939D}.AppStore|x64.ActiveCfg = Release|Any CPU
		{576F535B-6426-4774-8C63-B38BC79B939D}.AppStore|x64.Build.0 = Release|Any CPU
		{576F535B-6426-4774-8C63-B38BC79B939D}.AppStore|x64.Deploy.0 = Release|Any CPU
		{576F535B-6426-4774-8C63-B38BC79B939D}.AppStore|x86.ActiveCfg = Release|Any CPU
		{576F535B-6426-4774-8C63-B38BC79B939D}.AppStore|x86.Build.0 = Release|Any CPU
		{576F535B-6426-4774-8C63-B38BC79B939D}.AppStore|x86.Deploy.0 = Release|Any CPU
		{576F535B-6426-4774-8C63-B38BC79B939D}.Debug|Any CPU.ActiveCfg = Debug|Any CPU
		{576F535B-6426-4774-8C63-B38BC79B939D}.Debug|Any CPU.Build.0 = Debug|Any CPU
		{576F535B-6426-4774-8C63-B38BC79B939D}.Debug|Any CPU.Deploy.0 = Debug|Any CPU
		{576F535B-6426-4774-8C63-B38BC79B939D}.Debug|ARM.ActiveCfg = Debug|Any CPU
		{576F535B-6426-4774-8C63-B38BC79B939D}.Debug|ARM.Build.0 = Debug|Any CPU
		{576F535B-6426-4774-8C63-B38BC79B939D}.Debug|ARM.Deploy.0 = Debug|Any CPU
		{576F535B-6426-4774-8C63-B38BC79B939D}.Debug|iPhone.ActiveCfg = Debug|Any CPU
		{576F535B-6426-4774-8C63-B38BC79B939D}.Debug|iPhone.Build.0 = Debug|Any CPU
		{576F535B-6426-4774-8C63-B38BC79B939D}.Debug|iPhone.Deploy.0 = Debug|Any CPU
		{576F535B-6426-4774-8C63-B38BC79B939D}.Debug|iPhoneSimulator.ActiveCfg = Debug|Any CPU
		{576F535B-6426-4774-8C63-B38BC79B939D}.Debug|iPhoneSimulator.Build.0 = Debug|Any CPU
		{576F535B-6426-4774-8C63-B38BC79B939D}.Debug|iPhoneSimulator.Deploy.0 = Debug|Any CPU
		{576F535B-6426-4774-8C63-B38BC79B939D}.Debug|x64.ActiveCfg = Debug|Any CPU
		{576F535B-6426-4774-8C63-B38BC79B939D}.Debug|x64.Build.0 = Debug|Any CPU
		{576F535B-6426-4774-8C63-B38BC79B939D}.Debug|x64.Deploy.0 = Debug|Any CPU
		{576F535B-6426-4774-8C63-B38BC79B939D}.Debug|x86.ActiveCfg = Debug|Any CPU
		{576F535B-6426-4774-8C63-B38BC79B939D}.Debug|x86.Build.0 = Debug|Any CPU
		{576F535B-6426-4774-8C63-B38BC79B939D}.Debug|x86.Deploy.0 = Debug|Any CPU
		{576F535B-6426-4774-8C63-B38BC79B939D}.Release|Any CPU.ActiveCfg = Release|Any CPU
		{576F535B-6426-4774-8C63-B38BC79B939D}.Release|Any CPU.Build.0 = Release|Any CPU
		{576F535B-6426-4774-8C63-B38BC79B939D}.Release|Any CPU.Deploy.0 = Release|Any CPU
		{576F535B-6426-4774-8C63-B38BC79B939D}.Release|ARM.ActiveCfg = Release|Any CPU
		{576F535B-6426-4774-8C63-B38BC79B939D}.Release|ARM.Build.0 = Release|Any CPU
		{576F535B-6426-4774-8C63-B38BC79B939D}.Release|ARM.Deploy.0 = Release|Any CPU
		{576F535B-6426-4774-8C63-B38BC79B939D}.Release|iPhone.ActiveCfg = Release|Any CPU
		{576F535B-6426-4774-8C63-B38BC79B939D}.Release|iPhone.Build.0 = Release|Any CPU
		{576F535B-6426-4774-8C63-B38BC79B939D}.Release|iPhone.Deploy.0 = Release|Any CPU
		{576F535B-6426-4774-8C63-B38BC79B939D}.Release|iPhoneSimulator.ActiveCfg = Release|Any CPU
		{576F535B-6426-4774-8C63-B38BC79B939D}.Release|iPhoneSimulator.Build.0 = Release|Any CPU
		{576F535B-6426-4774-8C63-B38BC79B939D}.Release|iPhoneSimulator.Deploy.0 = Release|Any CPU
		{576F535B-6426-4774-8C63-B38BC79B939D}.Release|x64.ActiveCfg = Release|Any CPU
		{576F535B-6426-4774-8C63-B38BC79B939D}.Release|x64.Build.0 = Release|Any CPU
		{576F535B-6426-4774-8C63-B38BC79B939D}.Release|x64.Deploy.0 = Release|Any CPU
		{576F535B-6426-4774-8C63-B38BC79B939D}.Release|x86.ActiveCfg = Release|Any CPU
		{576F535B-6426-4774-8C63-B38BC79B939D}.Release|x86.Build.0 = Release|Any CPU
		{576F535B-6426-4774-8C63-B38BC79B939D}.Release|x86.Deploy.0 = Release|Any CPU
		{221143A0-429A-4230-B703-A6D8FC8E03DE}.Ad-Hoc|Any CPU.ActiveCfg = Ad-Hoc|iPhone
		{221143A0-429A-4230-B703-A6D8FC8E03DE}.Ad-Hoc|Any CPU.Build.0 = Ad-Hoc|iPhone
		{221143A0-429A-4230-B703-A6D8FC8E03DE}.Ad-Hoc|Any CPU.Deploy.0 = Ad-Hoc|iPhone
		{221143A0-429A-4230-B703-A6D8FC8E03DE}.Ad-Hoc|ARM.ActiveCfg = Ad-Hoc|iPhone
		{221143A0-429A-4230-B703-A6D8FC8E03DE}.Ad-Hoc|ARM.Build.0 = Ad-Hoc|iPhone
		{221143A0-429A-4230-B703-A6D8FC8E03DE}.Ad-Hoc|ARM.Deploy.0 = Ad-Hoc|iPhone
		{221143A0-429A-4230-B703-A6D8FC8E03DE}.Ad-Hoc|iPhone.ActiveCfg = Ad-Hoc|iPhone
		{221143A0-429A-4230-B703-A6D8FC8E03DE}.Ad-Hoc|iPhone.Build.0 = Ad-Hoc|iPhone
		{221143A0-429A-4230-B703-A6D8FC8E03DE}.Ad-Hoc|iPhone.Deploy.0 = Ad-Hoc|iPhone
		{221143A0-429A-4230-B703-A6D8FC8E03DE}.Ad-Hoc|iPhoneSimulator.ActiveCfg = Ad-Hoc|iPhoneSimulator
		{221143A0-429A-4230-B703-A6D8FC8E03DE}.Ad-Hoc|iPhoneSimulator.Build.0 = Ad-Hoc|iPhoneSimulator
		{221143A0-429A-4230-B703-A6D8FC8E03DE}.Ad-Hoc|iPhoneSimulator.Deploy.0 = Ad-Hoc|iPhoneSimulator
		{221143A0-429A-4230-B703-A6D8FC8E03DE}.Ad-Hoc|x64.ActiveCfg = Ad-Hoc|iPhone
		{221143A0-429A-4230-B703-A6D8FC8E03DE}.Ad-Hoc|x64.Build.0 = Ad-Hoc|iPhone
		{221143A0-429A-4230-B703-A6D8FC8E03DE}.Ad-Hoc|x64.Deploy.0 = Ad-Hoc|iPhone
		{221143A0-429A-4230-B703-A6D8FC8E03DE}.Ad-Hoc|x86.ActiveCfg = Ad-Hoc|iPhone
		{221143A0-429A-4230-B703-A6D8FC8E03DE}.Ad-Hoc|x86.Build.0 = Ad-Hoc|iPhone
		{221143A0-429A-4230-B703-A6D8FC8E03DE}.Ad-Hoc|x86.Deploy.0 = Ad-Hoc|iPhone
		{221143A0-429A-4230-B703-A6D8FC8E03DE}.AppStore|Any CPU.ActiveCfg = AppStore|iPhone
		{221143A0-429A-4230-B703-A6D8FC8E03DE}.AppStore|Any CPU.Build.0 = AppStore|iPhone
		{221143A0-429A-4230-B703-A6D8FC8E03DE}.AppStore|Any CPU.Deploy.0 = AppStore|iPhone
		{221143A0-429A-4230-B703-A6D8FC8E03DE}.AppStore|ARM.ActiveCfg = AppStore|iPhone
		{221143A0-429A-4230-B703-A6D8FC8E03DE}.AppStore|ARM.Build.0 = AppStore|iPhone
		{221143A0-429A-4230-B703-A6D8FC8E03DE}.AppStore|ARM.Deploy.0 = AppStore|iPhone
		{221143A0-429A-4230-B703-A6D8FC8E03DE}.AppStore|iPhone.ActiveCfg = AppStore|iPhone
		{221143A0-429A-4230-B703-A6D8FC8E03DE}.AppStore|iPhone.Build.0 = AppStore|iPhone
		{221143A0-429A-4230-B703-A6D8FC8E03DE}.AppStore|iPhone.Deploy.0 = AppStore|iPhone
		{221143A0-429A-4230-B703-A6D8FC8E03DE}.AppStore|iPhoneSimulator.ActiveCfg = AppStore|iPhoneSimulator
		{221143A0-429A-4230-B703-A6D8FC8E03DE}.AppStore|iPhoneSimulator.Build.0 = AppStore|iPhoneSimulator
		{221143A0-429A-4230-B703-A6D8FC8E03DE}.AppStore|iPhoneSimulator.Deploy.0 = AppStore|iPhoneSimulator
		{221143A0-429A-4230-B703-A6D8FC8E03DE}.AppStore|x64.ActiveCfg = AppStore|iPhone
		{221143A0-429A-4230-B703-A6D8FC8E03DE}.AppStore|x64.Build.0 = AppStore|iPhone
		{221143A0-429A-4230-B703-A6D8FC8E03DE}.AppStore|x64.Deploy.0 = AppStore|iPhone
		{221143A0-429A-4230-B703-A6D8FC8E03DE}.AppStore|x86.ActiveCfg = AppStore|iPhone
		{221143A0-429A-4230-B703-A6D8FC8E03DE}.AppStore|x86.Build.0 = AppStore|iPhone
		{221143A0-429A-4230-B703-A6D8FC8E03DE}.AppStore|x86.Deploy.0 = AppStore|iPhone
		{221143A0-429A-4230-B703-A6D8FC8E03DE}.Debug|Any CPU.ActiveCfg = Debug|iPhoneSimulator
		{221143A0-429A-4230-B703-A6D8FC8E03DE}.Debug|Any CPU.Build.0 = Debug|iPhoneSimulator
		{221143A0-429A-4230-B703-A6D8FC8E03DE}.Debug|Any CPU.Deploy.0 = Debug|iPhoneSimulator
		{221143A0-429A-4230-B703-A6D8FC8E03DE}.Debug|ARM.ActiveCfg = Debug|iPhone
		{221143A0-429A-4230-B703-A6D8FC8E03DE}.Debug|ARM.Build.0 = Debug|iPhone
		{221143A0-429A-4230-B703-A6D8FC8E03DE}.Debug|ARM.Deploy.0 = Debug|iPhone
		{221143A0-429A-4230-B703-A6D8FC8E03DE}.Debug|iPhone.ActiveCfg = Debug|iPhone
		{221143A0-429A-4230-B703-A6D8FC8E03DE}.Debug|iPhone.Build.0 = Debug|iPhone
		{221143A0-429A-4230-B703-A6D8FC8E03DE}.Debug|iPhone.Deploy.0 = Debug|iPhone
		{221143A0-429A-4230-B703-A6D8FC8E03DE}.Debug|iPhoneSimulator.ActiveCfg = Debug|iPhoneSimulator
		{221143A0-429A-4230-B703-A6D8FC8E03DE}.Debug|iPhoneSimulator.Build.0 = Debug|iPhoneSimulator
		{221143A0-429A-4230-B703-A6D8FC8E03DE}.Debug|iPhoneSimulator.Deploy.0 = Debug|iPhoneSimulator
		{221143A0-429A-4230-B703-A6D8FC8E03DE}.Debug|x64.ActiveCfg = Debug|iPhone
		{221143A0-429A-4230-B703-A6D8FC8E03DE}.Debug|x64.Build.0 = Debug|iPhone
		{221143A0-429A-4230-B703-A6D8FC8E03DE}.Debug|x64.Deploy.0 = Debug|iPhone
		{221143A0-429A-4230-B703-A6D8FC8E03DE}.Debug|x86.ActiveCfg = Debug|iPhone
		{221143A0-429A-4230-B703-A6D8FC8E03DE}.Debug|x86.Build.0 = Debug|iPhone
		{221143A0-429A-4230-B703-A6D8FC8E03DE}.Debug|x86.Deploy.0 = Debug|iPhone
		{221143A0-429A-4230-B703-A6D8FC8E03DE}.Release|Any CPU.ActiveCfg = Release|iPhone
		{221143A0-429A-4230-B703-A6D8FC8E03DE}.Release|Any CPU.Build.0 = Release|iPhone
		{221143A0-429A-4230-B703-A6D8FC8E03DE}.Release|Any CPU.Deploy.0 = Release|iPhone
		{221143A0-429A-4230-B703-A6D8FC8E03DE}.Release|ARM.ActiveCfg = Release|iPhone
		{221143A0-429A-4230-B703-A6D8FC8E03DE}.Release|ARM.Build.0 = Release|iPhone
		{221143A0-429A-4230-B703-A6D8FC8E03DE}.Release|ARM.Deploy.0 = Release|iPhone
		{221143A0-429A-4230-B703-A6D8FC8E03DE}.Release|iPhone.ActiveCfg = Release|iPhone
		{221143A0-429A-4230-B703-A6D8FC8E03DE}.Release|iPhone.Build.0 = Release|iPhone
		{221143A0-429A-4230-B703-A6D8FC8E03DE}.Release|iPhone.Deploy.0 = Release|iPhone
		{221143A0-429A-4230-B703-A6D8FC8E03DE}.Release|iPhoneSimulator.ActiveCfg = Release|iPhoneSimulator
		{221143A0-429A-4230-B703-A6D8FC8E03DE}.Release|iPhoneSimulator.Build.0 = Release|iPhoneSimulator
		{221143A0-429A-4230-B703-A6D8FC8E03DE}.Release|iPhoneSimulator.Deploy.0 = Release|iPhoneSimulator
		{221143A0-429A-4230-B703-A6D8FC8E03DE}.Release|x64.ActiveCfg = Release|iPhone
		{221143A0-429A-4230-B703-A6D8FC8E03DE}.Release|x64.Build.0 = Release|iPhone
		{221143A0-429A-4230-B703-A6D8FC8E03DE}.Release|x64.Deploy.0 = Release|iPhone
		{221143A0-429A-4230-B703-A6D8FC8E03DE}.Release|x86.ActiveCfg = Release|iPhone
		{221143A0-429A-4230-B703-A6D8FC8E03DE}.Release|x86.Build.0 = Release|iPhone
		{221143A0-429A-4230-B703-A6D8FC8E03DE}.Release|x86.Deploy.0 = Release|iPhone
		{BBDEA3E7-EE39-44ED-BAF8-FEDA5F73F745}.Ad-Hoc|Any CPU.ActiveCfg = Release|x86
		{BBDEA3E7-EE39-44ED-BAF8-FEDA5F73F745}.Ad-Hoc|Any CPU.Build.0 = Release|x86
		{BBDEA3E7-EE39-44ED-BAF8-FEDA5F73F745}.Ad-Hoc|Any CPU.Deploy.0 = Release|x86
		{BBDEA3E7-EE39-44ED-BAF8-FEDA5F73F745}.Ad-Hoc|ARM.ActiveCfg = Release|ARM
		{BBDEA3E7-EE39-44ED-BAF8-FEDA5F73F745}.Ad-Hoc|ARM.Build.0 = Release|ARM
		{BBDEA3E7-EE39-44ED-BAF8-FEDA5F73F745}.Ad-Hoc|ARM.Deploy.0 = Release|ARM
		{BBDEA3E7-EE39-44ED-BAF8-FEDA5F73F745}.Ad-Hoc|iPhone.ActiveCfg = Release|x86
		{BBDEA3E7-EE39-44ED-BAF8-FEDA5F73F745}.Ad-Hoc|iPhone.Build.0 = Release|x86
		{BBDEA3E7-EE39-44ED-BAF8-FEDA5F73F745}.Ad-Hoc|iPhone.Deploy.0 = Release|x86
		{BBDEA3E7-EE39-44ED-BAF8-FEDA5F73F745}.Ad-Hoc|iPhoneSimulator.ActiveCfg = Release|x86
		{BBDEA3E7-EE39-44ED-BAF8-FEDA5F73F745}.Ad-Hoc|iPhoneSimulator.Build.0 = Release|x86
		{BBDEA3E7-EE39-44ED-BAF8-FEDA5F73F745}.Ad-Hoc|iPhoneSimulator.Deploy.0 = Release|x86
		{BBDEA3E7-EE39-44ED-BAF8-FEDA5F73F745}.Ad-Hoc|x64.ActiveCfg = Release|x64
		{BBDEA3E7-EE39-44ED-BAF8-FEDA5F73F745}.Ad-Hoc|x64.Build.0 = Release|x64
		{BBDEA3E7-EE39-44ED-BAF8-FEDA5F73F745}.Ad-Hoc|x64.Deploy.0 = Release|x64
		{BBDEA3E7-EE39-44ED-BAF8-FEDA5F73F745}.Ad-Hoc|x86.ActiveCfg = Release|x86
		{BBDEA3E7-EE39-44ED-BAF8-FEDA5F73F745}.Ad-Hoc|x86.Build.0 = Release|x86
		{BBDEA3E7-EE39-44ED-BAF8-FEDA5F73F745}.Ad-Hoc|x86.Deploy.0 = Release|x86
		{BBDEA3E7-EE39-44ED-BAF8-FEDA5F73F745}.AppStore|Any CPU.ActiveCfg = Release|x86
		{BBDEA3E7-EE39-44ED-BAF8-FEDA5F73F745}.AppStore|Any CPU.Build.0 = Release|x86
		{BBDEA3E7-EE39-44ED-BAF8-FEDA5F73F745}.AppStore|Any CPU.Deploy.0 = Release|x86
		{BBDEA3E7-EE39-44ED-BAF8-FEDA5F73F745}.AppStore|ARM.ActiveCfg = Release|ARM
		{BBDEA3E7-EE39-44ED-BAF8-FEDA5F73F745}.AppStore|ARM.Build.0 = Release|ARM
		{BBDEA3E7-EE39-44ED-BAF8-FEDA5F73F745}.AppStore|ARM.Deploy.0 = Release|ARM
		{BBDEA3E7-EE39-44ED-BAF8-FEDA5F73F745}.AppStore|iPhone.ActiveCfg = Release|x86
		{BBDEA3E7-EE39-44ED-BAF8-FEDA5F73F745}.AppStore|iPhone.Build.0 = Release|x86
		{BBDEA3E7-EE39-44ED-BAF8-FEDA5F73F745}.AppStore|iPhone.Deploy.0 = Release|x86
		{BBDEA3E7-EE39-44ED-BAF8-FEDA5F73F745}.AppStore|iPhoneSimulator.ActiveCfg = Release|x86
		{BBDEA3E7-EE39-44ED-BAF8-FEDA5F73F745}.AppStore|iPhoneSimulator.Build.0 = Release|x86
		{BBDEA3E7-EE39-44ED-BAF8-FEDA5F73F745}.AppStore|iPhoneSimulator.Deploy.0 = Release|x86
		{BBDEA3E7-EE39-44ED-BAF8-FEDA5F73F745}.AppStore|x64.ActiveCfg = Release|x64
		{BBDEA3E7-EE39-44ED-BAF8-FEDA5F73F745}.AppStore|x64.Build.0 = Release|x64
		{BBDEA3E7-EE39-44ED-BAF8-FEDA5F73F745}.AppStore|x64.Deploy.0 = Release|x64
		{BBDEA3E7-EE39-44ED-BAF8-FEDA5F73F745}.AppStore|x86.ActiveCfg = Release|x86
		{BBDEA3E7-EE39-44ED-BAF8-FEDA5F73F745}.AppStore|x86.Build.0 = Release|x86
		{BBDEA3E7-EE39-44ED-BAF8-FEDA5F73F745}.AppStore|x86.Deploy.0 = Release|x86
		{BBDEA3E7-EE39-44ED-BAF8-FEDA5F73F745}.Debug|Any CPU.ActiveCfg = Debug|x86
		{BBDEA3E7-EE39-44ED-BAF8-FEDA5F73F745}.Debug|Any CPU.Build.0 = Debug|x86
		{BBDEA3E7-EE39-44ED-BAF8-FEDA5F73F745}.Debug|Any CPU.Deploy.0 = Debug|x86
		{BBDEA3E7-EE39-44ED-BAF8-FEDA5F73F745}.Debug|ARM.ActiveCfg = Debug|ARM
		{BBDEA3E7-EE39-44ED-BAF8-FEDA5F73F745}.Debug|ARM.Build.0 = Debug|ARM
		{BBDEA3E7-EE39-44ED-BAF8-FEDA5F73F745}.Debug|ARM.Deploy.0 = Debug|ARM
		{BBDEA3E7-EE39-44ED-BAF8-FEDA5F73F745}.Debug|iPhone.ActiveCfg = Debug|x86
		{BBDEA3E7-EE39-44ED-BAF8-FEDA5F73F745}.Debug|iPhone.Build.0 = Debug|x86
		{BBDEA3E7-EE39-44ED-BAF8-FEDA5F73F745}.Debug|iPhone.Deploy.0 = Debug|x86
		{BBDEA3E7-EE39-44ED-BAF8-FEDA5F73F745}.Debug|iPhoneSimulator.ActiveCfg = Debug|x86
		{BBDEA3E7-EE39-44ED-BAF8-FEDA5F73F745}.Debug|iPhoneSimulator.Build.0 = Debug|x86
		{BBDEA3E7-EE39-44ED-BAF8-FEDA5F73F745}.Debug|iPhoneSimulator.Deploy.0 = Debug|x86
		{BBDEA3E7-EE39-44ED-BAF8-FEDA5F73F745}.Debug|x64.ActiveCfg = Debug|x64
		{BBDEA3E7-EE39-44ED-BAF8-FEDA5F73F745}.Debug|x64.Build.0 = Debug|x64
		{BBDEA3E7-EE39-44ED-BAF8-FEDA5F73F745}.Debug|x64.Deploy.0 = Debug|x64
		{BBDEA3E7-EE39-44ED-BAF8-FEDA5F73F745}.Debug|x86.ActiveCfg = Debug|x86
		{BBDEA3E7-EE39-44ED-BAF8-FEDA5F73F745}.Debug|x86.Build.0 = Debug|x86
		{BBDEA3E7-EE39-44ED-BAF8-FEDA5F73F745}.Debug|x86.Deploy.0 = Debug|x86
		{BBDEA3E7-EE39-44ED-BAF8-FEDA5F73F745}.Release|Any CPU.ActiveCfg = Release|x86
		{BBDEA3E7-EE39-44ED-BAF8-FEDA5F73F745}.Release|Any CPU.Build.0 = Release|x86
		{BBDEA3E7-EE39-44ED-BAF8-FEDA5F73F745}.Release|Any CPU.Deploy.0 = Release|x86
		{BBDEA3E7-EE39-44ED-BAF8-FEDA5F73F745}.Release|ARM.ActiveCfg = Release|ARM
		{BBDEA3E7-EE39-44ED-BAF8-FEDA5F73F745}.Release|ARM.Build.0 = Release|ARM
		{BBDEA3E7-EE39-44ED-BAF8-FEDA5F73F745}.Release|ARM.Deploy.0 = Release|ARM
		{BBDEA3E7-EE39-44ED-BAF8-FEDA5F73F745}.Release|iPhone.ActiveCfg = Release|x86
		{BBDEA3E7-EE39-44ED-BAF8-FEDA5F73F745}.Release|iPhone.Build.0 = Release|x86
		{BBDEA3E7-EE39-44ED-BAF8-FEDA5F73F745}.Release|iPhone.Deploy.0 = Release|x86
		{BBDEA3E7-EE39-44ED-BAF8-FEDA5F73F745}.Release|iPhoneSimulator.ActiveCfg = Release|x86
		{BBDEA3E7-EE39-44ED-BAF8-FEDA5F73F745}.Release|iPhoneSimulator.Build.0 = Release|x86
		{BBDEA3E7-EE39-44ED-BAF8-FEDA5F73F745}.Release|iPhoneSimulator.Deploy.0 = Release|x86
		{BBDEA3E7-EE39-44ED-BAF8-FEDA5F73F745}.Release|x64.ActiveCfg = Release|x64
		{BBDEA3E7-EE39-44ED-BAF8-FEDA5F73F745}.Release|x64.Build.0 = Release|x64
		{BBDEA3E7-EE39-44ED-BAF8-FEDA5F73F745}.Release|x64.Deploy.0 = Release|x64
		{BBDEA3E7-EE39-44ED-BAF8-FEDA5F73F745}.Release|x86.ActiveCfg = Release|x86
		{BBDEA3E7-EE39-44ED-BAF8-FEDA5F73F745}.Release|x86.Build.0 = Release|x86
		{BBDEA3E7-EE39-44ED-BAF8-FEDA5F73F745}.Release|x86.Deploy.0 = Release|x86
		{BAFF9502-8D6C-4124-8B50-6E3B2CC808C4}.Ad-Hoc|Any CPU.ActiveCfg = Debug|Any CPU
		{BAFF9502-8D6C-4124-8B50-6E3B2CC808C4}.Ad-Hoc|Any CPU.Build.0 = Debug|Any CPU
		{BAFF9502-8D6C-4124-8B50-6E3B2CC808C4}.Ad-Hoc|Any CPU.Deploy.0 = Debug|Any CPU
		{BAFF9502-8D6C-4124-8B50-6E3B2CC808C4}.Ad-Hoc|ARM.ActiveCfg = Debug|Any CPU
		{BAFF9502-8D6C-4124-8B50-6E3B2CC808C4}.Ad-Hoc|ARM.Build.0 = Debug|Any CPU
		{BAFF9502-8D6C-4124-8B50-6E3B2CC808C4}.Ad-Hoc|ARM.Deploy.0 = Debug|Any CPU
		{BAFF9502-8D6C-4124-8B50-6E3B2CC808C4}.Ad-Hoc|iPhone.ActiveCfg = Debug|Any CPU
		{BAFF9502-8D6C-4124-8B50-6E3B2CC808C4}.Ad-Hoc|iPhone.Build.0 = Debug|Any CPU
		{BAFF9502-8D6C-4124-8B50-6E3B2CC808C4}.Ad-Hoc|iPhone.Deploy.0 = Debug|Any CPU
		{BAFF9502-8D6C-4124-8B50-6E3B2CC808C4}.Ad-Hoc|iPhoneSimulator.ActiveCfg = Debug|Any CPU
		{BAFF9502-8D6C-4124-8B50-6E3B2CC808C4}.Ad-Hoc|iPhoneSimulator.Build.0 = Debug|Any CPU
		{BAFF9502-8D6C-4124-8B50-6E3B2CC808C4}.Ad-Hoc|iPhoneSimulator.Deploy.0 = Debug|Any CPU
		{BAFF9502-8D6C-4124-8B50-6E3B2CC808C4}.Ad-Hoc|x64.ActiveCfg = Debug|Any CPU
		{BAFF9502-8D6C-4124-8B50-6E3B2CC808C4}.Ad-Hoc|x64.Build.0 = Debug|Any CPU
		{BAFF9502-8D6C-4124-8B50-6E3B2CC808C4}.Ad-Hoc|x64.Deploy.0 = Debug|Any CPU
		{BAFF9502-8D6C-4124-8B50-6E3B2CC808C4}.Ad-Hoc|x86.ActiveCfg = Debug|Any CPU
		{BAFF9502-8D6C-4124-8B50-6E3B2CC808C4}.Ad-Hoc|x86.Build.0 = Debug|Any CPU
		{BAFF9502-8D6C-4124-8B50-6E3B2CC808C4}.Ad-Hoc|x86.Deploy.0 = Debug|Any CPU
		{BAFF9502-8D6C-4124-8B50-6E3B2CC808C4}.AppStore|Any CPU.ActiveCfg = Debug|Any CPU
		{BAFF9502-8D6C-4124-8B50-6E3B2CC808C4}.AppStore|Any CPU.Build.0 = Debug|Any CPU
		{BAFF9502-8D6C-4124-8B50-6E3B2CC808C4}.AppStore|Any CPU.Deploy.0 = Debug|Any CPU
		{BAFF9502-8D6C-4124-8B50-6E3B2CC808C4}.AppStore|ARM.ActiveCfg = Debug|Any CPU
		{BAFF9502-8D6C-4124-8B50-6E3B2CC808C4}.AppStore|ARM.Build.0 = Debug|Any CPU
		{BAFF9502-8D6C-4124-8B50-6E3B2CC808C4}.AppStore|ARM.Deploy.0 = Debug|Any CPU
		{BAFF9502-8D6C-4124-8B50-6E3B2CC808C4}.AppStore|iPhone.ActiveCfg = Debug|Any CPU
		{BAFF9502-8D6C-4124-8B50-6E3B2CC808C4}.AppStore|iPhone.Build.0 = Debug|Any CPU
		{BAFF9502-8D6C-4124-8B50-6E3B2CC808C4}.AppStore|iPhone.Deploy.0 = Debug|Any CPU
		{BAFF9502-8D6C-4124-8B50-6E3B2CC808C4}.AppStore|iPhoneSimulator.ActiveCfg = Debug|Any CPU
		{BAFF9502-8D6C-4124-8B50-6E3B2CC808C4}.AppStore|iPhoneSimulator.Build.0 = Debug|Any CPU
		{BAFF9502-8D6C-4124-8B50-6E3B2CC808C4}.AppStore|iPhoneSimulator.Deploy.0 = Debug|Any CPU
		{BAFF9502-8D6C-4124-8B50-6E3B2CC808C4}.AppStore|x64.ActiveCfg = Debug|Any CPU
		{BAFF9502-8D6C-4124-8B50-6E3B2CC808C4}.AppStore|x64.Build.0 = Debug|Any CPU
		{BAFF9502-8D6C-4124-8B50-6E3B2CC808C4}.AppStore|x64.Deploy.0 = Debug|Any CPU
		{BAFF9502-8D6C-4124-8B50-6E3B2CC808C4}.AppStore|x86.ActiveCfg = Debug|Any CPU
		{BAFF9502-8D6C-4124-8B50-6E3B2CC808C4}.AppStore|x86.Build.0 = Debug|Any CPU
		{BAFF9502-8D6C-4124-8B50-6E3B2CC808C4}.AppStore|x86.Deploy.0 = Debug|Any CPU
		{BAFF9502-8D6C-4124-8B50-6E3B2CC808C4}.Debug|Any CPU.ActiveCfg = Debug|Any CPU
		{BAFF9502-8D6C-4124-8B50-6E3B2CC808C4}.Debug|Any CPU.Build.0 = Debug|Any CPU
		{BAFF9502-8D6C-4124-8B50-6E3B2CC808C4}.Debug|Any CPU.Deploy.0 = Debug|Any CPU
		{BAFF9502-8D6C-4124-8B50-6E3B2CC808C4}.Debug|ARM.ActiveCfg = Debug|Any CPU
		{BAFF9502-8D6C-4124-8B50-6E3B2CC808C4}.Debug|ARM.Build.0 = Debug|Any CPU
		{BAFF9502-8D6C-4124-8B50-6E3B2CC808C4}.Debug|ARM.Deploy.0 = Debug|Any CPU
		{BAFF9502-8D6C-4124-8B50-6E3B2CC808C4}.Debug|iPhone.ActiveCfg = Debug|Any CPU
		{BAFF9502-8D6C-4124-8B50-6E3B2CC808C4}.Debug|iPhone.Build.0 = Debug|Any CPU
		{BAFF9502-8D6C-4124-8B50-6E3B2CC808C4}.Debug|iPhone.Deploy.0 = Debug|Any CPU
		{BAFF9502-8D6C-4124-8B50-6E3B2CC808C4}.Debug|iPhoneSimulator.ActiveCfg = Debug|Any CPU
		{BAFF9502-8D6C-4124-8B50-6E3B2CC808C4}.Debug|iPhoneSimulator.Build.0 = Debug|Any CPU
		{BAFF9502-8D6C-4124-8B50-6E3B2CC808C4}.Debug|iPhoneSimulator.Deploy.0 = Debug|Any CPU
		{BAFF9502-8D6C-4124-8B50-6E3B2CC808C4}.Debug|x64.ActiveCfg = Debug|Any CPU
		{BAFF9502-8D6C-4124-8B50-6E3B2CC808C4}.Debug|x64.Build.0 = Debug|Any CPU
		{BAFF9502-8D6C-4124-8B50-6E3B2CC808C4}.Debug|x64.Deploy.0 = Debug|Any CPU
		{BAFF9502-8D6C-4124-8B50-6E3B2CC808C4}.Debug|x86.ActiveCfg = Debug|Any CPU
		{BAFF9502-8D6C-4124-8B50-6E3B2CC808C4}.Debug|x86.Build.0 = Debug|Any CPU
		{BAFF9502-8D6C-4124-8B50-6E3B2CC808C4}.Debug|x86.Deploy.0 = Debug|Any CPU
		{BAFF9502-8D6C-4124-8B50-6E3B2CC808C4}.Release|Any CPU.ActiveCfg = Release|Any CPU
		{BAFF9502-8D6C-4124-8B50-6E3B2CC808C4}.Release|Any CPU.Build.0 = Release|Any CPU
		{BAFF9502-8D6C-4124-8B50-6E3B2CC808C4}.Release|Any CPU.Deploy.0 = Release|Any CPU
		{BAFF9502-8D6C-4124-8B50-6E3B2CC808C4}.Release|ARM.ActiveCfg = Release|Any CPU
		{BAFF9502-8D6C-4124-8B50-6E3B2CC808C4}.Release|ARM.Build.0 = Release|Any CPU
		{BAFF9502-8D6C-4124-8B50-6E3B2CC808C4}.Release|ARM.Deploy.0 = Release|Any CPU
		{BAFF9502-8D6C-4124-8B50-6E3B2CC808C4}.Release|iPhone.ActiveCfg = Release|Any CPU
		{BAFF9502-8D6C-4124-8B50-6E3B2CC808C4}.Release|iPhone.Build.0 = Release|Any CPU
		{BAFF9502-8D6C-4124-8B50-6E3B2CC808C4}.Release|iPhone.Deploy.0 = Release|Any CPU
		{BAFF9502-8D6C-4124-8B50-6E3B2CC808C4}.Release|iPhoneSimulator.ActiveCfg = Release|Any CPU
		{BAFF9502-8D6C-4124-8B50-6E3B2CC808C4}.Release|iPhoneSimulator.Build.0 = Release|Any CPU
		{BAFF9502-8D6C-4124-8B50-6E3B2CC808C4}.Release|iPhoneSimulator.Deploy.0 = Release|Any CPU
		{BAFF9502-8D6C-4124-8B50-6E3B2CC808C4}.Release|x64.ActiveCfg = Release|Any CPU
		{BAFF9502-8D6C-4124-8B50-6E3B2CC808C4}.Release|x64.Build.0 = Release|Any CPU
		{BAFF9502-8D6C-4124-8B50-6E3B2CC808C4}.Release|x64.Deploy.0 = Release|Any CPU
		{BAFF9502-8D6C-4124-8B50-6E3B2CC808C4}.Release|x86.ActiveCfg = Release|Any CPU
		{BAFF9502-8D6C-4124-8B50-6E3B2CC808C4}.Release|x86.Build.0 = Release|Any CPU
		{BAFF9502-8D6C-4124-8B50-6E3B2CC808C4}.Release|x86.Deploy.0 = Release|Any CPU
	EndGlobalSection
	GlobalSection(SolutionProperties) = preSolution
		HideSolutionNode = FALSE
	EndGlobalSection
	GlobalSection(ExtensibilityGlobals) = postSolution
		SolutionGuid = {C0FD11FA-529D-4C49-9A85-BD6540807DBA}
	EndGlobalSection
EndGlobal
