
Microsoft Visual Studio Solution File, Format Version 12.00
# Visual Studio 15
VisualStudioVersion = 15.0.28307.102
MinimumVisualStudioVersion = 10.0.40219.1
Project("{FAE04EC0-301F-11D3-BF4B-00C04F79EFBC}") = "App2_Cinemix.Android", "App2_Cinemix\App2_Cinemix.Android\App2_Cinemix.Android.csproj", "{BB1CEE64-CEBE-4A7B-8A32-2DFCD281AD05}"
EndProject
Project("{FAE04EC0-301F-11D3-BF4B-00C04F79EFBC}") = "App2_Cinemix.iOS", "App2_Cinemix\App2_Cinemix.iOS\App2_Cinemix.iOS.csproj", "{885184EA-5B2E-4E7C-9449-428CAF27EEF5}"
EndProject
Project("{FAE04EC0-301F-11D3-BF4B-00C04F79EFBC}") = "App2_Cinemix.UWP", "App2_Cinemix\App2_Cinemix.UWP\App2_Cinemix.UWP.csproj", "{EA9482BD-0BE6-4A3B-8CBD-69B8491F998B}"
EndProject
Project("{FAE04EC0-301F-11D3-BF4B-00C04F79EFBC}") = "App2_Cinemix", "App2_Cinemix\App2_Cinemix\App2_Cinemix.csproj", "{6DC6D196-A538-4356-8BC0-35F250E26818}"
EndProject
Global
	GlobalSection(SolutionConfigurationPlatforms) = preSolution
		Ad-Hoc|Any CPU = Ad-Hoc|Any CPU
		Ad-Hoc|ARM = Ad-Hoc|ARM
		Ad-Hoc|iPhone = Ad-Hoc|iPhone
		Ad-Hoc|iPhoneSimulator = Ad-Hoc|iPhoneSimulator
		Ad-Hoc|x64 = Ad-Hoc|x64
		Ad-Hoc|x86 = Ad-Hoc|x86
		AppStore|Any CPU = AppStore|Any CPU
		AppStore|ARM = AppStore|ARM
		AppStore|iPhone = AppStore|iPhone
		AppStore|iPhoneSimulator = AppStore|iPhoneSimulator
		AppStore|x64 = AppStore|x64
		AppStore|x86 = AppStore|x86
		Debug|Any CPU = Debug|Any CPU
		Debug|ARM = Debug|ARM
		Debug|iPhone = Debug|iPhone
		Debug|iPhoneSimulator = Debug|iPhoneSimulator
		Debug|x64 = Debug|x64
		Debug|x86 = Debug|x86
		Release|Any CPU = Release|Any CPU
		Release|ARM = Release|ARM
		Release|iPhone = Release|iPhone
		Release|iPhoneSimulator = Release|iPhoneSimulator
		Release|x64 = Release|x64
		Release|x86 = Release|x86
	EndGlobalSection
	GlobalSection(ProjectConfigurationPlatforms) = postSolution
		{BB1CEE64-CEBE-4A7B-8A32-2DFCD281AD05}.Ad-Hoc|Any CPU.ActiveCfg = Release|Any CPU
		{BB1CEE64-CEBE-4A7B-8A32-2DFCD281AD05}.Ad-Hoc|Any CPU.Build.0 = Release|Any CPU
		{BB1CEE64-CEBE-4A7B-8A32-2DFCD281AD05}.Ad-Hoc|Any CPU.Deploy.0 = Release|Any CPU
		{BB1CEE64-CEBE-4A7B-8A32-2DFCD281AD05}.Ad-Hoc|ARM.ActiveCfg = Release|Any CPU
		{BB1CEE64-CEBE-4A7B-8A32-2DFCD281AD05}.Ad-Hoc|ARM.Build.0 = Release|Any CPU
		{BB1CEE64-CEBE-4A7B-8A32-2DFCD281AD05}.Ad-Hoc|ARM.Deploy.0 = Release|Any CPU
		{BB1CEE64-CEBE-4A7B-8A32-2DFCD281AD05}.Ad-Hoc|iPhone.ActiveCfg = Release|Any CPU
		{BB1CEE64-CEBE-4A7B-8A32-2DFCD281AD05}.Ad-Hoc|iPhone.Build.0 = Release|Any CPU
		{BB1CEE64-CEBE-4A7B-8A32-2DFCD281AD05}.Ad-Hoc|iPhone.Deploy.0 = Release|Any CPU
		{BB1CEE64-CEBE-4A7B-8A32-2DFCD281AD05}.Ad-Hoc|iPhoneSimulator.ActiveCfg = Release|Any CPU
		{BB1CEE64-CEBE-4A7B-8A32-2DFCD281AD05}.Ad-Hoc|iPhoneSimulator.Build.0 = Release|Any CPU
		{BB1CEE64-CEBE-4A7B-8A32-2DFCD281AD05}.Ad-Hoc|iPhoneSimulator.Deploy.0 = Release|Any CPU
		{BB1CEE64-CEBE-4A7B-8A32-2DFCD281AD05}.Ad-Hoc|x64.ActiveCfg = Release|Any CPU
		{BB1CEE64-CEBE-4A7B-8A32-2DFCD281AD05}.Ad-Hoc|x64.Build.0 = Release|Any CPU
		{BB1CEE64-CEBE-4A7B-8A32-2DFCD281AD05}.Ad-Hoc|x64.Deploy.0 = Release|Any CPU
		{BB1CEE64-CEBE-4A7B-8A32-2DFCD281AD05}.Ad-Hoc|x86.ActiveCfg = Release|Any CPU
		{BB1CEE64-CEBE-4A7B-8A32-2DFCD281AD05}.Ad-Hoc|x86.Build.0 = Release|Any CPU
		{BB1CEE64-CEBE-4A7B-8A32-2DFCD281AD05}.Ad-Hoc|x86.Deploy.0 = Release|Any CPU
		{BB1CEE64-CEBE-4A7B-8A32-2DFCD281AD05}.AppStore|Any CPU.ActiveCfg = Release|Any CPU
		{BB1CEE64-CEBE-4A7B-8A32-2DFCD281AD05}.AppStore|Any CPU.Build.0 = Release|Any CPU
		{BB1CEE64-CEBE-4A7B-8A32-2DFCD281AD05}.AppStore|Any CPU.Deploy.0 = Release|Any CPU
		{BB1CEE64-CEBE-4A7B-8A32-2DFCD281AD05}.AppStore|ARM.ActiveCfg = Release|Any CPU
		{BB1CEE64-CEBE-4A7B-8A32-2DFCD281AD05}.AppStore|ARM.Build.0 = Release|Any CPU
		{BB1CEE64-CEBE-4A7B-8A32-2DFCD281AD05}.AppStore|ARM.Deploy.0 = Release|Any CPU
		{BB1CEE64-CEBE-4A7B-8A32-2DFCD281AD05}.AppStore|iPhone.ActiveCfg = Release|Any CPU
		{BB1CEE64-CEBE-4A7B-8A32-2DFCD281AD05}.AppStore|iPhone.Build.0 = Release|Any CPU
		{BB1CEE64-CEBE-4A7B-8A32-2DFCD281AD05}.AppStore|iPhone.Deploy.0 = Release|Any CPU
		{BB1CEE64-CEBE-4A7B-8A32-2DFCD281AD05}.AppStore|iPhoneSimulator.ActiveCfg = Release|Any CPU
		{BB1CEE64-CEBE-4A7B-8A32-2DFCD281AD05}.AppStore|iPhoneSimulator.Build.0 = Release|Any CPU
		{BB1CEE64-CEBE-4A7B-8A32-2DFCD281AD05}.AppStore|iPhoneSimulator.Deploy.0 = Release|Any CPU
		{BB1CEE64-CEBE-4A7B-8A32-2DFCD281AD05}.AppStore|x64.ActiveCfg = Release|Any CPU
		{BB1CEE64-CEBE-4A7B-8A32-2DFCD281AD05}.AppStore|x64.Build.0 = Release|Any CPU
		{BB1CEE64-CEBE-4A7B-8A32-2DFCD281AD05}.AppStore|x64.Deploy.0 = Release|Any CPU
		{BB1CEE64-CEBE-4A7B-8A32-2DFCD281AD05}.AppStore|x86.ActiveCfg = Release|Any CPU
		{BB1CEE64-CEBE-4A7B-8A32-2DFCD281AD05}.AppStore|x86.Build.0 = Release|Any CPU
		{BB1CEE64-CEBE-4A7B-8A32-2DFCD281AD05}.AppStore|x86.Deploy.0 = Release|Any CPU
		{BB1CEE64-CEBE-4A7B-8A32-2DFCD281AD05}.Debug|Any CPU.ActiveCfg = Debug|Any CPU
		{BB1CEE64-CEBE-4A7B-8A32-2DFCD281AD05}.Debug|Any CPU.Build.0 = Debug|Any CPU
		{BB1CEE64-CEBE-4A7B-8A32-2DFCD281AD05}.Debug|Any CPU.Deploy.0 = Debug|Any CPU
		{BB1CEE64-CEBE-4A7B-8A32-2DFCD281AD05}.Debug|ARM.ActiveCfg = Debug|Any CPU
		{BB1CEE64-CEBE-4A7B-8A32-2DFCD281AD05}.Debug|ARM.Build.0 = Debug|Any CPU
		{BB1CEE64-CEBE-4A7B-8A32-2DFCD281AD05}.Debug|ARM.Deploy.0 = Debug|Any CPU
		{BB1CEE64-CEBE-4A7B-8A32-2DFCD281AD05}.Debug|iPhone.ActiveCfg = Debug|Any CPU
		{BB1CEE64-CEBE-4A7B-8A32-2DFCD281AD05}.Debug|iPhone.Build.0 = Debug|Any CPU
		{BB1CEE64-CEBE-4A7B-8A32-2DFCD281AD05}.Debug|iPhone.Deploy.0 = Debug|Any CPU
		{BB1CEE64-CEBE-4A7B-8A32-2DFCD281AD05}.Debug|iPhoneSimulator.ActiveCfg = Debug|Any CPU
		{BB1CEE64-CEBE-4A7B-8A32-2DFCD281AD05}.Debug|iPhoneSimulator.Build.0 = Debug|Any CPU
		{BB1CEE64-CEBE-4A7B-8A32-2DFCD281AD05}.Debug|iPhoneSimulator.Deploy.0 = Debug|Any CPU
		{BB1CEE64-CEBE-4A7B-8A32-2DFCD281AD05}.Debug|x64.ActiveCfg = Debug|Any CPU
		{BB1CEE64-CEBE-4A7B-8A32-2DFCD281AD05}.Debug|x64.Build.0 = Debug|Any CPU
		{BB1CEE64-CEBE-4A7B-8A32-2DFCD281AD05}.Debug|x64.Deploy.0 = Debug|Any CPU
		{BB1CEE64-CEBE-4A7B-8A32-2DFCD281AD05}.Debug|x86.ActiveCfg = Debug|Any CPU
		{BB1CEE64-CEBE-4A7B-8A32-2DFCD281AD05}.Debug|x86.Build.0 = Debug|Any CPU
		{BB1CEE64-CEBE-4A7B-8A32-2DFCD281AD05}.Debug|x86.Deploy.0 = Debug|Any CPU
		{BB1CEE64-CEBE-4A7B-8A32-2DFCD281AD05}.Release|Any CPU.ActiveCfg = Release|Any CPU
		{BB1CEE64-CEBE-4A7B-8A32-2DFCD281AD05}.Release|Any CPU.Build.0 = Release|Any CPU
		{BB1CEE64-CEBE-4A7B-8A32-2DFCD281AD05}.Release|Any CPU.Deploy.0 = Release|Any CPU
		{BB1CEE64-CEBE-4A7B-8A32-2DFCD281AD05}.Release|ARM.ActiveCfg = Release|Any CPU
		{BB1CEE64-CEBE-4A7B-8A32-2DFCD281AD05}.Release|ARM.Build.0 = Release|Any CPU
		{BB1CEE64-CEBE-4A7B-8A32-2DFCD281AD05}.Release|ARM.Deploy.0 = Release|Any CPU
		{BB1CEE64-CEBE-4A7B-8A32-2DFCD281AD05}.Release|iPhone.ActiveCfg = Release|Any CPU
		{BB1CEE64-CEBE-4A7B-8A32-2DFCD281AD05}.Release|iPhone.Build.0 = Release|Any CPU
		{BB1CEE64-CEBE-4A7B-8A32-2DFCD281AD05}.Release|iPhone.Deploy.0 = Release|Any CPU
		{BB1CEE64-CEBE-4A7B-8A32-2DFCD281AD05}.Release|iPhoneSimulator.ActiveCfg = Release|Any CPU
		{BB1CEE64-CEBE-4A7B-8A32-2DFCD281AD05}.Release|iPhoneSimulator.Build.0 = Release|Any CPU
		{BB1CEE64-CEBE-4A7B-8A32-2DFCD281AD05}.Release|iPhoneSimulator.Deploy.0 = Release|Any CPU
		{BB1CEE64-CEBE-4A7B-8A32-2DFCD281AD05}.Release|x64.ActiveCfg = Release|Any CPU
		{BB1CEE64-CEBE-4A7B-8A32-2DFCD281AD05}.Release|x64.Build.0 = Release|Any CPU
		{BB1CEE64-CEBE-4A7B-8A32-2DFCD281AD05}.Release|x64.Deploy.0 = Release|Any CPU
		{BB1CEE64-CEBE-4A7B-8A32-2DFCD281AD05}.Release|x86.ActiveCfg = Release|Any CPU
		{BB1CEE64-CEBE-4A7B-8A32-2DFCD281AD05}.Release|x86.Build.0 = Release|Any CPU
		{BB1CEE64-CEBE-4A7B-8A32-2DFCD281AD05}.Release|x86.Deploy.0 = Release|Any CPU
		{885184EA-5B2E-4E7C-9449-428CAF27EEF5}.Ad-Hoc|Any CPU.ActiveCfg = Ad-Hoc|iPhone
		{885184EA-5B2E-4E7C-9449-428CAF27EEF5}.Ad-Hoc|Any CPU.Build.0 = Ad-Hoc|iPhone
		{885184EA-5B2E-4E7C-9449-428CAF27EEF5}.Ad-Hoc|Any CPU.Deploy.0 = Ad-Hoc|iPhone
		{885184EA-5B2E-4E7C-9449-428CAF27EEF5}.Ad-Hoc|ARM.ActiveCfg = Ad-Hoc|iPhone
		{885184EA-5B2E-4E7C-9449-428CAF27EEF5}.Ad-Hoc|ARM.Build.0 = Ad-Hoc|iPhone
		{885184EA-5B2E-4E7C-9449-428CAF27EEF5}.Ad-Hoc|ARM.Deploy.0 = Ad-Hoc|iPhone
		{885184EA-5B2E-4E7C-9449-428CAF27EEF5}.Ad-Hoc|iPhone.ActiveCfg = Ad-Hoc|iPhone
		{885184EA-5B2E-4E7C-9449-428CAF27EEF5}.Ad-Hoc|iPhone.Build.0 = Ad-Hoc|iPhone
		{885184EA-5B2E-4E7C-9449-428CAF27EEF5}.Ad-Hoc|iPhone.Deploy.0 = Ad-Hoc|iPhone
		{885184EA-5B2E-4E7C-9449-428CAF27EEF5}.Ad-Hoc|iPhoneSimulator.ActiveCfg = Ad-Hoc|iPhoneSimulator
		{885184EA-5B2E-4E7C-9449-428CAF27EEF5}.Ad-Hoc|iPhoneSimulator.Build.0 = Ad-Hoc|iPhoneSimulator
		{885184EA-5B2E-4E7C-9449-428CAF27EEF5}.Ad-Hoc|iPhoneSimulator.Deploy.0 = Ad-Hoc|iPhoneSimulator
		{885184EA-5B2E-4E7C-9449-428CAF27EEF5}.Ad-Hoc|x64.ActiveCfg = Ad-Hoc|iPhone
		{885184EA-5B2E-4E7C-9449-428CAF27EEF5}.Ad-Hoc|x64.Build.0 = Ad-Hoc|iPhone
		{885184EA-5B2E-4E7C-9449-428CAF27EEF5}.Ad-Hoc|x64.Deploy.0 = Ad-Hoc|iPhone
		{885184EA-5B2E-4E7C-9449-428CAF27EEF5}.Ad-Hoc|x86.ActiveCfg = Ad-Hoc|iPhone
		{885184EA-5B2E-4E7C-9449-428CAF27EEF5}.Ad-Hoc|x86.Build.0 = Ad-Hoc|iPhone
		{885184EA-5B2E-4E7C-9449-428CAF27EEF5}.Ad-Hoc|x86.Deploy.0 = Ad-Hoc|iPhone
		{885184EA-5B2E-4E7C-9449-428CAF27EEF5}.AppStore|Any CPU.ActiveCfg = AppStore|iPhone
		{885184EA-5B2E-4E7C-9449-428CAF27EEF5}.AppStore|Any CPU.Build.0 = AppStore|iPhone
		{885184EA-5B2E-4E7C-9449-428CAF27EEF5}.AppStore|Any CPU.Deploy.0 = AppStore|iPhone
		{885184EA-5B2E-4E7C-9449-428CAF27EEF5}.AppStore|ARM.ActiveCfg = AppStore|iPhone
		{885184EA-5B2E-4E7C-9449-428CAF27EEF5}.AppStore|ARM.Build.0 = AppStore|iPhone
		{885184EA-5B2E-4E7C-9449-428CAF27EEF5}.AppStore|ARM.Deploy.0 = AppStore|iPhone
		{885184EA-5B2E-4E7C-9449-428CAF27EEF5}.AppStore|iPhone.ActiveCfg = AppStore|iPhone
		{885184EA-5B2E-4E7C-9449-428CAF27EEF5}.AppStore|iPhone.Build.0 = AppStore|iPhone
		{885184EA-5B2E-4E7C-9449-428CAF27EEF5}.AppStore|iPhone.Deploy.0 = AppStore|iPhone
		{885184EA-5B2E-4E7C-9449-428CAF27EEF5}.AppStore|iPhoneSimulator.ActiveCfg = AppStore|iPhoneSimulator
		{885184EA-5B2E-4E7C-9449-428CAF27EEF5}.AppStore|iPhoneSimulator.Build.0 = AppStore|iPhoneSimulator
		{885184EA-5B2E-4E7C-9449-428CAF27EEF5}.AppStore|iPhoneSimulator.Deploy.0 = AppStore|iPhoneSimulator
		{885184EA-5B2E-4E7C-9449-428CAF27EEF5}.AppStore|x64.ActiveCfg = AppStore|iPhone
		{885184EA-5B2E-4E7C-9449-428CAF27EEF5}.AppStore|x64.Build.0 = AppStore|iPhone
		{885184EA-5B2E-4E7C-9449-428CAF27EEF5}.AppStore|x64.Deploy.0 = AppStore|iPhone
		{885184EA-5B2E-4E7C-9449-428CAF27EEF5}.AppStore|x86.ActiveCfg = AppStore|iPhone
		{885184EA-5B2E-4E7C-9449-428CAF27EEF5}.AppStore|x86.Build.0 = AppStore|iPhone
		{885184EA-5B2E-4E7C-9449-428CAF27EEF5}.AppStore|x86.Deploy.0 = AppStore|iPhone
		{885184EA-5B2E-4E7C-9449-428CAF27EEF5}.Debug|Any CPU.ActiveCfg = Debug|iPhoneSimulator
		{885184EA-5B2E-4E7C-9449-428CAF27EEF5}.Debug|Any CPU.Build.0 = Debug|iPhoneSimulator
		{885184EA-5B2E-4E7C-9449-428CAF27EEF5}.Debug|Any CPU.Deploy.0 = Debug|iPhoneSimulator
		{885184EA-5B2E-4E7C-9449-428CAF27EEF5}.Debug|ARM.ActiveCfg = Debug|iPhone
		{885184EA-5B2E-4E7C-9449-428CAF27EEF5}.Debug|ARM.Build.0 = Debug|iPhone
		{885184EA-5B2E-4E7C-9449-428CAF27EEF5}.Debug|ARM.Deploy.0 = Debug|iPhone
		{885184EA-5B2E-4E7C-9449-428CAF27EEF5}.Debug|iPhone.ActiveCfg = Debug|iPhone
		{885184EA-5B2E-4E7C-9449-428CAF27EEF5}.Debug|iPhone.Build.0 = Debug|iPhone
		{885184EA-5B2E-4E7C-9449-428CAF27EEF5}.Debug|iPhone.Deploy.0 = Debug|iPhone
		{885184EA-5B2E-4E7C-9449-428CAF27EEF5}.Debug|iPhoneSimulator.ActiveCfg = Debug|iPhoneSimulator
		{885184EA-5B2E-4E7C-9449-428CAF27EEF5}.Debug|iPhoneSimulator.Build.0 = Debug|iPhoneSimulator
		{885184EA-5B2E-4E7C-9449-428CAF27EEF5}.Debug|iPhoneSimulator.Deploy.0 = Debug|iPhoneSimulator
		{885184EA-5B2E-4E7C-9449-428CAF27EEF5}.Debug|x64.ActiveCfg = Debug|iPhone
		{885184EA-5B2E-4E7C-9449-428CAF27EEF5}.Debug|x64.Build.0 = Debug|iPhone
		{885184EA-5B2E-4E7C-9449-428CAF27EEF5}.Debug|x64.Deploy.0 = Debug|iPhone
		{885184EA-5B2E-4E7C-9449-428CAF27EEF5}.Debug|x86.ActiveCfg = Debug|iPhone
		{885184EA-5B2E-4E7C-9449-428CAF27EEF5}.Debug|x86.Build.0 = Debug|iPhone
		{885184EA-5B2E-4E7C-9449-428CAF27EEF5}.Debug|x86.Deploy.0 = Debug|iPhone
		{885184EA-5B2E-4E7C-9449-428CAF27EEF5}.Release|Any CPU.ActiveCfg = Release|iPhone
		{885184EA-5B2E-4E7C-9449-428CAF27EEF5}.Release|Any CPU.Build.0 = Release|iPhone
		{885184EA-5B2E-4E7C-9449-428CAF27EEF5}.Release|Any CPU.Deploy.0 = Release|iPhone
		{885184EA-5B2E-4E7C-9449-428CAF27EEF5}.Release|ARM.ActiveCfg = Release|iPhone
		{885184EA-5B2E-4E7C-9449-428CAF27EEF5}.Release|ARM.Build.0 = Release|iPhone
		{885184EA-5B2E-4E7C-9449-428CAF27EEF5}.Release|ARM.Deploy.0 = Release|iPhone
		{885184EA-5B2E-4E7C-9449-428CAF27EEF5}.Release|iPhone.ActiveCfg = Release|iPhone
		{885184EA-5B2E-4E7C-9449-428CAF27EEF5}.Release|iPhone.Build.0 = Release|iPhone
		{885184EA-5B2E-4E7C-9449-428CAF27EEF5}.Release|iPhone.Deploy.0 = Release|iPhone
		{885184EA-5B2E-4E7C-9449-428CAF27EEF5}.Release|iPhoneSimulator.ActiveCfg = Release|iPhoneSimulator
		{885184EA-5B2E-4E7C-9449-428CAF27EEF5}.Release|iPhoneSimulator.Build.0 = Release|iPhoneSimulator
		{885184EA-5B2E-4E7C-9449-428CAF27EEF5}.Release|iPhoneSimulator.Deploy.0 = Release|iPhoneSimulator
		{885184EA-5B2E-4E7C-9449-428CAF27EEF5}.Release|x64.ActiveCfg = Release|iPhone
		{885184EA-5B2E-4E7C-9449-428CAF27EEF5}.Release|x64.Build.0 = Release|iPhone
		{885184EA-5B2E-4E7C-9449-428CAF27EEF5}.Release|x64.Deploy.0 = Release|iPhone
		{885184EA-5B2E-4E7C-9449-428CAF27EEF5}.Release|x86.ActiveCfg = Release|iPhone
		{885184EA-5B2E-4E7C-9449-428CAF27EEF5}.Release|x86.Build.0 = Release|iPhone
		{885184EA-5B2E-4E7C-9449-428CAF27EEF5}.Release|x86.Deploy.0 = Release|iPhone
		{EA9482BD-0BE6-4A3B-8CBD-69B8491F998B}.Ad-Hoc|Any CPU.ActiveCfg = Release|x86
		{EA9482BD-0BE6-4A3B-8CBD-69B8491F998B}.Ad-Hoc|Any CPU.Build.0 = Release|x86
		{EA9482BD-0BE6-4A3B-8CBD-69B8491F998B}.Ad-Hoc|Any CPU.Deploy.0 = Release|x86
		{EA9482BD-0BE6-4A3B-8CBD-69B8491F998B}.Ad-Hoc|ARM.ActiveCfg = Release|ARM
		{EA9482BD-0BE6-4A3B-8CBD-69B8491F998B}.Ad-Hoc|ARM.Build.0 = Release|ARM
		{EA9482BD-0BE6-4A3B-8CBD-69B8491F998B}.Ad-Hoc|ARM.Deploy.0 = Release|ARM
		{EA9482BD-0BE6-4A3B-8CBD-69B8491F998B}.Ad-Hoc|iPhone.ActiveCfg = Release|x86
		{EA9482BD-0BE6-4A3B-8CBD-69B8491F998B}.Ad-Hoc|iPhone.Build.0 = Release|x86
		{EA9482BD-0BE6-4A3B-8CBD-69B8491F998B}.Ad-Hoc|iPhone.Deploy.0 = Release|x86
		{EA9482BD-0BE6-4A3B-8CBD-69B8491F998B}.Ad-Hoc|iPhoneSimulator.ActiveCfg = Release|x86
		{EA9482BD-0BE6-4A3B-8CBD-69B8491F998B}.Ad-Hoc|iPhoneSimulator.Build.0 = Release|x86
		{EA9482BD-0BE6-4A3B-8CBD-69B8491F998B}.Ad-Hoc|iPhoneSimulator.Deploy.0 = Release|x86
		{EA9482BD-0BE6-4A3B-8CBD-69B8491F998B}.Ad-Hoc|x64.ActiveCfg = Release|x64
		{EA9482BD-0BE6-4A3B-8CBD-69B8491F998B}.Ad-Hoc|x64.Build.0 = Release|x64
		{EA9482BD-0BE6-4A3B-8CBD-69B8491F998B}.Ad-Hoc|x64.Deploy.0 = Release|x64
		{EA9482BD-0BE6-4A3B-8CBD-69B8491F998B}.Ad-Hoc|x86.ActiveCfg = Release|x86
		{EA9482BD-0BE6-4A3B-8CBD-69B8491F998B}.Ad-Hoc|x86.Build.0 = Release|x86
		{EA9482BD-0BE6-4A3B-8CBD-69B8491F998B}.Ad-Hoc|x86.Deploy.0 = Release|x86
		{EA9482BD-0BE6-4A3B-8CBD-69B8491F998B}.AppStore|Any CPU.ActiveCfg = Release|x86
		{EA9482BD-0BE6-4A3B-8CBD-69B8491F998B}.AppStore|Any CPU.Build.0 = Release|x86
		{EA9482BD-0BE6-4A3B-8CBD-69B8491F998B}.AppStore|Any CPU.Deploy.0 = Release|x86
		{EA9482BD-0BE6-4A3B-8CBD-69B8491F998B}.AppStore|ARM.ActiveCfg = Release|ARM
		{EA9482BD-0BE6-4A3B-8CBD-69B8491F998B}.AppStore|ARM.Build.0 = Release|ARM
		{EA9482BD-0BE6-4A3B-8CBD-69B8491F998B}.AppStore|ARM.Deploy.0 = Release|ARM
		{EA9482BD-0BE6-4A3B-8CBD-69B8491F998B}.AppStore|iPhone.ActiveCfg = Release|x86
		{EA9482BD-0BE6-4A3B-8CBD-69B8491F998B}.AppStore|iPhone.Build.0 = Release|x86
		{EA9482BD-0BE6-4A3B-8CBD-69B8491F998B}.AppStore|iPhone.Deploy.0 = Release|x86
		{EA9482BD-0BE6-4A3B-8CBD-69B8491F998B}.AppStore|iPhoneSimulator.ActiveCfg = Release|x86
		{EA9482BD-0BE6-4A3B-8CBD-69B8491F998B}.AppStore|iPhoneSimulator.Build.0 = Release|x86
		{EA9482BD-0BE6-4A3B-8CBD-69B8491F998B}.AppStore|iPhoneSimulator.Deploy.0 = Release|x86
		{EA9482BD-0BE6-4A3B-8CBD-69B8491F998B}.AppStore|x64.ActiveCfg = Release|x64
		{EA9482BD-0BE6-4A3B-8CBD-69B8491F998B}.AppStore|x64.Build.0 = Release|x64
		{EA9482BD-0BE6-4A3B-8CBD-69B8491F998B}.AppStore|x64.Deploy.0 = Release|x64
		{EA9482BD-0BE6-4A3B-8CBD-69B8491F998B}.AppStore|x86.ActiveCfg = Release|x86
		{EA9482BD-0BE6-4A3B-8CBD-69B8491F998B}.AppStore|x86.Build.0 = Release|x86
		{EA9482BD-0BE6-4A3B-8CBD-69B8491F998B}.AppStore|x86.Deploy.0 = Release|x86
		{EA9482BD-0BE6-4A3B-8CBD-69B8491F998B}.Debug|Any CPU.ActiveCfg = Debug|x86
		{EA9482BD-0BE6-4A3B-8CBD-69B8491F998B}.Debug|Any CPU.Build.0 = Debug|x86
		{EA9482BD-0BE6-4A3B-8CBD-69B8491F998B}.Debug|Any CPU.Deploy.0 = Debug|x86
		{EA9482BD-0BE6-4A3B-8CBD-69B8491F998B}.Debug|ARM.ActiveCfg = Debug|ARM
		{EA9482BD-0BE6-4A3B-8CBD-69B8491F998B}.Debug|ARM.Build.0 = Debug|ARM
		{EA9482BD-0BE6-4A3B-8CBD-69B8491F998B}.Debug|ARM.Deploy.0 = Debug|ARM
		{EA9482BD-0BE6-4A3B-8CBD-69B8491F998B}.Debug|iPhone.ActiveCfg = Debug|x86
		{EA9482BD-0BE6-4A3B-8CBD-69B8491F998B}.Debug|iPhone.Build.0 = Debug|x86
		{EA9482BD-0BE6-4A3B-8CBD-69B8491F998B}.Debug|iPhone.Deploy.0 = Debug|x86
		{EA9482BD-0BE6-4A3B-8CBD-69B8491F998B}.Debug|iPhoneSimulator.ActiveCfg = Debug|x86
		{EA9482BD-0BE6-4A3B-8CBD-69B8491F998B}.Debug|iPhoneSimulator.Build.0 = Debug|x86
		{EA9482BD-0BE6-4A3B-8CBD-69B8491F998B}.Debug|iPhoneSimulator.Deploy.0 = Debug|x86
		{EA9482BD-0BE6-4A3B-8CBD-69B8491F998B}.Debug|x64.ActiveCfg = Debug|x64
		{EA9482BD-0BE6-4A3B-8CBD-69B8491F998B}.Debug|x64.Build.0 = Debug|x64
		{EA9482BD-0BE6-4A3B-8CBD-69B8491F998B}.Debug|x64.Deploy.0 = Debug|x64
		{EA9482BD-0BE6-4A3B-8CBD-69B8491F998B}.Debug|x86.ActiveCfg = Debug|x86
		{EA9482BD-0BE6-4A3B-8CBD-69B8491F998B}.Debug|x86.Build.0 = Debug|x86
		{EA9482BD-0BE6-4A3B-8CBD-69B8491F998B}.Debug|x86.Deploy.0 = Debug|x86
		{EA9482BD-0BE6-4A3B-8CBD-69B8491F998B}.Release|Any CPU.ActiveCfg = Release|x86
		{EA9482BD-0BE6-4A3B-8CBD-69B8491F998B}.Release|Any CPU.Build.0 = Release|x86
		{EA9482BD-0BE6-4A3B-8CBD-69B8491F998B}.Release|Any CPU.Deploy.0 = Release|x86
		{EA9482BD-0BE6-4A3B-8CBD-69B8491F998B}.Release|ARM.ActiveCfg = Release|ARM
		{EA9482BD-0BE6-4A3B-8CBD-69B8491F998B}.Release|ARM.Build.0 = Release|ARM
		{EA9482BD-0BE6-4A3B-8CBD-69B8491F998B}.Release|ARM.Deploy.0 = Release|ARM
		{EA9482BD-0BE6-4A3B-8CBD-69B8491F998B}.Release|iPhone.ActiveCfg = Release|x86
		{EA9482BD-0BE6-4A3B-8CBD-69B8491F998B}.Release|iPhone.Build.0 = Release|x86
		{EA9482BD-0BE6-4A3B-8CBD-69B8491F998B}.Release|iPhone.Deploy.0 = Release|x86
		{EA9482BD-0BE6-4A3B-8CBD-69B8491F998B}.Release|iPhoneSimulator.ActiveCfg = Release|x86
		{EA9482BD-0BE6-4A3B-8CBD-69B8491F998B}.Release|iPhoneSimulator.Build.0 = Release|x86
		{EA9482BD-0BE6-4A3B-8CBD-69B8491F998B}.Release|iPhoneSimulator.Deploy.0 = Release|x86
		{EA9482BD-0BE6-4A3B-8CBD-69B8491F998B}.Release|x64.ActiveCfg = Release|x64
		{EA9482BD-0BE6-4A3B-8CBD-69B8491F998B}.Release|x64.Build.0 = Release|x64
		{EA9482BD-0BE6-4A3B-8CBD-69B8491F998B}.Release|x64.Deploy.0 = Release|x64
		{EA9482BD-0BE6-4A3B-8CBD-69B8491F998B}.Release|x86.ActiveCfg = Release|x86
		{EA9482BD-0BE6-4A3B-8CBD-69B8491F998B}.Release|x86.Build.0 = Release|x86
		{EA9482BD-0BE6-4A3B-8CBD-69B8491F998B}.Release|x86.Deploy.0 = Release|x86
		{6DC6D196-A538-4356-8BC0-35F250E26818}.Ad-Hoc|Any CPU.ActiveCfg = Debug|Any CPU
		{6DC6D196-A538-4356-8BC0-35F250E26818}.Ad-Hoc|Any CPU.Build.0 = Debug|Any CPU
		{6DC6D196-A538-4356-8BC0-35F250E26818}.Ad-Hoc|Any CPU.Deploy.0 = Debug|Any CPU
		{6DC6D196-A538-4356-8BC0-35F250E26818}.Ad-Hoc|ARM.ActiveCfg = Debug|Any CPU
		{6DC6D196-A538-4356-8BC0-35F250E26818}.Ad-Hoc|ARM.Build.0 = Debug|Any CPU
		{6DC6D196-A538-4356-8BC0-35F250E26818}.Ad-Hoc|ARM.Deploy.0 = Debug|Any CPU
		{6DC6D196-A538-4356-8BC0-35F250E26818}.Ad-Hoc|iPhone.ActiveCfg = Debug|Any CPU
		{6DC6D196-A538-4356-8BC0-35F250E26818}.Ad-Hoc|iPhone.Build.0 = Debug|Any CPU
		{6DC6D196-A538-4356-8BC0-35F250E26818}.Ad-Hoc|iPhone.Deploy.0 = Debug|Any CPU
		{6DC6D196-A538-4356-8BC0-35F250E26818}.Ad-Hoc|iPhoneSimulator.ActiveCfg = Debug|Any CPU
		{6DC6D196-A538-4356-8BC0-35F250E26818}.Ad-Hoc|iPhoneSimulator.Build.0 = Debug|Any CPU
		{6DC6D196-A538-4356-8BC0-35F250E26818}.Ad-Hoc|iPhoneSimulator.Deploy.0 = Debug|Any CPU
		{6DC6D196-A538-4356-8BC0-35F250E26818}.Ad-Hoc|x64.ActiveCfg = Debug|Any CPU
		{6DC6D196-A538-4356-8BC0-35F250E26818}.Ad-Hoc|x64.Build.0 = Debug|Any CPU
		{6DC6D196-A538-4356-8BC0-35F250E26818}.Ad-Hoc|x64.Deploy.0 = Debug|Any CPU
		{6DC6D196-A538-4356-8BC0-35F250E26818}.Ad-Hoc|x86.ActiveCfg = Debug|Any CPU
		{6DC6D196-A538-4356-8BC0-35F250E26818}.Ad-Hoc|x86.Build.0 = Debug|Any CPU
		{6DC6D196-A538-4356-8BC0-35F250E26818}.Ad-Hoc|x86.Deploy.0 = Debug|Any CPU
		{6DC6D196-A538-4356-8BC0-35F250E26818}.AppStore|Any CPU.ActiveCfg = Debug|Any CPU
		{6DC6D196-A538-4356-8BC0-35F250E26818}.AppStore|Any CPU.Build.0 = Debug|Any CPU
		{6DC6D196-A538-4356-8BC0-35F250E26818}.AppStore|Any CPU.Deploy.0 = Debug|Any CPU
		{6DC6D196-A538-4356-8BC0-35F250E26818}.AppStore|ARM.ActiveCfg = Debug|Any CPU
		{6DC6D196-A538-4356-8BC0-35F250E26818}.AppStore|ARM.Build.0 = Debug|Any CPU
		{6DC6D196-A538-4356-8BC0-35F250E26818}.AppStore|ARM.Deploy.0 = Debug|Any CPU
		{6DC6D196-A538-4356-8BC0-35F250E26818}.AppStore|iPhone.ActiveCfg = Debug|Any CPU
		{6DC6D196-A538-4356-8BC0-35F250E26818}.AppStore|iPhone.Build.0 = Debug|Any CPU
		{6DC6D196-A538-4356-8BC0-35F250E26818}.AppStore|iPhone.Deploy.0 = Debug|Any CPU
		{6DC6D196-A538-4356-8BC0-35F250E26818}.AppStore|iPhoneSimulator.ActiveCfg = Debug|Any CPU
		{6DC6D196-A538-4356-8BC0-35F250E26818}.AppStore|iPhoneSimulator.Build.0 = Debug|Any CPU
		{6DC6D196-A538-4356-8BC0-35F250E26818}.AppStore|iPhoneSimulator.Deploy.0 = Debug|Any CPU
		{6DC6D196-A538-4356-8BC0-35F250E26818}.AppStore|x64.ActiveCfg = Debug|Any CPU
		{6DC6D196-A538-4356-8BC0-35F250E26818}.AppStore|x64.Build.0 = Debug|Any CPU
		{6DC6D196-A538-4356-8BC0-35F250E26818}.AppStore|x64.Deploy.0 = Debug|Any CPU
		{6DC6D196-A538-4356-8BC0-35F250E26818}.AppStore|x86.ActiveCfg = Debug|Any CPU
		{6DC6D196-A538-4356-8BC0-35F250E26818}.AppStore|x86.Build.0 = Debug|Any CPU
		{6DC6D196-A538-4356-8BC0-35F250E26818}.AppStore|x86.Deploy.0 = Debug|Any CPU
		{6DC6D196-A538-4356-8BC0-35F250E26818}.Debug|Any CPU.ActiveCfg = Debug|Any CPU
		{6DC6D196-A538-4356-8BC0-35F250E26818}.Debug|Any CPU.Build.0 = Debug|Any CPU
		{6DC6D196-A538-4356-8BC0-35F250E26818}.Debug|Any CPU.Deploy.0 = Debug|Any CPU
		{6DC6D196-A538-4356-8BC0-35F250E26818}.Debug|ARM.ActiveCfg = Debug|Any CPU
		{6DC6D196-A538-4356-8BC0-35F250E26818}.Debug|ARM.Build.0 = Debug|Any CPU
		{6DC6D196-A538-4356-8BC0-35F250E26818}.Debug|ARM.Deploy.0 = Debug|Any CPU
		{6DC6D196-A538-4356-8BC0-35F250E26818}.Debug|iPhone.ActiveCfg = Debug|Any CPU
		{6DC6D196-A538-4356-8BC0-35F250E26818}.Debug|iPhone.Build.0 = Debug|Any CPU
		{6DC6D196-A538-4356-8BC0-35F250E26818}.Debug|iPhone.Deploy.0 = Debug|Any CPU
		{6DC6D196-A538-4356-8BC0-35F250E26818}.Debug|iPhoneSimulator.ActiveCfg = Debug|Any CPU
		{6DC6D196-A538-4356-8BC0-35F250E26818}.Debug|iPhoneSimulator.Build.0 = Debug|Any CPU
		{6DC6D196-A538-4356-8BC0-35F250E26818}.Debug|iPhoneSimulator.Deploy.0 = Debug|Any CPU
		{6DC6D196-A538-4356-8BC0-35F250E26818}.Debug|x64.ActiveCfg = Debug|Any CPU
		{6DC6D196-A538-4356-8BC0-35F250E26818}.Debug|x64.Build.0 = Debug|Any CPU
		{6DC6D196-A538-4356-8BC0-35F250E26818}.Debug|x64.Deploy.0 = Debug|Any CPU
		{6DC6D196-A538-4356-8BC0-35F250E26818}.Debug|x86.ActiveCfg = Debug|Any CPU
		{6DC6D196-A538-4356-8BC0-35F250E26818}.Debug|x86.Build.0 = Debug|Any CPU
		{6DC6D196-A538-4356-8BC0-35F250E26818}.Debug|x86.Deploy.0 = Debug|Any CPU
		{6DC6D196-A538-4356-8BC0-35F250E26818}.Release|Any CPU.ActiveCfg = Release|Any CPU
		{6DC6D196-A538-4356-8BC0-35F250E26818}.Release|Any CPU.Build.0 = Release|Any CPU
		{6DC6D196-A538-4356-8BC0-35F250E26818}.Release|Any CPU.Deploy.0 = Release|Any CPU
		{6DC6D196-A538-4356-8BC0-35F250E26818}.Release|ARM.ActiveCfg = Release|Any CPU
		{6DC6D196-A538-4356-8BC0-35F250E26818}.Release|ARM.Build.0 = Release|Any CPU
		{6DC6D196-A538-4356-8BC0-35F250E26818}.Release|ARM.Deploy.0 = Release|Any CPU
		{6DC6D196-A538-4356-8BC0-35F250E26818}.Release|iPhone.ActiveCfg = Release|Any CPU
		{6DC6D196-A538-4356-8BC0-35F250E26818}.Release|iPhone.Build.0 = Release|Any CPU
		{6DC6D196-A538-4356-8BC0-35F250E26818}.Release|iPhone.Deploy.0 = Release|Any CPU
		{6DC6D196-A538-4356-8BC0-35F250E26818}.Release|iPhoneSimulator.ActiveCfg = Release|Any CPU
		{6DC6D196-A538-4356-8BC0-35F250E26818}.Release|iPhoneSimulator.Build.0 = Release|Any CPU
		{6DC6D196-A538-4356-8BC0-35F250E26818}.Release|iPhoneSimulator.Deploy.0 = Release|Any CPU
		{6DC6D196-A538-4356-8BC0-35F250E26818}.Release|x64.ActiveCfg = Release|Any CPU
		{6DC6D196-A538-4356-8BC0-35F250E26818}.Release|x64.Build.0 = Release|Any CPU
		{6DC6D196-A538-4356-8BC0-35F250E26818}.Release|x64.Deploy.0 = Release|Any CPU
		{6DC6D196-A538-4356-8BC0-35F250E26818}.Release|x86.ActiveCfg = Release|Any CPU
		{6DC6D196-A538-4356-8BC0-35F250E26818}.Release|x86.Build.0 = Release|Any CPU
		{6DC6D196-A538-4356-8BC0-35F250E26818}.Release|x86.Deploy.0 = Release|Any CPU
	EndGlobalSection
	GlobalSection(SolutionProperties) = preSolution
		HideSolutionNode = FALSE
	EndGlobalSection
	GlobalSection(ExtensibilityGlobals) = postSolution
		SolutionGuid = {355C0A4E-E7A8-4750-9A5F-044CDDABDA52}
	EndGlobalSection
EndGlobal
